
Microsoft Visual Studio Solution File, Format Version 12.00
# Visual Studio Version 17
VisualStudioVersion = 17.1.31903.286
MinimumVisualStudioVersion = 10.0.40219.1
Project("{9A19103F-16F7-4668-BE54-9A1E7A4F7556}") = "Dt.Core", "Dt.Core\Dt.Core.csproj", "{0BBFED46-7139-4DF5-B1BD-78477429B5C0}"
EndProject
Project("{9A19103F-16F7-4668-BE54-9A1E7A4F7556}") = "Dt.Base", "Dt.Base\Dt.Base.csproj", "{B15D1BB4-6E54-47ED-AF15-EF81022529C1}"
EndProject
Project("{9A19103F-16F7-4668-BE54-9A1E7A4F7556}") = "Dt.Mgr", "Dt.Mgr\Dt.Mgr.csproj", "{1C6E99C6-AB42-4E29-B762-0B0D51836FF9}"
EndProject
Project("{9A19103F-16F7-4668-BE54-9A1E7A4F7556}") = "Dt.Sample", "Dt.Sample\Dt.Sample.csproj", "{6743D44F-7674-44D0-82D9-875F9E9E97EC}"
EndProject
Project("{9A19103F-16F7-4668-BE54-9A1E7A4F7556}") = "Dt.Shell.Win", "Dt.Shell.Win\Dt.Shell.Win.csproj", "{7DF32343-5E8D-4479-8D94-E6923AB2DEF7}"
EndProject
Project("{2150E333-8FDC-42A3-9474-1A3956D46DE8}") = "App", "App", "{37F3EC93-2D4D-428F-9370-4531F838FA07}"
EndProject
Project("{9A19103F-16F7-4668-BE54-9A1E7A4F7556}") = "Dt.Shell.Droid", "Dt.Shell.Droid\Dt.Shell.Droid.csproj", "{81BAB3BA-A5C3-4186-955A-A677019EEDA7}"
EndProject
Project("{9A19103F-16F7-4668-BE54-9A1E7A4F7556}") = "Dt.Shell.IOS", "Dt.Shell.IOS\Dt.Shell.IOS.csproj", "{C0018AB8-EFFC-42F6-8C78-DB5604DAFB6B}"
EndProject
Project("{9A19103F-16F7-4668-BE54-9A1E7A4F7556}") = "Dt.Shell.Wasm", "Dt.Shell.Wasm\Dt.Shell.Wasm.csproj", "{7864735A-5B74-41BD-9490-48C3972442C6}"
EndProject
Global
	GlobalSection(SolutionConfigurationPlatforms) = preSolution
		Debug|Any CPU = Debug|Any CPU
		Debug|ARM = Debug|ARM
		Debug|ARM64 = Debug|ARM64
		Debug|iPhone = Debug|iPhone
		Debug|iPhoneSimulator = Debug|iPhoneSimulator
		Debug|x64 = Debug|x64
		Debug|x86 = Debug|x86
		Release|Any CPU = Release|Any CPU
		Release|ARM = Release|ARM
		Release|ARM64 = Release|ARM64
		Release|iPhone = Release|iPhone
		Release|iPhoneSimulator = Release|iPhoneSimulator
		Release|x64 = Release|x64
		Release|x86 = Release|x86
	EndGlobalSection
	GlobalSection(ProjectConfigurationPlatforms) = postSolution
		{0BBFED46-7139-4DF5-B1BD-78477429B5C0}.Debug|Any CPU.ActiveCfg = Debug|Any CPU
		{0BBFED46-7139-4DF5-B1BD-78477429B5C0}.Debug|Any CPU.Build.0 = Debug|Any CPU
		{0BBFED46-7139-4DF5-B1BD-78477429B5C0}.Debug|ARM.ActiveCfg = Debug|Any CPU
		{0BBFED46-7139-4DF5-B1BD-78477429B5C0}.Debug|ARM.Build.0 = Debug|Any CPU
		{0BBFED46-7139-4DF5-B1BD-78477429B5C0}.Debug|ARM64.ActiveCfg = Debug|Any CPU
		{0BBFED46-7139-4DF5-B1BD-78477429B5C0}.Debug|ARM64.Build.0 = Debug|Any CPU
		{0BBFED46-7139-4DF5-B1BD-78477429B5C0}.Debug|iPhone.ActiveCfg = Debug|Any CPU
		{0BBFED46-7139-4DF5-B1BD-78477429B5C0}.Debug|iPhone.Build.0 = Debug|Any CPU
		{0BBFED46-7139-4DF5-B1BD-78477429B5C0}.Debug|iPhoneSimulator.ActiveCfg = Debug|Any CPU
		{0BBFED46-7139-4DF5-B1BD-78477429B5C0}.Debug|iPhoneSimulator.Build.0 = Debug|Any CPU
		{0BBFED46-7139-4DF5-B1BD-78477429B5C0}.Debug|x64.ActiveCfg = Debug|Any CPU
		{0BBFED46-7139-4DF5-B1BD-78477429B5C0}.Debug|x64.Build.0 = Debug|Any CPU
		{0BBFED46-7139-4DF5-B1BD-78477429B5C0}.Debug|x86.ActiveCfg = Debug|Any CPU
		{0BBFED46-7139-4DF5-B1BD-78477429B5C0}.Debug|x86.Build.0 = Debug|Any CPU
		{0BBFED46-7139-4DF5-B1BD-78477429B5C0}.Release|Any CPU.ActiveCfg = Release|Any CPU
		{0BBFED46-7139-4DF5-B1BD-78477429B5C0}.Release|Any CPU.Build.0 = Release|Any CPU
		{0BBFED46-7139-4DF5-B1BD-78477429B5C0}.Release|ARM.ActiveCfg = Release|Any CPU
		{0BBFED46-7139-4DF5-B1BD-78477429B5C0}.Release|ARM.Build.0 = Release|Any CPU
		{0BBFED46-7139-4DF5-B1BD-78477429B5C0}.Release|ARM64.ActiveCfg = Release|Any CPU
		{0BBFED46-7139-4DF5-B1BD-78477429B5C0}.Release|ARM64.Build.0 = Release|Any CPU
		{0BBFED46-7139-4DF5-B1BD-78477429B5C0}.Release|iPhone.ActiveCfg = Release|Any CPU
		{0BBFED46-7139-4DF5-B1BD-78477429B5C0}.Release|iPhone.Build.0 = Release|Any CPU
		{0BBFED46-7139-4DF5-B1BD-78477429B5C0}.Release|iPhoneSimulator.ActiveCfg = Release|Any CPU
		{0BBFED46-7139-4DF5-B1BD-78477429B5C0}.Release|iPhoneSimulator.Build.0 = Release|Any CPU
		{0BBFED46-7139-4DF5-B1BD-78477429B5C0}.Release|x64.ActiveCfg = Release|Any CPU
		{0BBFED46-7139-4DF5-B1BD-78477429B5C0}.Release|x64.Build.0 = Release|Any CPU
		{0BBFED46-7139-4DF5-B1BD-78477429B5C0}.Release|x86.ActiveCfg = Release|Any CPU
		{0BBFED46-7139-4DF5-B1BD-78477429B5C0}.Release|x86.Build.0 = Release|Any CPU
		{B15D1BB4-6E54-47ED-AF15-EF81022529C1}.Debug|Any CPU.ActiveCfg = Debug|Any CPU
		{B15D1BB4-6E54-47ED-AF15-EF81022529C1}.Debug|Any CPU.Build.0 = Debug|Any CPU
		{B15D1BB4-6E54-47ED-AF15-EF81022529C1}.Debug|ARM.ActiveCfg = Debug|Any CPU
		{B15D1BB4-6E54-47ED-AF15-EF81022529C1}.Debug|ARM.Build.0 = Debug|Any CPU
		{B15D1BB4-6E54-47ED-AF15-EF81022529C1}.Debug|ARM64.ActiveCfg = Debug|Any CPU
		{B15D1BB4-6E54-47ED-AF15-EF81022529C1}.Debug|ARM64.Build.0 = Debug|Any CPU
		{B15D1BB4-6E54-47ED-AF15-EF81022529C1}.Debug|iPhone.ActiveCfg = Debug|Any CPU
		{B15D1BB4-6E54-47ED-AF15-EF81022529C1}.Debug|iPhone.Build.0 = Debug|Any CPU
		{B15D1BB4-6E54-47ED-AF15-EF81022529C1}.Debug|iPhoneSimulator.ActiveCfg = Debug|Any CPU
		{B15D1BB4-6E54-47ED-AF15-EF81022529C1}.Debug|iPhoneSimulator.Build.0 = Debug|Any CPU
		{B15D1BB4-6E54-47ED-AF15-EF81022529C1}.Debug|x64.ActiveCfg = Debug|Any CPU
		{B15D1BB4-6E54-47ED-AF15-EF81022529C1}.Debug|x64.Build.0 = Debug|Any CPU
		{B15D1BB4-6E54-47ED-AF15-EF81022529C1}.Debug|x86.ActiveCfg = Debug|Any CPU
		{B15D1BB4-6E54-47ED-AF15-EF81022529C1}.Debug|x86.Build.0 = Debug|Any CPU
		{B15D1BB4-6E54-47ED-AF15-EF81022529C1}.Release|Any CPU.ActiveCfg = Release|Any CPU
		{B15D1BB4-6E54-47ED-AF15-EF81022529C1}.Release|Any CPU.Build.0 = Release|Any CPU
		{B15D1BB4-6E54-47ED-AF15-EF81022529C1}.Release|ARM.ActiveCfg = Release|Any CPU
		{B15D1BB4-6E54-47ED-AF15-EF81022529C1}.Release|ARM.Build.0 = Release|Any CPU
		{B15D1BB4-6E54-47ED-AF15-EF81022529C1}.Release|ARM64.ActiveCfg = Release|Any CPU
		{B15D1BB4-6E54-47ED-AF15-EF81022529C1}.Release|ARM64.Build.0 = Release|Any CPU
		{B15D1BB4-6E54-47ED-AF15-EF81022529C1}.Release|iPhone.ActiveCfg = Release|Any CPU
		{B15D1BB4-6E54-47ED-AF15-EF81022529C1}.Release|iPhone.Build.0 = Release|Any CPU
		{B15D1BB4-6E54-47ED-AF15-EF81022529C1}.Release|iPhoneSimulator.ActiveCfg = Release|Any CPU
		{B15D1BB4-6E54-47ED-AF15-EF81022529C1}.Release|iPhoneSimulator.Build.0 = Release|Any CPU
		{B15D1BB4-6E54-47ED-AF15-EF81022529C1}.Release|x64.ActiveCfg = Release|Any CPU
		{B15D1BB4-6E54-47ED-AF15-EF81022529C1}.Release|x64.Build.0 = Release|Any CPU
		{B15D1BB4-6E54-47ED-AF15-EF81022529C1}.Release|x86.ActiveCfg = Release|Any CPU
		{B15D1BB4-6E54-47ED-AF15-EF81022529C1}.Release|x86.Build.0 = Release|Any CPU
		{1C6E99C6-AB42-4E29-B762-0B0D51836FF9}.Debug|Any CPU.ActiveCfg = Debug|Any CPU
		{1C6E99C6-AB42-4E29-B762-0B0D51836FF9}.Debug|Any CPU.Build.0 = Debug|Any CPU
		{1C6E99C6-AB42-4E29-B762-0B0D51836FF9}.Debug|ARM.ActiveCfg = Debug|Any CPU
		{1C6E99C6-AB42-4E29-B762-0B0D51836FF9}.Debug|ARM.Build.0 = Debug|Any CPU
		{1C6E99C6-AB42-4E29-B762-0B0D51836FF9}.Debug|ARM64.ActiveCfg = Debug|Any CPU
		{1C6E99C6-AB42-4E29-B762-0B0D51836FF9}.Debug|ARM64.Build.0 = Debug|Any CPU
		{1C6E99C6-AB42-4E29-B762-0B0D51836FF9}.Debug|iPhone.ActiveCfg = Debug|Any CPU
		{1C6E99C6-AB42-4E29-B762-0B0D51836FF9}.Debug|iPhone.Build.0 = Debug|Any CPU
		{1C6E99C6-AB42-4E29-B762-0B0D51836FF9}.Debug|iPhoneSimulator.ActiveCfg = Debug|Any CPU
		{1C6E99C6-AB42-4E29-B762-0B0D51836FF9}.Debug|iPhoneSimulator.Build.0 = Debug|Any CPU
		{1C6E99C6-AB42-4E29-B762-0B0D51836FF9}.Debug|x64.ActiveCfg = Debug|Any CPU
		{1C6E99C6-AB42-4E29-B762-0B0D51836FF9}.Debug|x64.Build.0 = Debug|Any CPU
		{1C6E99C6-AB42-4E29-B762-0B0D51836FF9}.Debug|x86.ActiveCfg = Debug|Any CPU
		{1C6E99C6-AB42-4E29-B762-0B0D51836FF9}.Debug|x86.Build.0 = Debug|Any CPU
		{1C6E99C6-AB42-4E29-B762-0B0D51836FF9}.Release|Any CPU.ActiveCfg = Release|Any CPU
		{1C6E99C6-AB42-4E29-B762-0B0D51836FF9}.Release|Any CPU.Build.0 = Release|Any CPU
		{1C6E99C6-AB42-4E29-B762-0B0D51836FF9}.Release|ARM.ActiveCfg = Release|Any CPU
		{1C6E99C6-AB42-4E29-B762-0B0D51836FF9}.Release|ARM.Build.0 = Release|Any CPU
		{1C6E99C6-AB42-4E29-B762-0B0D51836FF9}.Release|ARM64.ActiveCfg = Release|Any CPU
		{1C6E99C6-AB42-4E29-B762-0B0D51836FF9}.Release|ARM64.Build.0 = Release|Any CPU
		{1C6E99C6-AB42-4E29-B762-0B0D51836FF9}.Release|iPhone.ActiveCfg = Release|Any CPU
		{1C6E99C6-AB42-4E29-B762-0B0D51836FF9}.Release|iPhone.Build.0 = Release|Any CPU
		{1C6E99C6-AB42-4E29-B762-0B0D51836FF9}.Release|iPhoneSimulator.ActiveCfg = Release|Any CPU
		{1C6E99C6-AB42-4E29-B762-0B0D51836FF9}.Release|iPhoneSimulator.Build.0 = Release|Any CPU
		{1C6E99C6-AB42-4E29-B762-0B0D51836FF9}.Release|x64.ActiveCfg = Release|x64
		{1C6E99C6-AB42-4E29-B762-0B0D51836FF9}.Release|x64.Build.0 = Release|x64
		{1C6E99C6-AB42-4E29-B762-0B0D51836FF9}.Release|x86.ActiveCfg = Release|x86
		{1C6E99C6-AB42-4E29-B762-0B0D51836FF9}.Release|x86.Build.0 = Release|x86
		{6743D44F-7674-44D0-82D9-875F9E9E97EC}.Debug|Any CPU.ActiveCfg = Debug|Any CPU
		{6743D44F-7674-44D0-82D9-875F9E9E97EC}.Debug|Any CPU.Build.0 = Debug|Any CPU
		{6743D44F-7674-44D0-82D9-875F9E9E97EC}.Debug|ARM.ActiveCfg = Debug|Any CPU
		{6743D44F-7674-44D0-82D9-875F9E9E97EC}.Debug|ARM.Build.0 = Debug|Any CPU
		{6743D44F-7674-44D0-82D9-875F9E9E97EC}.Debug|ARM64.ActiveCfg = Debug|Any CPU
		{6743D44F-7674-44D0-82D9-875F9E9E97EC}.Debug|ARM64.Build.0 = Debug|Any CPU
		{6743D44F-7674-44D0-82D9-875F9E9E97EC}.Debug|iPhone.ActiveCfg = Debug|Any CPU
		{6743D44F-7674-44D0-82D9-875F9E9E97EC}.Debug|iPhone.Build.0 = Debug|Any CPU
		{6743D44F-7674-44D0-82D9-875F9E9E97EC}.Debug|iPhoneSimulator.ActiveCfg = Debug|Any CPU
		{6743D44F-7674-44D0-82D9-875F9E9E97EC}.Debug|iPhoneSimulator.Build.0 = Debug|Any CPU
		{6743D44F-7674-44D0-82D9-875F9E9E97EC}.Debug|x64.ActiveCfg = Debug|Any CPU
		{6743D44F-7674-44D0-82D9-875F9E9E97EC}.Debug|x64.Build.0 = Debug|Any CPU
		{6743D44F-7674-44D0-82D9-875F9E9E97EC}.Debug|x86.ActiveCfg = Debug|Any CPU
		{6743D44F-7674-44D0-82D9-875F9E9E97EC}.Debug|x86.Build.0 = Debug|Any CPU
		{6743D44F-7674-44D0-82D9-875F9E9E97EC}.Release|Any CPU.ActiveCfg = Release|Any CPU
		{6743D44F-7674-44D0-82D9-875F9E9E97EC}.Release|Any CPU.Build.0 = Release|Any CPU
		{6743D44F-7674-44D0-82D9-875F9E9E97EC}.Release|ARM.ActiveCfg = Release|Any CPU
		{6743D44F-7674-44D0-82D9-875F9E9E97EC}.Release|ARM.Build.0 = Release|Any CPU
		{6743D44F-7674-44D0-82D9-875F9E9E97EC}.Release|ARM64.ActiveCfg = Release|Any CPU
		{6743D44F-7674-44D0-82D9-875F9E9E97EC}.Release|ARM64.Build.0 = Release|Any CPU
		{6743D44F-7674-44D0-82D9-875F9E9E97EC}.Release|iPhone.ActiveCfg = Release|Any CPU
		{6743D44F-7674-44D0-82D9-875F9E9E97EC}.Release|iPhone.Build.0 = Release|Any CPU
		{6743D44F-7674-44D0-82D9-875F9E9E97EC}.Release|iPhoneSimulator.ActiveCfg = Release|Any CPU
		{6743D44F-7674-44D0-82D9-875F9E9E97EC}.Release|iPhoneSimulator.Build.0 = Release|Any CPU
		{6743D44F-7674-44D0-82D9-875F9E9E97EC}.Release|x64.ActiveCfg = Release|x64
		{6743D44F-7674-44D0-82D9-875F9E9E97EC}.Release|x64.Build.0 = Release|x64
		{6743D44F-7674-44D0-82D9-875F9E9E97EC}.Release|x86.ActiveCfg = Release|x86
		{6743D44F-7674-44D0-82D9-875F9E9E97EC}.Release|x86.Build.0 = Release|x86
		{7DF32343-5E8D-4479-8D94-E6923AB2DEF7}.Debug|Any CPU.ActiveCfg = Debug|x86
		{7DF32343-5E8D-4479-8D94-E6923AB2DEF7}.Debug|Any CPU.Build.0 = Debug|x86
		{7DF32343-5E8D-4479-8D94-E6923AB2DEF7}.Debug|Any CPU.Deploy.0 = Debug|x86
		{7DF32343-5E8D-4479-8D94-E6923AB2DEF7}.Debug|ARM.ActiveCfg = Debug|Any CPU
		{7DF32343-5E8D-4479-8D94-E6923AB2DEF7}.Debug|ARM.Build.0 = Debug|Any CPU
		{7DF32343-5E8D-4479-8D94-E6923AB2DEF7}.Debug|ARM64.ActiveCfg = Debug|Any CPU
		{7DF32343-5E8D-4479-8D94-E6923AB2DEF7}.Debug|ARM64.Build.0 = Debug|Any CPU
		{7DF32343-5E8D-4479-8D94-E6923AB2DEF7}.Debug|iPhone.ActiveCfg = Debug|Any CPU
		{7DF32343-5E8D-4479-8D94-E6923AB2DEF7}.Debug|iPhone.Build.0 = Debug|Any CPU
		{7DF32343-5E8D-4479-8D94-E6923AB2DEF7}.Debug|iPhoneSimulator.ActiveCfg = Debug|x86
		{7DF32343-5E8D-4479-8D94-E6923AB2DEF7}.Debug|iPhoneSimulator.Build.0 = Debug|x86
		{7DF32343-5E8D-4479-8D94-E6923AB2DEF7}.Debug|iPhoneSimulator.Deploy.0 = Debug|x86
		{7DF32343-5E8D-4479-8D94-E6923AB2DEF7}.Debug|x64.ActiveCfg = Debug|x64
		{7DF32343-5E8D-4479-8D94-E6923AB2DEF7}.Debug|x64.Build.0 = Debug|x64
		{7DF32343-5E8D-4479-8D94-E6923AB2DEF7}.Debug|x64.Deploy.0 = Debug|x64
		{7DF32343-5E8D-4479-8D94-E6923AB2DEF7}.Debug|x86.ActiveCfg = Debug|x86
		{7DF32343-5E8D-4479-8D94-E6923AB2DEF7}.Debug|x86.Build.0 = Debug|x86
		{7DF32343-5E8D-4479-8D94-E6923AB2DEF7}.Debug|x86.Deploy.0 = Debug|x86
		{7DF32343-5E8D-4479-8D94-E6923AB2DEF7}.Release|Any CPU.ActiveCfg = Release|Any CPU
		{7DF32343-5E8D-4479-8D94-E6923AB2DEF7}.Release|Any CPU.Build.0 = Release|Any CPU
		{7DF32343-5E8D-4479-8D94-E6923AB2DEF7}.Release|ARM.ActiveCfg = Release|Any CPU
		{7DF32343-5E8D-4479-8D94-E6923AB2DEF7}.Release|ARM.Build.0 = Release|Any CPU
		{7DF32343-5E8D-4479-8D94-E6923AB2DEF7}.Release|ARM64.ActiveCfg = Release|Any CPU
		{7DF32343-5E8D-4479-8D94-E6923AB2DEF7}.Release|ARM64.Build.0 = Release|Any CPU
		{7DF32343-5E8D-4479-8D94-E6923AB2DEF7}.Release|iPhone.ActiveCfg = Release|Any CPU
		{7DF32343-5E8D-4479-8D94-E6923AB2DEF7}.Release|iPhone.Build.0 = Release|Any CPU
		{7DF32343-5E8D-4479-8D94-E6923AB2DEF7}.Release|iPhoneSimulator.ActiveCfg = Release|Any CPU
		{7DF32343-5E8D-4479-8D94-E6923AB2DEF7}.Release|iPhoneSimulator.Build.0 = Release|Any CPU
		{7DF32343-5E8D-4479-8D94-E6923AB2DEF7}.Release|x64.ActiveCfg = Release|x64
		{7DF32343-5E8D-4479-8D94-E6923AB2DEF7}.Release|x64.Build.0 = Release|x64
		{7DF32343-5E8D-4479-8D94-E6923AB2DEF7}.Release|x86.ActiveCfg = Release|x86
		{7DF32343-5E8D-4479-8D94-E6923AB2DEF7}.Release|x86.Build.0 = Release|x86
		{81BAB3BA-A5C3-4186-955A-A677019EEDA7}.Debug|Any CPU.ActiveCfg = Debug|Any CPU
		{81BAB3BA-A5C3-4186-955A-A677019EEDA7}.Debug|Any CPU.Build.0 = Debug|Any CPU
		{81BAB3BA-A5C3-4186-955A-A677019EEDA7}.Debug|Any CPU.Deploy.0 = Debug|Any CPU
		{81BAB3BA-A5C3-4186-955A-A677019EEDA7}.Debug|ARM.ActiveCfg = Debug|Any CPU
		{81BAB3BA-A5C3-4186-955A-A677019EEDA7}.Debug|ARM.Build.0 = Debug|Any CPU
		{81BAB3BA-A5C3-4186-955A-A677019EEDA7}.Debug|ARM64.ActiveCfg = Debug|Any CPU
		{81BAB3BA-A5C3-4186-955A-A677019EEDA7}.Debug|ARM64.Build.0 = Debug|Any CPU
		{81BAB3BA-A5C3-4186-955A-A677019EEDA7}.Debug|iPhone.ActiveCfg = Debug|Any CPU
		{81BAB3BA-A5C3-4186-955A-A677019EEDA7}.Debug|iPhone.Build.0 = Debug|Any CPU
		{81BAB3BA-A5C3-4186-955A-A677019EEDA7}.Debug|iPhoneSimulator.ActiveCfg = Debug|Any CPU
		{81BAB3BA-A5C3-4186-955A-A677019EEDA7}.Debug|iPhoneSimulator.Build.0 = Debug|Any CPU
		{81BAB3BA-A5C3-4186-955A-A677019EEDA7}.Debug|iPhoneSimulator.Deploy.0 = Debug|Any CPU
		{81BAB3BA-A5C3-4186-955A-A677019EEDA7}.Debug|x64.ActiveCfg = Debug|Any CPU
		{81BAB3BA-A5C3-4186-955A-A677019EEDA7}.Debug|x64.Build.0 = Debug|Any CPU
		{81BAB3BA-A5C3-4186-955A-A677019EEDA7}.Debug|x64.Deploy.0 = Debug|Any CPU
		{81BAB3BA-A5C3-4186-955A-A677019EEDA7}.Debug|x86.ActiveCfg = Debug|Any CPU
		{81BAB3BA-A5C3-4186-955A-A677019EEDA7}.Debug|x86.Build.0 = Debug|Any CPU
		{81BAB3BA-A5C3-4186-955A-A677019EEDA7}.Debug|x86.Deploy.0 = Debug|Any CPU
		{81BAB3BA-A5C3-4186-955A-A677019EEDA7}.Release|Any CPU.ActiveCfg = Release|Any CPU
		{81BAB3BA-A5C3-4186-955A-A677019EEDA7}.Release|Any CPU.Build.0 = Release|Any CPU
		{81BAB3BA-A5C3-4186-955A-A677019EEDA7}.Release|Any CPU.Deploy.0 = Release|Any CPU
		{81BAB3BA-A5C3-4186-955A-A677019EEDA7}.Release|ARM.ActiveCfg = Release|Any CPU
		{81BAB3BA-A5C3-4186-955A-A677019EEDA7}.Release|ARM.Build.0 = Release|Any CPU
		{81BAB3BA-A5C3-4186-955A-A677019EEDA7}.Release|ARM64.ActiveCfg = Release|Any CPU
		{81BAB3BA-A5C3-4186-955A-A677019EEDA7}.Release|ARM64.Build.0 = Release|Any CPU
		{81BAB3BA-A5C3-4186-955A-A677019EEDA7}.Release|iPhone.ActiveCfg = Release|Any CPU
		{81BAB3BA-A5C3-4186-955A-A677019EEDA7}.Release|iPhone.Build.0 = Release|Any CPU
		{81BAB3BA-A5C3-4186-955A-A677019EEDA7}.Release|iPhoneSimulator.ActiveCfg = Release|Any CPU
		{81BAB3BA-A5C3-4186-955A-A677019EEDA7}.Release|iPhoneSimulator.Build.0 = Release|Any CPU
		{81BAB3BA-A5C3-4186-955A-A677019EEDA7}.Release|x64.ActiveCfg = Release|Any CPU
		{81BAB3BA-A5C3-4186-955A-A677019EEDA7}.Release|x64.Build.0 = Release|Any CPU
		{81BAB3BA-A5C3-4186-955A-A677019EEDA7}.Release|x64.Deploy.0 = Release|Any CPU
		{81BAB3BA-A5C3-4186-955A-A677019EEDA7}.Release|x86.ActiveCfg = Release|Any CPU
		{81BAB3BA-A5C3-4186-955A-A677019EEDA7}.Release|x86.Build.0 = Release|Any CPU
		{81BAB3BA-A5C3-4186-955A-A677019EEDA7}.Release|x86.Deploy.0 = Release|Any CPU
		{C0018AB8-EFFC-42F6-8C78-DB5604DAFB6B}.Debug|Any CPU.ActiveCfg = Debug|Any CPU
		{C0018AB8-EFFC-42F6-8C78-DB5604DAFB6B}.Debug|Any CPU.Build.0 = Debug|Any CPU
		{C0018AB8-EFFC-42F6-8C78-DB5604DAFB6B}.Debug|Any CPU.Deploy.0 = Debug|Any CPU
		{C0018AB8-EFFC-42F6-8C78-DB5604DAFB6B}.Debug|ARM.ActiveCfg = Debug|Any CPU
		{C0018AB8-EFFC-42F6-8C78-DB5604DAFB6B}.Debug|ARM.Build.0 = Debug|Any CPU
		{C0018AB8-EFFC-42F6-8C78-DB5604DAFB6B}.Debug|ARM.Deploy.0 = Debug|Any CPU
		{C0018AB8-EFFC-42F6-8C78-DB5604DAFB6B}.Debug|ARM64.ActiveCfg = Debug|Any CPU
		{C0018AB8-EFFC-42F6-8C78-DB5604DAFB6B}.Debug|ARM64.Build.0 = Debug|Any CPU
		{C0018AB8-EFFC-42F6-8C78-DB5604DAFB6B}.Debug|ARM64.Deploy.0 = Debug|Any CPU
		{C0018AB8-EFFC-42F6-8C78-DB5604DAFB6B}.Debug|iPhone.ActiveCfg = Debug|Any CPU
		{C0018AB8-EFFC-42F6-8C78-DB5604DAFB6B}.Debug|iPhone.Build.0 = Debug|Any CPU
		{C0018AB8-EFFC-42F6-8C78-DB5604DAFB6B}.Debug|iPhone.Deploy.0 = Debug|Any CPU
		{C0018AB8-EFFC-42F6-8C78-DB5604DAFB6B}.Debug|iPhoneSimulator.ActiveCfg = Debug|Any CPU
		{C0018AB8-EFFC-42F6-8C78-DB5604DAFB6B}.Debug|iPhoneSimulator.Build.0 = Debug|Any CPU
		{C0018AB8-EFFC-42F6-8C78-DB5604DAFB6B}.Debug|iPhoneSimulator.Deploy.0 = Debug|Any CPU
		{C0018AB8-EFFC-42F6-8C78-DB5604DAFB6B}.Debug|x64.ActiveCfg = Debug|Any CPU
		{C0018AB8-EFFC-42F6-8C78-DB5604DAFB6B}.Debug|x64.Build.0 = Debug|Any CPU
		{C0018AB8-EFFC-42F6-8C78-DB5604DAFB6B}.Debug|x64.Deploy.0 = Debug|Any CPU
		{C0018AB8-EFFC-42F6-8C78-DB5604DAFB6B}.Debug|x86.ActiveCfg = Debug|Any CPU
		{C0018AB8-EFFC-42F6-8C78-DB5604DAFB6B}.Debug|x86.Build.0 = Debug|Any CPU
		{C0018AB8-EFFC-42F6-8C78-DB5604DAFB6B}.Debug|x86.Deploy.0 = Debug|Any CPU
		{C0018AB8-EFFC-42F6-8C78-DB5604DAFB6B}.Release|Any CPU.ActiveCfg = Release|Any CPU
		{C0018AB8-EFFC-42F6-8C78-DB5604DAFB6B}.Release|Any CPU.Build.0 = Release|Any CPU
		{C0018AB8-EFFC-42F6-8C78-DB5604DAFB6B}.Release|Any CPU.Deploy.0 = Release|Any CPU
		{C0018AB8-EFFC-42F6-8C78-DB5604DAFB6B}.Release|ARM.ActiveCfg = Release|Any CPU
		{C0018AB8-EFFC-42F6-8C78-DB5604DAFB6B}.Release|ARM.Build.0 = Release|Any CPU
		{C0018AB8-EFFC-42F6-8C78-DB5604DAFB6B}.Release|ARM.Deploy.0 = Release|Any CPU
		{C0018AB8-EFFC-42F6-8C78-DB5604DAFB6B}.Release|ARM64.ActiveCfg = Release|Any CPU
		{C0018AB8-EFFC-42F6-8C78-DB5604DAFB6B}.Release|ARM64.Build.0 = Release|Any CPU
		{C0018AB8-EFFC-42F6-8C78-DB5604DAFB6B}.Release|ARM64.Deploy.0 = Release|Any CPU
		{C0018AB8-EFFC-42F6-8C78-DB5604DAFB6B}.Release|iPhone.ActiveCfg = Release|Any CPU
		{C0018AB8-EFFC-42F6-8C78-DB5604DAFB6B}.Release|iPhone.Build.0 = Release|Any CPU
		{C0018AB8-EFFC-42F6-8C78-DB5604DAFB6B}.Release|iPhone.Deploy.0 = Release|Any CPU
		{C0018AB8-EFFC-42F6-8C78-DB5604DAFB6B}.Release|iPhoneSimulator.ActiveCfg = Release|Any CPU
		{C0018AB8-EFFC-42F6-8C78-DB5604DAFB6B}.Release|iPhoneSimulator.Build.0 = Release|Any CPU
		{C0018AB8-EFFC-42F6-8C78-DB5604DAFB6B}.Release|iPhoneSimulator.Deploy.0 = Release|Any CPU
		{C0018AB8-EFFC-42F6-8C78-DB5604DAFB6B}.Release|x64.ActiveCfg = Release|Any CPU
		{C0018AB8-EFFC-42F6-8C78-DB5604DAFB6B}.Release|x64.Build.0 = Release|Any CPU
		{C0018AB8-EFFC-42F6-8C78-DB5604DAFB6B}.Release|x64.Deploy.0 = Release|Any CPU
		{C0018AB8-EFFC-42F6-8C78-DB5604DAFB6B}.Release|x86.ActiveCfg = Release|Any CPU
		{C0018AB8-EFFC-42F6-8C78-DB5604DAFB6B}.Release|x86.Build.0 = Release|Any CPU
		{C0018AB8-EFFC-42F6-8C78-DB5604DAFB6B}.Release|x86.Deploy.0 = Release|Any CPU
		{7864735A-5B74-41BD-9490-48C3972442C6}.Debug|Any CPU.ActiveCfg = Debug|Any CPU
		{7864735A-5B74-41BD-9490-48C3972442C6}.Debug|Any CPU.Build.0 = Debug|Any CPU
		{7864735A-5B74-41BD-9490-48C3972442C6}.Debug|ARM.ActiveCfg = Debug|Any CPU
		{7864735A-5B74-41BD-9490-48C3972442C6}.Debug|ARM.Build.0 = Debug|Any CPU
		{7864735A-5B74-41BD-9490-48C3972442C6}.Debug|ARM64.ActiveCfg = Debug|Any CPU
		{7864735A-5B74-41BD-9490-48C3972442C6}.Debug|ARM64.Build.0 = Debug|Any CPU
		{7864735A-5B74-41BD-9490-48C3972442C6}.Debug|iPhone.ActiveCfg = Debug|Any CPU
		{7864735A-5B74-41BD-9490-48C3972442C6}.Debug|iPhone.Build.0 = Debug|Any CPU
		{7864735A-5B74-41BD-9490-48C3972442C6}.Debug|iPhoneSimulator.ActiveCfg = Debug|Any CPU
		{7864735A-5B74-41BD-9490-48C3972442C6}.Debug|iPhoneSimulator.Build.0 = Debug|Any CPU
		{7864735A-5B74-41BD-9490-48C3972442C6}.Debug|x64.ActiveCfg = Debug|Any CPU
		{7864735A-5B74-41BD-9490-48C3972442C6}.Debug|x64.Build.0 = Debug|Any CPU
		{7864735A-5B74-41BD-9490-48C3972442C6}.Debug|x86.ActiveCfg = Debug|Any CPU
		{7864735A-5B74-41BD-9490-48C3972442C6}.Debug|x86.Build.0 = Debug|Any CPU
		{7864735A-5B74-41BD-9490-48C3972442C6}.Release|Any CPU.ActiveCfg = Release|Any CPU
		{7864735A-5B74-41BD-9490-48C3972442C6}.Release|Any CPU.Build.0 = Release|Any CPU
		{7864735A-5B74-41BD-9490-48C3972442C6}.Release|ARM.ActiveCfg = Release|Any CPU
		{7864735A-5B74-41BD-9490-48C3972442C6}.Release|ARM.Build.0 = Release|Any CPU
		{7864735A-5B74-41BD-9490-48C3972442C6}.Release|ARM64.ActiveCfg = Release|Any CPU
		{7864735A-5B74-41BD-9490-48C3972442C6}.Release|ARM64.Build.0 = Release|Any CPU
		{7864735A-5B74-41BD-9490-48C3972442C6}.Release|iPhone.ActiveCfg = Release|Any CPU
		{7864735A-5B74-41BD-9490-48C3972442C6}.Release|iPhone.Build.0 = Release|Any CPU
		{7864735A-5B74-41BD-9490-48C3972442C6}.Release|iPhoneSimulator.ActiveCfg = Release|Any CPU
		{7864735A-5B74-41BD-9490-48C3972442C6}.Release|iPhoneSimulator.Build.0 = Release|Any CPU
		{7864735A-5B74-41BD-9490-48C3972442C6}.Release|x64.ActiveCfg = Release|Any CPU
		{7864735A-5B74-41BD-9490-48C3972442C6}.Release|x64.Build.0 = Release|Any CPU
		{7864735A-5B74-41BD-9490-48C3972442C6}.Release|x86.ActiveCfg = Release|Any CPU
		{7864735A-5B74-41BD-9490-48C3972442C6}.Release|x86.Build.0 = Release|Any CPU
	EndGlobalSection
	GlobalSection(SolutionProperties) = preSolution
		HideSolutionNode = FALSE
	EndGlobalSection
	GlobalSection(NestedProjects) = preSolution
		{7DF32343-5E8D-4479-8D94-E6923AB2DEF7} = {37F3EC93-2D4D-428F-9370-4531F838FA07}
		{81BAB3BA-A5C3-4186-955A-A677019EEDA7} = {37F3EC93-2D4D-428F-9370-4531F838FA07}
		{C0018AB8-EFFC-42F6-8C78-DB5604DAFB6B} = {37F3EC93-2D4D-428F-9370-4531F838FA07}
		{7864735A-5B74-41BD-9490-48C3972442C6} = {37F3EC93-2D4D-428F-9370-4531F838FA07}
	EndGlobalSection
	GlobalSection(ExtensibilityGlobals) = postSolution
		SolutionGuid = {C04DB72E-BE48-4EB7-97CF-37FB3B053E6E}
	EndGlobalSection
EndGlobal
