
Microsoft Visual Studio Solution File, Format Version 12.00
# Visual Studio Version 17
VisualStudioVersion = 17.1.31911.260
MinimumVisualStudioVersion = 10.0.40219.1
Project("{9A19103F-16F7-4668-BE54-9A1E7A4F7556}") = "Dt.Core", "Dt.Core\Dt.Core.csproj", "{EFED55B7-3880-4F52-BE25-F09783100E54}"
EndProject
Project("{9A19103F-16F7-4668-BE54-9A1E7A4F7556}") = "Dt.Base", "Dt.Base\Dt.Base.csproj", "{07579CEC-F903-455F-8530-A03473F8E2B3}"
EndProject
Project("{9A19103F-16F7-4668-BE54-9A1E7A4F7556}") = "Dt.App", "Dt.App\Dt.App.csproj", "{A05B6B07-FB56-4F7A-980B-15919EAE56AA}"
EndProject
Project("{9A19103F-16F7-4668-BE54-9A1E7A4F7556}") = "Dt.Sample", "Dt.Sample\Dt.Sample.csproj", "{DF4FC898-698C-4D3E-B470-B9238E905B5D}"
EndProject
Project("{9A19103F-16F7-4668-BE54-9A1E7A4F7556}") = "Dt.Shell.Win", "Dt.Shell.Win\Dt.Shell.Win.csproj", "{F171488D-D2E8-49E4-82BF-9ABF006EB278}"
EndProject
Project("{2150E333-8FDC-42A3-9474-1A3956D46DE8}") = "Agent", "Agent", "{4F359A0C-DEB8-4617-9F96-FCDE72E153AB}"
EndProject
Project("{9A19103F-16F7-4668-BE54-9A1E7A4F7556}") = "Dt.Cm.Agent", "..\Service\src\Dt.Cm.Agent\Dt.Cm.Agent.csproj", "{04C30EF5-2C13-4C28-A7B9-9445AAE3027D}"
EndProject
Project("{9A19103F-16F7-4668-BE54-9A1E7A4F7556}") = "Dt.Fsm.Agent", "..\Service\src\Dt.Fsm.Agent\Dt.Fsm.Agent.csproj", "{F32DCA83-FAB7-410A-ABD7-126D4CB090A8}"
EndProject
Project("{9A19103F-16F7-4668-BE54-9A1E7A4F7556}") = "Dt.Msg.Agent", "..\Service\src\Dt.Msg.Agent\Dt.Msg.Agent.csproj", "{4A10A0EF-738C-4AC4-B91F-EE7A2E6492D8}"
EndProject
Global
	GlobalSection(SolutionConfigurationPlatforms) = preSolution
		Debug|Any CPU = Debug|Any CPU
		Debug|x64 = Debug|x64
		Debug|x86 = Debug|x86
		Release|Any CPU = Release|Any CPU
		Release|x64 = Release|x64
		Release|x86 = Release|x86
	EndGlobalSection
	GlobalSection(ProjectConfigurationPlatforms) = postSolution
		{EFED55B7-3880-4F52-BE25-F09783100E54}.Debug|Any CPU.ActiveCfg = Debug|Any CPU
		{EFED55B7-3880-4F52-BE25-F09783100E54}.Debug|Any CPU.Build.0 = Debug|Any CPU
		{EFED55B7-3880-4F52-BE25-F09783100E54}.Debug|x64.ActiveCfg = Debug|Any CPU
		{EFED55B7-3880-4F52-BE25-F09783100E54}.Debug|x64.Build.0 = Debug|Any CPU
		{EFED55B7-3880-4F52-BE25-F09783100E54}.Debug|x86.ActiveCfg = Debug|Any CPU
		{EFED55B7-3880-4F52-BE25-F09783100E54}.Debug|x86.Build.0 = Debug|Any CPU
		{EFED55B7-3880-4F52-BE25-F09783100E54}.Release|Any CPU.ActiveCfg = Release|Any CPU
		{EFED55B7-3880-4F52-BE25-F09783100E54}.Release|Any CPU.Build.0 = Release|Any CPU
		{EFED55B7-3880-4F52-BE25-F09783100E54}.Release|x64.ActiveCfg = Release|Any CPU
		{EFED55B7-3880-4F52-BE25-F09783100E54}.Release|x64.Build.0 = Release|Any CPU
		{EFED55B7-3880-4F52-BE25-F09783100E54}.Release|x86.ActiveCfg = Release|Any CPU
		{EFED55B7-3880-4F52-BE25-F09783100E54}.Release|x86.Build.0 = Release|Any CPU
		{07579CEC-F903-455F-8530-A03473F8E2B3}.Debug|Any CPU.ActiveCfg = Debug|Any CPU
		{07579CEC-F903-455F-8530-A03473F8E2B3}.Debug|Any CPU.Build.0 = Debug|Any CPU
		{07579CEC-F903-455F-8530-A03473F8E2B3}.Debug|x64.ActiveCfg = Debug|Any CPU
		{07579CEC-F903-455F-8530-A03473F8E2B3}.Debug|x64.Build.0 = Debug|Any CPU
		{07579CEC-F903-455F-8530-A03473F8E2B3}.Debug|x86.ActiveCfg = Debug|Any CPU
		{07579CEC-F903-455F-8530-A03473F8E2B3}.Debug|x86.Build.0 = Debug|Any CPU
		{07579CEC-F903-455F-8530-A03473F8E2B3}.Release|Any CPU.ActiveCfg = Release|Any CPU
		{07579CEC-F903-455F-8530-A03473F8E2B3}.Release|Any CPU.Build.0 = Release|Any CPU
		{07579CEC-F903-455F-8530-A03473F8E2B3}.Release|x64.ActiveCfg = Release|Any CPU
		{07579CEC-F903-455F-8530-A03473F8E2B3}.Release|x64.Build.0 = Release|Any CPU
		{07579CEC-F903-455F-8530-A03473F8E2B3}.Release|x86.ActiveCfg = Release|Any CPU
		{07579CEC-F903-455F-8530-A03473F8E2B3}.Release|x86.Build.0 = Release|Any CPU
		{A05B6B07-FB56-4F7A-980B-15919EAE56AA}.Debug|Any CPU.ActiveCfg = Debug|Any CPU
		{A05B6B07-FB56-4F7A-980B-15919EAE56AA}.Debug|Any CPU.Build.0 = Debug|Any CPU
		{A05B6B07-FB56-4F7A-980B-15919EAE56AA}.Debug|x64.ActiveCfg = Debug|Any CPU
		{A05B6B07-FB56-4F7A-980B-15919EAE56AA}.Debug|x64.Build.0 = Debug|Any CPU
		{A05B6B07-FB56-4F7A-980B-15919EAE56AA}.Debug|x86.ActiveCfg = Debug|Any CPU
		{A05B6B07-FB56-4F7A-980B-15919EAE56AA}.Debug|x86.Build.0 = Debug|Any CPU
		{A05B6B07-FB56-4F7A-980B-15919EAE56AA}.Release|Any CPU.ActiveCfg = Release|Any CPU
		{A05B6B07-FB56-4F7A-980B-15919EAE56AA}.Release|Any CPU.Build.0 = Release|Any CPU
		{A05B6B07-FB56-4F7A-980B-15919EAE56AA}.Release|x64.ActiveCfg = Release|Any CPU
		{A05B6B07-FB56-4F7A-980B-15919EAE56AA}.Release|x64.Build.0 = Release|Any CPU
		{A05B6B07-FB56-4F7A-980B-15919EAE56AA}.Release|x86.ActiveCfg = Release|Any CPU
		{A05B6B07-FB56-4F7A-980B-15919EAE56AA}.Release|x86.Build.0 = Release|Any CPU
		{DF4FC898-698C-4D3E-B470-B9238E905B5D}.Debug|Any CPU.ActiveCfg = Debug|Any CPU
		{DF4FC898-698C-4D3E-B470-B9238E905B5D}.Debug|Any CPU.Build.0 = Debug|Any CPU
		{DF4FC898-698C-4D3E-B470-B9238E905B5D}.Debug|x64.ActiveCfg = Debug|Any CPU
		{DF4FC898-698C-4D3E-B470-B9238E905B5D}.Debug|x64.Build.0 = Debug|Any CPU
		{DF4FC898-698C-4D3E-B470-B9238E905B5D}.Debug|x86.ActiveCfg = Debug|Any CPU
		{DF4FC898-698C-4D3E-B470-B9238E905B5D}.Debug|x86.Build.0 = Debug|Any CPU
		{DF4FC898-698C-4D3E-B470-B9238E905B5D}.Release|Any CPU.ActiveCfg = Release|Any CPU
		{DF4FC898-698C-4D3E-B470-B9238E905B5D}.Release|Any CPU.Build.0 = Release|Any CPU
		{DF4FC898-698C-4D3E-B470-B9238E905B5D}.Release|x64.ActiveCfg = Release|Any CPU
		{DF4FC898-698C-4D3E-B470-B9238E905B5D}.Release|x64.Build.0 = Release|Any CPU
		{DF4FC898-698C-4D3E-B470-B9238E905B5D}.Release|x86.ActiveCfg = Release|Any CPU
		{DF4FC898-698C-4D3E-B470-B9238E905B5D}.Release|x86.Build.0 = Release|Any CPU
		{F171488D-D2E8-49E4-82BF-9ABF006EB278}.Debug|Any CPU.ActiveCfg = Debug|x64
		{F171488D-D2E8-49E4-82BF-9ABF006EB278}.Debug|Any CPU.Build.0 = Debug|x64
		{F171488D-D2E8-49E4-82BF-9ABF006EB278}.Debug|Any CPU.Deploy.0 = Debug|x64
		{F171488D-D2E8-49E4-82BF-9ABF006EB278}.Debug|x64.ActiveCfg = Debug|x64
		{F171488D-D2E8-49E4-82BF-9ABF006EB278}.Debug|x64.Build.0 = Debug|x64
		{F171488D-D2E8-49E4-82BF-9ABF006EB278}.Debug|x64.Deploy.0 = Debug|x64
		{F171488D-D2E8-49E4-82BF-9ABF006EB278}.Debug|x86.ActiveCfg = Debug|x86
		{F171488D-D2E8-49E4-82BF-9ABF006EB278}.Debug|x86.Build.0 = Debug|x86
		{F171488D-D2E8-49E4-82BF-9ABF006EB278}.Debug|x86.Deploy.0 = Debug|x86
		{F171488D-D2E8-49E4-82BF-9ABF006EB278}.Release|Any CPU.ActiveCfg = Release|x64
		{F171488D-D2E8-49E4-82BF-9ABF006EB278}.Release|Any CPU.Build.0 = Release|x64
		{F171488D-D2E8-49E4-82BF-9ABF006EB278}.Release|Any CPU.Deploy.0 = Release|x64
		{F171488D-D2E8-49E4-82BF-9ABF006EB278}.Release|x64.ActiveCfg = Release|x64
		{F171488D-D2E8-49E4-82BF-9ABF006EB278}.Release|x64.Build.0 = Release|x64
		{F171488D-D2E8-49E4-82BF-9ABF006EB278}.Release|x64.Deploy.0 = Release|x64
		{F171488D-D2E8-49E4-82BF-9ABF006EB278}.Release|x86.ActiveCfg = Release|x86
		{F171488D-D2E8-49E4-82BF-9ABF006EB278}.Release|x86.Build.0 = Release|x86
		{F171488D-D2E8-49E4-82BF-9ABF006EB278}.Release|x86.Deploy.0 = Release|x86
		{04C30EF5-2C13-4C28-A7B9-9445AAE3027D}.Debug|Any CPU.ActiveCfg = Debug|Any CPU
		{04C30EF5-2C13-4C28-A7B9-9445AAE3027D}.Debug|Any CPU.Build.0 = Debug|Any CPU
		{04C30EF5-2C13-4C28-A7B9-9445AAE3027D}.Debug|x64.ActiveCfg = Debug|Any CPU
		{04C30EF5-2C13-4C28-A7B9-9445AAE3027D}.Debug|x64.Build.0 = Debug|Any CPU
		{04C30EF5-2C13-4C28-A7B9-9445AAE3027D}.Debug|x86.ActiveCfg = Debug|Any CPU
		{04C30EF5-2C13-4C28-A7B9-9445AAE3027D}.Debug|x86.Build.0 = Debug|Any CPU
		{04C30EF5-2C13-4C28-A7B9-9445AAE3027D}.Release|Any CPU.ActiveCfg = Release|Any CPU
		{04C30EF5-2C13-4C28-A7B9-9445AAE3027D}.Release|Any CPU.Build.0 = Release|Any CPU
		{04C30EF5-2C13-4C28-A7B9-9445AAE3027D}.Release|x64.ActiveCfg = Release|Any CPU
		{04C30EF5-2C13-4C28-A7B9-9445AAE3027D}.Release|x64.Build.0 = Release|Any CPU
		{04C30EF5-2C13-4C28-A7B9-9445AAE3027D}.Release|x86.ActiveCfg = Release|Any CPU
		{04C30EF5-2C13-4C28-A7B9-9445AAE3027D}.Release|x86.Build.0 = Release|Any CPU
		{F32DCA83-FAB7-410A-ABD7-126D4CB090A8}.Debug|Any CPU.ActiveCfg = Debug|Any CPU
		{F32DCA83-FAB7-410A-ABD7-126D4CB090A8}.Debug|Any CPU.Build.0 = Debug|Any CPU
		{F32DCA83-FAB7-410A-ABD7-126D4CB090A8}.Debug|x64.ActiveCfg = Debug|Any CPU
		{F32DCA83-FAB7-410A-ABD7-126D4CB090A8}.Debug|x64.Build.0 = Debug|Any CPU
		{F32DCA83-FAB7-410A-ABD7-126D4CB090A8}.Debug|x86.ActiveCfg = Debug|Any CPU
		{F32DCA83-FAB7-410A-ABD7-126D4CB090A8}.Debug|x86.Build.0 = Debug|Any CPU
		{F32DCA83-FAB7-410A-ABD7-126D4CB090A8}.Release|Any CPU.ActiveCfg = Release|Any CPU
		{F32DCA83-FAB7-410A-ABD7-126D4CB090A8}.Release|Any CPU.Build.0 = Release|Any CPU
		{F32DCA83-FAB7-410A-ABD7-126D4CB090A8}.Release|x64.ActiveCfg = Release|Any CPU
		{F32DCA83-FAB7-410A-ABD7-126D4CB090A8}.Release|x64.Build.0 = Release|Any CPU
		{F32DCA83-FAB7-410A-ABD7-126D4CB090A8}.Release|x86.ActiveCfg = Release|Any CPU
		{F32DCA83-FAB7-410A-ABD7-126D4CB090A8}.Release|x86.Build.0 = Release|Any CPU
		{4A10A0EF-738C-4AC4-B91F-EE7A2E6492D8}.Debug|Any CPU.ActiveCfg = Debug|Any CPU
		{4A10A0EF-738C-4AC4-B91F-EE7A2E6492D8}.Debug|Any CPU.Build.0 = Debug|Any CPU
		{4A10A0EF-738C-4AC4-B91F-EE7A2E6492D8}.Debug|x64.ActiveCfg = Debug|Any CPU
		{4A10A0EF-738C-4AC4-B91F-EE7A2E6492D8}.Debug|x64.Build.0 = Debug|Any CPU
		{4A10A0EF-738C-4AC4-B91F-EE7A2E6492D8}.Debug|x86.ActiveCfg = Debug|Any CPU
		{4A10A0EF-738C-4AC4-B91F-EE7A2E6492D8}.Debug|x86.Build.0 = Debug|Any CPU
		{4A10A0EF-738C-4AC4-B91F-EE7A2E6492D8}.Release|Any CPU.ActiveCfg = Release|Any CPU
		{4A10A0EF-738C-4AC4-B91F-EE7A2E6492D8}.Release|Any CPU.Build.0 = Release|Any CPU
		{4A10A0EF-738C-4AC4-B91F-EE7A2E6492D8}.Release|x64.ActiveCfg = Release|Any CPU
		{4A10A0EF-738C-4AC4-B91F-EE7A2E6492D8}.Release|x64.Build.0 = Release|Any CPU
		{4A10A0EF-738C-4AC4-B91F-EE7A2E6492D8}.Release|x86.ActiveCfg = Release|Any CPU
		{4A10A0EF-738C-4AC4-B91F-EE7A2E6492D8}.Release|x86.Build.0 = Release|Any CPU
	EndGlobalSection
	GlobalSection(SolutionProperties) = preSolution
		HideSolutionNode = FALSE
	EndGlobalSection
	GlobalSection(NestedProjects) = preSolution
		{04C30EF5-2C13-4C28-A7B9-9445AAE3027D} = {4F359A0C-DEB8-4617-9F96-FCDE72E153AB}
		{F32DCA83-FAB7-410A-ABD7-126D4CB090A8} = {4F359A0C-DEB8-4617-9F96-FCDE72E153AB}
		{4A10A0EF-738C-4AC4-B91F-EE7A2E6492D8} = {4F359A0C-DEB8-4617-9F96-FCDE72E153AB}
	EndGlobalSection
	GlobalSection(ExtensibilityGlobals) = postSolution
		SolutionGuid = {1B7E0E5D-DAA1-4824-82F3-97A9B85AB514}
	EndGlobalSection
EndGlobal
