
Microsoft Visual Studio Solution File, Format Version 12.00
# Visual Studio Version 17
VisualStudioVersion = 17.13.35931.197
MinimumVisualStudioVersion = 10.0.40219.1
Project("{FAE04EC0-301F-11D3-BF4B-00C04F79EFBC}") = "Dt.Core", "Dt.Core\Dt.Core.csproj", "{54B4F303-8C34-225F-52A2-CA498A570B2F}"
EndProject
Project("{FAE04EC0-301F-11D3-BF4B-00C04F79EFBC}") = "Dt.Base", "Dt.Base\Dt.Base.csproj", "{05EBA981-BDF3-19D4-27E3-533715D52BA6}"
EndProject
Project("{FAE04EC0-301F-11D3-BF4B-00C04F79EFBC}") = "Dt.Mgr", "Dt.Mgr\Dt.Mgr.csproj", "{F2A01B6C-76EB-0161-F04D-42FB10FA8F6B}"
EndProject
Project("{FAE04EC0-301F-11D3-BF4B-00C04F79EFBC}") = "Demo.Base", "..\Demo\Demo.Base\Demo.Base.csproj", "{5597B912-1923-B395-D6DA-8D28D979F645}"
EndProject
Project("{2150E333-8FDC-42A3-9474-1A3956D46DE8}") = "Client", "Client", "{9A81E5CD-770E-4DF9-A33B-5219434ABE21}"
	ProjectSection(SolutionItems) = preProject
		Directory.Build.props = Directory.Build.props
		Dt.Client.props = Dt.Client.props
		Dt.Client.targets = Dt.Client.targets
		References.props = References.props
	EndProjectSection
EndProject
Project("{FAE04EC0-301F-11D3-BF4B-00C04F79EFBC}") = "Demo.UI", "..\Demo\Demo.UI\Demo.UI.csproj", "{E4308096-CA90-B2D6-4836-D7EAA2D1B844}"
EndProject
Project("{FAE04EC0-301F-11D3-BF4B-00C04F79EFBC}") = "Demo.Crud", "..\Demo\Demo.Crud\Demo.Crud.csproj", "{924AC3A6-0A46-9C53-3EC7-6C42F4FDB5B0}"
EndProject
Project("{FAE04EC0-301F-11D3-BF4B-00C04F79EFBC}") = "Demo.Lob", "..\Demo\Demo.Lob\Demo.Lob.csproj", "{DAC0D1C1-6993-6D9A-9332-5E9FD9014B2C}"
EndProject
Project("{2150E333-8FDC-42A3-9474-1A3956D46DE8}") = "Build", "Build", "{805794EE-FBDE-4615-8F52-5FBD9604C00A}"
EndProject
Project("{2150E333-8FDC-42A3-9474-1A3956D46DE8}") = "InitSql", "InitSql", "{98FDE656-7DF2-4A33-96A5-9F733E9F7FEE}"
	ProjectSection(SolutionItems) = preProject
		..\Demo\InitSql\mysql-demo.sql = ..\Demo\InitSql\mysql-demo.sql
		..\Demo\InitSql\oracle-demo.sql = ..\Demo\InitSql\oracle-demo.sql
		..\Demo\InitSql\postgresql-demo.sql = ..\Demo\InitSql\postgresql-demo.sql
		..\Demo\InitSql\sqlserver-demo.sql = ..\Demo\InitSql\sqlserver-demo.sql
	EndProjectSection
EndProject
Project("{2150E333-8FDC-42A3-9474-1A3956D46DE8}") = "Demo", "Demo", "{02EA681E-C7D8-13C7-8484-4AC65E1B71E8}"
	ProjectSection(SolutionItems) = preProject
		..\Demo\Directory.Build.props = ..\Demo\Directory.Build.props
	EndProjectSection
EndProject
Project("{FAE04EC0-301F-11D3-BF4B-00C04F79EFBC}") = "Demo", "..\Demo\Demo\Demo.csproj", "{092D94A1-3EF3-162B-E54A-564595FD45C8}"
EndProject
Global
	GlobalSection(SolutionConfigurationPlatforms) = preSolution
		Debug|Any CPU = Debug|Any CPU
		Release|Any CPU = Release|Any CPU
	EndGlobalSection
	GlobalSection(ProjectConfigurationPlatforms) = postSolution
		{54B4F303-8C34-225F-52A2-CA498A570B2F}.Debug|Any CPU.ActiveCfg = Debug|Any CPU
		{54B4F303-8C34-225F-52A2-CA498A570B2F}.Release|Any CPU.ActiveCfg = Release|Any CPU
		{54B4F303-8C34-225F-52A2-CA498A570B2F}.Release|Any CPU.Build.0 = Release|Any CPU
		{05EBA981-BDF3-19D4-27E3-533715D52BA6}.Debug|Any CPU.ActiveCfg = Debug|Any CPU
		{05EBA981-BDF3-19D4-27E3-533715D52BA6}.Release|Any CPU.ActiveCfg = Release|Any CPU
		{05EBA981-BDF3-19D4-27E3-533715D52BA6}.Release|Any CPU.Build.0 = Release|Any CPU
		{F2A01B6C-76EB-0161-F04D-42FB10FA8F6B}.Debug|Any CPU.ActiveCfg = Debug|Any CPU
		{F2A01B6C-76EB-0161-F04D-42FB10FA8F6B}.Release|Any CPU.ActiveCfg = Release|Any CPU
		{F2A01B6C-76EB-0161-F04D-42FB10FA8F6B}.Release|Any CPU.Build.0 = Release|Any CPU
		{5597B912-1923-B395-D6DA-8D28D979F645}.Debug|Any CPU.ActiveCfg = Debug|Any CPU
		{5597B912-1923-B395-D6DA-8D28D979F645}.Release|Any CPU.ActiveCfg = Release|Any CPU
		{5597B912-1923-B395-D6DA-8D28D979F645}.Release|Any CPU.Build.0 = Release|Any CPU
		{E4308096-CA90-B2D6-4836-D7EAA2D1B844}.Debug|Any CPU.ActiveCfg = Debug|Any CPU
		{E4308096-CA90-B2D6-4836-D7EAA2D1B844}.Debug|Any CPU.Build.0 = Debug|Any CPU
		{E4308096-CA90-B2D6-4836-D7EAA2D1B844}.Release|Any CPU.ActiveCfg = Release|Any CPU
		{E4308096-CA90-B2D6-4836-D7EAA2D1B844}.Release|Any CPU.Build.0 = Release|Any CPU
		{924AC3A6-0A46-9C53-3EC7-6C42F4FDB5B0}.Debug|Any CPU.ActiveCfg = Debug|Any CPU
		{924AC3A6-0A46-9C53-3EC7-6C42F4FDB5B0}.Release|Any CPU.ActiveCfg = Release|Any CPU
		{924AC3A6-0A46-9C53-3EC7-6C42F4FDB5B0}.Release|Any CPU.Build.0 = Release|Any CPU
		{DAC0D1C1-6993-6D9A-9332-5E9FD9014B2C}.Debug|Any CPU.ActiveCfg = Debug|Any CPU
		{DAC0D1C1-6993-6D9A-9332-5E9FD9014B2C}.Release|Any CPU.ActiveCfg = Release|Any CPU
		{DAC0D1C1-6993-6D9A-9332-5E9FD9014B2C}.Release|Any CPU.Build.0 = Release|Any CPU
		{092D94A1-3EF3-162B-E54A-564595FD45C8}.Debug|Any CPU.ActiveCfg = Debug|Any CPU
		{092D94A1-3EF3-162B-E54A-564595FD45C8}.Debug|Any CPU.Build.0 = Debug|Any CPU
		{092D94A1-3EF3-162B-E54A-564595FD45C8}.Debug|Any CPU.Deploy.0 = Debug|Any CPU
		{092D94A1-3EF3-162B-E54A-564595FD45C8}.Release|Any CPU.ActiveCfg = Release|Any CPU
		{092D94A1-3EF3-162B-E54A-564595FD45C8}.Release|Any CPU.Build.0 = Release|Any CPU
	EndGlobalSection
	GlobalSection(SolutionProperties) = preSolution
		HideSolutionNode = FALSE
	EndGlobalSection
	GlobalSection(NestedProjects) = preSolution
		{9A81E5CD-770E-4DF9-A33B-5219434ABE21} = {805794EE-FBDE-4615-8F52-5FBD9604C00A}
		{98FDE656-7DF2-4A33-96A5-9F733E9F7FEE} = {805794EE-FBDE-4615-8F52-5FBD9604C00A}
		{02EA681E-C7D8-13C7-8484-4AC65E1B71E8} = {805794EE-FBDE-4615-8F52-5FBD9604C00A}
	EndGlobalSection
	GlobalSection(ExtensibilityGlobals) = postSolution
		SolutionGuid = {B934049F-FC54-4BB3-BECB-5A29C997E4C2}
	EndGlobalSection
EndGlobal
