
Microsoft Visual Studio Solution File, Format Version 12.00
# Visual Studio Version 17
VisualStudioVersion = 17.1.31903.286
MinimumVisualStudioVersion = 10.0.40219.1
Project("{9A19103F-16F7-4668-BE54-9A1E7A4F7556}") = "Dt.CalcEngine", "Dt.CalcEngine\Dt.CalcEngine.csproj", "{8228BD9E-DEE5-4EBF-AF9A-8B0529F0BB07}"
EndProject
Project("{9A19103F-16F7-4668-BE54-9A1E7A4F7556}") = "Dt.Xls", "Dt.Xls\Dt.Xls.csproj", "{E8C1566E-6221-46E3-A585-260448539464}"
EndProject
Project("{9A19103F-16F7-4668-BE54-9A1E7A4F7556}") = "Dt.Pdf", "Dt.Pdf\Dt.Pdf.csproj", "{537025F3-54AE-4A35-A48E-FCA2F0EE5652}"
EndProject
Project("{9A19103F-16F7-4668-BE54-9A1E7A4F7556}") = "Dt.Charts", "Dt.Charts\Dt.Charts.csproj", "{DD028D8D-3A0A-4171-80A6-B7D2A4CF529C}"
EndProject
Project("{9A19103F-16F7-4668-BE54-9A1E7A4F7556}") = "Dt.Cells.Data", "Dt.Cells.Data\Dt.Cells.Data.csproj", "{2904E9E0-C5AE-4F27-A929-3C01D01070B4}"
EndProject
Project("{9A19103F-16F7-4668-BE54-9A1E7A4F7556}") = "Dt.Cells", "Dt.Cells\Dt.Cells.csproj", "{78A96109-228F-4C47-9934-D8BB389FE3FA}"
EndProject
Project("{2150E333-8FDC-42A3-9474-1A3956D46DE8}") = "Stable", "Stable", "{0EC334D7-633A-4101-B1F3-E65F6E98A81A}"
EndProject
Project("{9A19103F-16F7-4668-BE54-9A1E7A4F7556}") = "Dt.Core", "Dt.Core\Dt.Core.csproj", "{0BBFED46-7139-4DF5-B1BD-78477429B5C0}"
EndProject
Project("{9A19103F-16F7-4668-BE54-9A1E7A4F7556}") = "Dt.Base", "Dt.Base\Dt.Base.csproj", "{B15D1BB4-6E54-47ED-AF15-EF81022529C1}"
EndProject
Project("{9A19103F-16F7-4668-BE54-9A1E7A4F7556}") = "Dt.App", "Dt.App\Dt.App.csproj", "{1C6E99C6-AB42-4E29-B762-0B0D51836FF9}"
EndProject
Project("{9A19103F-16F7-4668-BE54-9A1E7A4F7556}") = "Dt.Sample", "Dt.Sample\Dt.Sample.csproj", "{6743D44F-7674-44D0-82D9-875F9E9E97EC}"
EndProject
Project("{9A19103F-16F7-4668-BE54-9A1E7A4F7556}") = "Dt.Shell.Win", "Dt.Shell.Win\Dt.Shell.Win.csproj", "{7DF32343-5E8D-4479-8D94-E6923AB2DEF7}"
EndProject
Project("{2150E333-8FDC-42A3-9474-1A3956D46DE8}") = "App", "App", "{37F3EC93-2D4D-428F-9370-4531F838FA07}"
EndProject
Project("{9A19103F-16F7-4668-BE54-9A1E7A4F7556}") = "Dt.Shell.Mobile", "Dt.Shell.Mobile\Dt.Shell.Mobile.csproj", "{7D41D37A-EF1B-4CC4-BA88-BBB8818063F1}"
EndProject
Global
	GlobalSection(SolutionConfigurationPlatforms) = preSolution
		Debug|Any CPU = Debug|Any CPU
		Debug|arm64 = Debug|arm64
		Debug|x64 = Debug|x64
		Debug|x86 = Debug|x86
		Release|Any CPU = Release|Any CPU
		Release|arm64 = Release|arm64
		Release|x64 = Release|x64
		Release|x86 = Release|x86
	EndGlobalSection
	GlobalSection(ProjectConfigurationPlatforms) = postSolution
		{8228BD9E-DEE5-4EBF-AF9A-8B0529F0BB07}.Debug|Any CPU.ActiveCfg = Debug|Any CPU
		{8228BD9E-DEE5-4EBF-AF9A-8B0529F0BB07}.Debug|Any CPU.Build.0 = Debug|Any CPU
		{8228BD9E-DEE5-4EBF-AF9A-8B0529F0BB07}.Debug|arm64.ActiveCfg = Debug|Any CPU
		{8228BD9E-DEE5-4EBF-AF9A-8B0529F0BB07}.Debug|arm64.Build.0 = Debug|Any CPU
		{8228BD9E-DEE5-4EBF-AF9A-8B0529F0BB07}.Debug|x64.ActiveCfg = Debug|Any CPU
		{8228BD9E-DEE5-4EBF-AF9A-8B0529F0BB07}.Debug|x86.ActiveCfg = Debug|x86
		{8228BD9E-DEE5-4EBF-AF9A-8B0529F0BB07}.Debug|x86.Build.0 = Debug|x86
		{8228BD9E-DEE5-4EBF-AF9A-8B0529F0BB07}.Release|Any CPU.ActiveCfg = Release|Any CPU
		{8228BD9E-DEE5-4EBF-AF9A-8B0529F0BB07}.Release|Any CPU.Build.0 = Release|Any CPU
		{8228BD9E-DEE5-4EBF-AF9A-8B0529F0BB07}.Release|arm64.ActiveCfg = Release|Any CPU
		{8228BD9E-DEE5-4EBF-AF9A-8B0529F0BB07}.Release|arm64.Build.0 = Release|Any CPU
		{8228BD9E-DEE5-4EBF-AF9A-8B0529F0BB07}.Release|x64.ActiveCfg = Release|x64
		{8228BD9E-DEE5-4EBF-AF9A-8B0529F0BB07}.Release|x64.Build.0 = Release|x64
		{8228BD9E-DEE5-4EBF-AF9A-8B0529F0BB07}.Release|x86.ActiveCfg = Release|x86
		{8228BD9E-DEE5-4EBF-AF9A-8B0529F0BB07}.Release|x86.Build.0 = Release|x86
		{E8C1566E-6221-46E3-A585-260448539464}.Debug|Any CPU.ActiveCfg = Debug|Any CPU
		{E8C1566E-6221-46E3-A585-260448539464}.Debug|Any CPU.Build.0 = Debug|Any CPU
		{E8C1566E-6221-46E3-A585-260448539464}.Debug|arm64.ActiveCfg = Debug|Any CPU
		{E8C1566E-6221-46E3-A585-260448539464}.Debug|arm64.Build.0 = Debug|Any CPU
		{E8C1566E-6221-46E3-A585-260448539464}.Debug|x64.ActiveCfg = Debug|Any CPU
		{E8C1566E-6221-46E3-A585-260448539464}.Debug|x86.ActiveCfg = Debug|x86
		{E8C1566E-6221-46E3-A585-260448539464}.Debug|x86.Build.0 = Debug|x86
		{E8C1566E-6221-46E3-A585-260448539464}.Release|Any CPU.ActiveCfg = Release|Any CPU
		{E8C1566E-6221-46E3-A585-260448539464}.Release|Any CPU.Build.0 = Release|Any CPU
		{E8C1566E-6221-46E3-A585-260448539464}.Release|arm64.ActiveCfg = Release|Any CPU
		{E8C1566E-6221-46E3-A585-260448539464}.Release|arm64.Build.0 = Release|Any CPU
		{E8C1566E-6221-46E3-A585-260448539464}.Release|x64.ActiveCfg = Release|Any CPU
		{E8C1566E-6221-46E3-A585-260448539464}.Release|x64.Build.0 = Release|Any CPU
		{E8C1566E-6221-46E3-A585-260448539464}.Release|x86.ActiveCfg = Release|x86
		{E8C1566E-6221-46E3-A585-260448539464}.Release|x86.Build.0 = Release|x86
		{537025F3-54AE-4A35-A48E-FCA2F0EE5652}.Debug|Any CPU.ActiveCfg = Debug|Any CPU
		{537025F3-54AE-4A35-A48E-FCA2F0EE5652}.Debug|Any CPU.Build.0 = Debug|Any CPU
		{537025F3-54AE-4A35-A48E-FCA2F0EE5652}.Debug|arm64.ActiveCfg = Debug|Any CPU
		{537025F3-54AE-4A35-A48E-FCA2F0EE5652}.Debug|arm64.Build.0 = Debug|Any CPU
		{537025F3-54AE-4A35-A48E-FCA2F0EE5652}.Debug|x64.ActiveCfg = Debug|Any CPU
		{537025F3-54AE-4A35-A48E-FCA2F0EE5652}.Debug|x86.ActiveCfg = Debug|Any CPU
		{537025F3-54AE-4A35-A48E-FCA2F0EE5652}.Debug|x86.Build.0 = Debug|Any CPU
		{537025F3-54AE-4A35-A48E-FCA2F0EE5652}.Release|Any CPU.ActiveCfg = Release|Any CPU
		{537025F3-54AE-4A35-A48E-FCA2F0EE5652}.Release|Any CPU.Build.0 = Release|Any CPU
		{537025F3-54AE-4A35-A48E-FCA2F0EE5652}.Release|arm64.ActiveCfg = Release|Any CPU
		{537025F3-54AE-4A35-A48E-FCA2F0EE5652}.Release|arm64.Build.0 = Release|Any CPU
		{537025F3-54AE-4A35-A48E-FCA2F0EE5652}.Release|x64.ActiveCfg = Release|Any CPU
		{537025F3-54AE-4A35-A48E-FCA2F0EE5652}.Release|x64.Build.0 = Release|Any CPU
		{537025F3-54AE-4A35-A48E-FCA2F0EE5652}.Release|x86.ActiveCfg = Release|Any CPU
		{537025F3-54AE-4A35-A48E-FCA2F0EE5652}.Release|x86.Build.0 = Release|Any CPU
		{DD028D8D-3A0A-4171-80A6-B7D2A4CF529C}.Debug|Any CPU.ActiveCfg = Debug|Any CPU
		{DD028D8D-3A0A-4171-80A6-B7D2A4CF529C}.Debug|Any CPU.Build.0 = Debug|Any CPU
		{DD028D8D-3A0A-4171-80A6-B7D2A4CF529C}.Debug|arm64.ActiveCfg = Debug|Any CPU
		{DD028D8D-3A0A-4171-80A6-B7D2A4CF529C}.Debug|arm64.Build.0 = Debug|Any CPU
		{DD028D8D-3A0A-4171-80A6-B7D2A4CF529C}.Debug|x64.ActiveCfg = Debug|Any CPU
		{DD028D8D-3A0A-4171-80A6-B7D2A4CF529C}.Debug|x86.ActiveCfg = Debug|x64
		{DD028D8D-3A0A-4171-80A6-B7D2A4CF529C}.Release|Any CPU.ActiveCfg = Release|Any CPU
		{DD028D8D-3A0A-4171-80A6-B7D2A4CF529C}.Release|Any CPU.Build.0 = Release|Any CPU
		{DD028D8D-3A0A-4171-80A6-B7D2A4CF529C}.Release|arm64.ActiveCfg = Release|Any CPU
		{DD028D8D-3A0A-4171-80A6-B7D2A4CF529C}.Release|arm64.Build.0 = Release|Any CPU
		{DD028D8D-3A0A-4171-80A6-B7D2A4CF529C}.Release|x64.ActiveCfg = Release|x64
		{DD028D8D-3A0A-4171-80A6-B7D2A4CF529C}.Release|x86.ActiveCfg = Release|x64
		{2904E9E0-C5AE-4F27-A929-3C01D01070B4}.Debug|Any CPU.ActiveCfg = Debug|Any CPU
		{2904E9E0-C5AE-4F27-A929-3C01D01070B4}.Debug|Any CPU.Build.0 = Debug|Any CPU
		{2904E9E0-C5AE-4F27-A929-3C01D01070B4}.Debug|arm64.ActiveCfg = Debug|Any CPU
		{2904E9E0-C5AE-4F27-A929-3C01D01070B4}.Debug|arm64.Build.0 = Debug|Any CPU
		{2904E9E0-C5AE-4F27-A929-3C01D01070B4}.Debug|x64.ActiveCfg = Debug|Any CPU
		{2904E9E0-C5AE-4F27-A929-3C01D01070B4}.Debug|x86.ActiveCfg = Debug|Any CPU
		{2904E9E0-C5AE-4F27-A929-3C01D01070B4}.Debug|x86.Build.0 = Debug|Any CPU
		{2904E9E0-C5AE-4F27-A929-3C01D01070B4}.Release|Any CPU.ActiveCfg = Release|Any CPU
		{2904E9E0-C5AE-4F27-A929-3C01D01070B4}.Release|Any CPU.Build.0 = Release|Any CPU
		{2904E9E0-C5AE-4F27-A929-3C01D01070B4}.Release|arm64.ActiveCfg = Release|Any CPU
		{2904E9E0-C5AE-4F27-A929-3C01D01070B4}.Release|arm64.Build.0 = Release|Any CPU
		{2904E9E0-C5AE-4F27-A929-3C01D01070B4}.Release|x64.ActiveCfg = Release|Any CPU
		{2904E9E0-C5AE-4F27-A929-3C01D01070B4}.Release|x64.Build.0 = Release|Any CPU
		{2904E9E0-C5AE-4F27-A929-3C01D01070B4}.Release|x86.ActiveCfg = Release|Any CPU
		{2904E9E0-C5AE-4F27-A929-3C01D01070B4}.Release|x86.Build.0 = Release|Any CPU
		{78A96109-228F-4C47-9934-D8BB389FE3FA}.Debug|Any CPU.ActiveCfg = Debug|Any CPU
		{78A96109-228F-4C47-9934-D8BB389FE3FA}.Debug|Any CPU.Build.0 = Debug|Any CPU
		{78A96109-228F-4C47-9934-D8BB389FE3FA}.Debug|arm64.ActiveCfg = Debug|Any CPU
		{78A96109-228F-4C47-9934-D8BB389FE3FA}.Debug|arm64.Build.0 = Debug|Any CPU
		{78A96109-228F-4C47-9934-D8BB389FE3FA}.Debug|x64.ActiveCfg = Debug|Any CPU
		{78A96109-228F-4C47-9934-D8BB389FE3FA}.Debug|x86.ActiveCfg = Debug|Any CPU
		{78A96109-228F-4C47-9934-D8BB389FE3FA}.Debug|x86.Build.0 = Debug|Any CPU
		{78A96109-228F-4C47-9934-D8BB389FE3FA}.Release|Any CPU.ActiveCfg = Release|Any CPU
		{78A96109-228F-4C47-9934-D8BB389FE3FA}.Release|Any CPU.Build.0 = Release|Any CPU
		{78A96109-228F-4C47-9934-D8BB389FE3FA}.Release|arm64.ActiveCfg = Release|Any CPU
		{78A96109-228F-4C47-9934-D8BB389FE3FA}.Release|arm64.Build.0 = Release|Any CPU
		{78A96109-228F-4C47-9934-D8BB389FE3FA}.Release|x64.ActiveCfg = Release|Any CPU
		{78A96109-228F-4C47-9934-D8BB389FE3FA}.Release|x64.Build.0 = Release|Any CPU
		{78A96109-228F-4C47-9934-D8BB389FE3FA}.Release|x86.ActiveCfg = Release|Any CPU
		{78A96109-228F-4C47-9934-D8BB389FE3FA}.Release|x86.Build.0 = Release|Any CPU
		{0BBFED46-7139-4DF5-B1BD-78477429B5C0}.Debug|Any CPU.ActiveCfg = Debug|Any CPU
		{0BBFED46-7139-4DF5-B1BD-78477429B5C0}.Debug|Any CPU.Build.0 = Debug|Any CPU
		{0BBFED46-7139-4DF5-B1BD-78477429B5C0}.Debug|arm64.ActiveCfg = Debug|Any CPU
		{0BBFED46-7139-4DF5-B1BD-78477429B5C0}.Debug|arm64.Build.0 = Debug|Any CPU
		{0BBFED46-7139-4DF5-B1BD-78477429B5C0}.Debug|x64.ActiveCfg = Debug|Any CPU
		{0BBFED46-7139-4DF5-B1BD-78477429B5C0}.Debug|x64.Build.0 = Debug|Any CPU
		{0BBFED46-7139-4DF5-B1BD-78477429B5C0}.Debug|x86.ActiveCfg = Debug|Any CPU
		{0BBFED46-7139-4DF5-B1BD-78477429B5C0}.Debug|x86.Build.0 = Debug|Any CPU
		{0BBFED46-7139-4DF5-B1BD-78477429B5C0}.Release|Any CPU.ActiveCfg = Release|Any CPU
		{0BBFED46-7139-4DF5-B1BD-78477429B5C0}.Release|Any CPU.Build.0 = Release|Any CPU
		{0BBFED46-7139-4DF5-B1BD-78477429B5C0}.Release|arm64.ActiveCfg = Release|Any CPU
		{0BBFED46-7139-4DF5-B1BD-78477429B5C0}.Release|arm64.Build.0 = Release|Any CPU
		{0BBFED46-7139-4DF5-B1BD-78477429B5C0}.Release|x64.ActiveCfg = Release|Any CPU
		{0BBFED46-7139-4DF5-B1BD-78477429B5C0}.Release|x64.Build.0 = Release|Any CPU
		{0BBFED46-7139-4DF5-B1BD-78477429B5C0}.Release|x86.ActiveCfg = Release|Any CPU
		{0BBFED46-7139-4DF5-B1BD-78477429B5C0}.Release|x86.Build.0 = Release|Any CPU
		{B15D1BB4-6E54-47ED-AF15-EF81022529C1}.Debug|Any CPU.ActiveCfg = Debug|Any CPU
		{B15D1BB4-6E54-47ED-AF15-EF81022529C1}.Debug|Any CPU.Build.0 = Debug|Any CPU
		{B15D1BB4-6E54-47ED-AF15-EF81022529C1}.Debug|arm64.ActiveCfg = Debug|Any CPU
		{B15D1BB4-6E54-47ED-AF15-EF81022529C1}.Debug|arm64.Build.0 = Debug|Any CPU
		{B15D1BB4-6E54-47ED-AF15-EF81022529C1}.Debug|x64.ActiveCfg = Debug|Any CPU
		{B15D1BB4-6E54-47ED-AF15-EF81022529C1}.Debug|x64.Build.0 = Debug|Any CPU
		{B15D1BB4-6E54-47ED-AF15-EF81022529C1}.Debug|x86.ActiveCfg = Debug|Any CPU
		{B15D1BB4-6E54-47ED-AF15-EF81022529C1}.Debug|x86.Build.0 = Debug|Any CPU
		{B15D1BB4-6E54-47ED-AF15-EF81022529C1}.Release|Any CPU.ActiveCfg = Release|Any CPU
		{B15D1BB4-6E54-47ED-AF15-EF81022529C1}.Release|Any CPU.Build.0 = Release|Any CPU
		{B15D1BB4-6E54-47ED-AF15-EF81022529C1}.Release|arm64.ActiveCfg = Release|Any CPU
		{B15D1BB4-6E54-47ED-AF15-EF81022529C1}.Release|arm64.Build.0 = Release|Any CPU
		{B15D1BB4-6E54-47ED-AF15-EF81022529C1}.Release|x64.ActiveCfg = Release|Any CPU
		{B15D1BB4-6E54-47ED-AF15-EF81022529C1}.Release|x64.Build.0 = Release|Any CPU
		{B15D1BB4-6E54-47ED-AF15-EF81022529C1}.Release|x86.ActiveCfg = Release|Any CPU
		{B15D1BB4-6E54-47ED-AF15-EF81022529C1}.Release|x86.Build.0 = Release|Any CPU
		{1C6E99C6-AB42-4E29-B762-0B0D51836FF9}.Debug|Any CPU.ActiveCfg = Debug|Any CPU
		{1C6E99C6-AB42-4E29-B762-0B0D51836FF9}.Debug|Any CPU.Build.0 = Debug|Any CPU
		{1C6E99C6-AB42-4E29-B762-0B0D51836FF9}.Debug|arm64.ActiveCfg = Debug|Any CPU
		{1C6E99C6-AB42-4E29-B762-0B0D51836FF9}.Debug|arm64.Build.0 = Debug|Any CPU
		{1C6E99C6-AB42-4E29-B762-0B0D51836FF9}.Debug|x64.ActiveCfg = Debug|Any CPU
		{1C6E99C6-AB42-4E29-B762-0B0D51836FF9}.Debug|x64.Build.0 = Debug|Any CPU
		{1C6E99C6-AB42-4E29-B762-0B0D51836FF9}.Debug|x86.ActiveCfg = Debug|x86
		{1C6E99C6-AB42-4E29-B762-0B0D51836FF9}.Debug|x86.Build.0 = Debug|x86
		{1C6E99C6-AB42-4E29-B762-0B0D51836FF9}.Release|Any CPU.ActiveCfg = Release|Any CPU
		{1C6E99C6-AB42-4E29-B762-0B0D51836FF9}.Release|Any CPU.Build.0 = Release|Any CPU
		{1C6E99C6-AB42-4E29-B762-0B0D51836FF9}.Release|arm64.ActiveCfg = Release|Any CPU
		{1C6E99C6-AB42-4E29-B762-0B0D51836FF9}.Release|arm64.Build.0 = Release|Any CPU
		{1C6E99C6-AB42-4E29-B762-0B0D51836FF9}.Release|x64.ActiveCfg = Release|x64
		{1C6E99C6-AB42-4E29-B762-0B0D51836FF9}.Release|x64.Build.0 = Release|x64
		{1C6E99C6-AB42-4E29-B762-0B0D51836FF9}.Release|x86.ActiveCfg = Release|x86
		{1C6E99C6-AB42-4E29-B762-0B0D51836FF9}.Release|x86.Build.0 = Release|x86
		{6743D44F-7674-44D0-82D9-875F9E9E97EC}.Debug|Any CPU.ActiveCfg = Debug|Any CPU
		{6743D44F-7674-44D0-82D9-875F9E9E97EC}.Debug|Any CPU.Build.0 = Debug|Any CPU
		{6743D44F-7674-44D0-82D9-875F9E9E97EC}.Debug|arm64.ActiveCfg = Debug|Any CPU
		{6743D44F-7674-44D0-82D9-875F9E9E97EC}.Debug|arm64.Build.0 = Debug|Any CPU
		{6743D44F-7674-44D0-82D9-875F9E9E97EC}.Debug|x64.ActiveCfg = Debug|Any CPU
		{6743D44F-7674-44D0-82D9-875F9E9E97EC}.Debug|x64.Build.0 = Debug|Any CPU
		{6743D44F-7674-44D0-82D9-875F9E9E97EC}.Debug|x86.ActiveCfg = Debug|x86
		{6743D44F-7674-44D0-82D9-875F9E9E97EC}.Debug|x86.Build.0 = Debug|x86
		{6743D44F-7674-44D0-82D9-875F9E9E97EC}.Release|Any CPU.ActiveCfg = Release|Any CPU
		{6743D44F-7674-44D0-82D9-875F9E9E97EC}.Release|Any CPU.Build.0 = Release|Any CPU
		{6743D44F-7674-44D0-82D9-875F9E9E97EC}.Release|arm64.ActiveCfg = Release|Any CPU
		{6743D44F-7674-44D0-82D9-875F9E9E97EC}.Release|arm64.Build.0 = Release|Any CPU
		{6743D44F-7674-44D0-82D9-875F9E9E97EC}.Release|x64.ActiveCfg = Release|x64
		{6743D44F-7674-44D0-82D9-875F9E9E97EC}.Release|x64.Build.0 = Release|x64
		{6743D44F-7674-44D0-82D9-875F9E9E97EC}.Release|x86.ActiveCfg = Release|x86
		{6743D44F-7674-44D0-82D9-875F9E9E97EC}.Release|x86.Build.0 = Release|x86
		{7DF32343-5E8D-4479-8D94-E6923AB2DEF7}.Debug|Any CPU.ActiveCfg = Debug|Any CPU
		{7DF32343-5E8D-4479-8D94-E6923AB2DEF7}.Debug|Any CPU.Build.0 = Debug|Any CPU
		{7DF32343-5E8D-4479-8D94-E6923AB2DEF7}.Debug|arm64.ActiveCfg = Debug|arm64
		{7DF32343-5E8D-4479-8D94-E6923AB2DEF7}.Debug|arm64.Build.0 = Debug|arm64
		{7DF32343-5E8D-4479-8D94-E6923AB2DEF7}.Debug|x64.ActiveCfg = Debug|x64
		{7DF32343-5E8D-4479-8D94-E6923AB2DEF7}.Debug|x64.Build.0 = Debug|x64
		{7DF32343-5E8D-4479-8D94-E6923AB2DEF7}.Debug|x64.Deploy.0 = Debug|x64
		{7DF32343-5E8D-4479-8D94-E6923AB2DEF7}.Debug|x86.ActiveCfg = Debug|x86
		{7DF32343-5E8D-4479-8D94-E6923AB2DEF7}.Debug|x86.Build.0 = Debug|x86
		{7DF32343-5E8D-4479-8D94-E6923AB2DEF7}.Release|Any CPU.ActiveCfg = Release|Any CPU
		{7DF32343-5E8D-4479-8D94-E6923AB2DEF7}.Release|Any CPU.Build.0 = Release|Any CPU
		{7DF32343-5E8D-4479-8D94-E6923AB2DEF7}.Release|arm64.ActiveCfg = Release|arm64
		{7DF32343-5E8D-4479-8D94-E6923AB2DEF7}.Release|arm64.Build.0 = Release|arm64
		{7DF32343-5E8D-4479-8D94-E6923AB2DEF7}.Release|x64.ActiveCfg = Release|x64
		{7DF32343-5E8D-4479-8D94-E6923AB2DEF7}.Release|x64.Build.0 = Release|x64
		{7DF32343-5E8D-4479-8D94-E6923AB2DEF7}.Release|x86.ActiveCfg = Release|x86
		{7DF32343-5E8D-4479-8D94-E6923AB2DEF7}.Release|x86.Build.0 = Release|x86
		{7D41D37A-EF1B-4CC4-BA88-BBB8818063F1}.Debug|Any CPU.ActiveCfg = Debug|Any CPU
		{7D41D37A-EF1B-4CC4-BA88-BBB8818063F1}.Debug|Any CPU.Build.0 = Debug|Any CPU
		{7D41D37A-EF1B-4CC4-BA88-BBB8818063F1}.Debug|Any CPU.Deploy.0 = Debug|Any CPU
		{7D41D37A-EF1B-4CC4-BA88-BBB8818063F1}.Debug|arm64.ActiveCfg = Debug|Any CPU
		{7D41D37A-EF1B-4CC4-BA88-BBB8818063F1}.Debug|arm64.Build.0 = Debug|Any CPU
		{7D41D37A-EF1B-4CC4-BA88-BBB8818063F1}.Debug|arm64.Deploy.0 = Debug|Any CPU
		{7D41D37A-EF1B-4CC4-BA88-BBB8818063F1}.Debug|x64.ActiveCfg = Debug|Any CPU
		{7D41D37A-EF1B-4CC4-BA88-BBB8818063F1}.Debug|x64.Build.0 = Debug|Any CPU
		{7D41D37A-EF1B-4CC4-BA88-BBB8818063F1}.Debug|x64.Deploy.0 = Debug|Any CPU
		{7D41D37A-EF1B-4CC4-BA88-BBB8818063F1}.Debug|x86.ActiveCfg = Debug|Any CPU
		{7D41D37A-EF1B-4CC4-BA88-BBB8818063F1}.Debug|x86.Build.0 = Debug|Any CPU
		{7D41D37A-EF1B-4CC4-BA88-BBB8818063F1}.Debug|x86.Deploy.0 = Debug|Any CPU
		{7D41D37A-EF1B-4CC4-BA88-BBB8818063F1}.Release|Any CPU.ActiveCfg = Release|Any CPU
		{7D41D37A-EF1B-4CC4-BA88-BBB8818063F1}.Release|Any CPU.Build.0 = Release|Any CPU
		{7D41D37A-EF1B-4CC4-BA88-BBB8818063F1}.Release|Any CPU.Deploy.0 = Release|Any CPU
		{7D41D37A-EF1B-4CC4-BA88-BBB8818063F1}.Release|arm64.ActiveCfg = Release|Any CPU
		{7D41D37A-EF1B-4CC4-BA88-BBB8818063F1}.Release|arm64.Build.0 = Release|Any CPU
		{7D41D37A-EF1B-4CC4-BA88-BBB8818063F1}.Release|arm64.Deploy.0 = Release|Any CPU
		{7D41D37A-EF1B-4CC4-BA88-BBB8818063F1}.Release|x64.ActiveCfg = Release|Any CPU
		{7D41D37A-EF1B-4CC4-BA88-BBB8818063F1}.Release|x64.Build.0 = Release|Any CPU
		{7D41D37A-EF1B-4CC4-BA88-BBB8818063F1}.Release|x64.Deploy.0 = Release|Any CPU
		{7D41D37A-EF1B-4CC4-BA88-BBB8818063F1}.Release|x86.ActiveCfg = Release|Any CPU
		{7D41D37A-EF1B-4CC4-BA88-BBB8818063F1}.Release|x86.Build.0 = Release|Any CPU
		{7D41D37A-EF1B-4CC4-BA88-BBB8818063F1}.Release|x86.Deploy.0 = Release|Any CPU
	EndGlobalSection
	GlobalSection(SolutionProperties) = preSolution
		HideSolutionNode = FALSE
	EndGlobalSection
	GlobalSection(NestedProjects) = preSolution
		{8228BD9E-DEE5-4EBF-AF9A-8B0529F0BB07} = {0EC334D7-633A-4101-B1F3-E65F6E98A81A}
		{E8C1566E-6221-46E3-A585-260448539464} = {0EC334D7-633A-4101-B1F3-E65F6E98A81A}
		{537025F3-54AE-4A35-A48E-FCA2F0EE5652} = {0EC334D7-633A-4101-B1F3-E65F6E98A81A}
		{DD028D8D-3A0A-4171-80A6-B7D2A4CF529C} = {0EC334D7-633A-4101-B1F3-E65F6E98A81A}
		{2904E9E0-C5AE-4F27-A929-3C01D01070B4} = {0EC334D7-633A-4101-B1F3-E65F6E98A81A}
		{78A96109-228F-4C47-9934-D8BB389FE3FA} = {0EC334D7-633A-4101-B1F3-E65F6E98A81A}
		{7DF32343-5E8D-4479-8D94-E6923AB2DEF7} = {37F3EC93-2D4D-428F-9370-4531F838FA07}
		{7D41D37A-EF1B-4CC4-BA88-BBB8818063F1} = {37F3EC93-2D4D-428F-9370-4531F838FA07}
	EndGlobalSection
	GlobalSection(ExtensibilityGlobals) = postSolution
		SolutionGuid = {C04DB72E-BE48-4EB7-97CF-37FB3B053E6E}
	EndGlobalSection
EndGlobal
