
Microsoft Visual Studio Solution File, Format Version 12.00
# Visual Studio Version 16
VisualStudioVersion = 16.0.30128.74
MinimumVisualStudioVersion = 10.0.40219.1
Project("{9A19103F-16F7-4668-BE54-9A1E7A4F7556}") = "Dt.CalcEngine", "Dt.CalcEngine\Dt.CalcEngine.csproj", "{9D07C3B1-10DF-4FB6-8085-CCC9081AF3E7}"
EndProject
Project("{9A19103F-16F7-4668-BE54-9A1E7A4F7556}") = "Dt.Pdf", "Dt.Pdf\Dt.Pdf.csproj", "{4E68640B-3BD7-4986-8F2A-CFA7BB2E3D23}"
EndProject
Project("{9A19103F-16F7-4668-BE54-9A1E7A4F7556}") = "Dt.Charts", "Dt.Charts\Dt.Charts.csproj", "{17BE2FDE-49C8-4AA1-8A62-E7B94CA8FE91}"
EndProject
Project("{9A19103F-16F7-4668-BE54-9A1E7A4F7556}") = "Dt.Xls", "Dt.Xls\Dt.Xls.csproj", "{7763979D-A30A-417B-BC26-5C40E2EC2403}"
EndProject
Project("{9A19103F-16F7-4668-BE54-9A1E7A4F7556}") = "Dt.Cells.Data", "Dt.Cells.Data\Dt.Cells.Data.csproj", "{7ECC33BC-6F5F-4333-942E-6835E6771927}"
EndProject
Project("{9A19103F-16F7-4668-BE54-9A1E7A4F7556}") = "Dt.Cells", "Dt.Cells\Dt.Cells.csproj", "{A006ED3E-650B-4341-9926-1D81EF44C878}"
EndProject
Global
	GlobalSection(SolutionConfigurationPlatforms) = preSolution
		Debug|Any CPU = Debug|Any CPU
		Release|Any CPU = Release|Any CPU
	EndGlobalSection
	GlobalSection(ProjectConfigurationPlatforms) = postSolution
		{9D07C3B1-10DF-4FB6-8085-CCC9081AF3E7}.Debug|Any CPU.ActiveCfg = Debug|Any CPU
		{9D07C3B1-10DF-4FB6-8085-CCC9081AF3E7}.Debug|Any CPU.Build.0 = Debug|Any CPU
		{9D07C3B1-10DF-4FB6-8085-CCC9081AF3E7}.Release|Any CPU.ActiveCfg = Release|Any CPU
		{9D07C3B1-10DF-4FB6-8085-CCC9081AF3E7}.Release|Any CPU.Build.0 = Release|Any CPU
		{4E68640B-3BD7-4986-8F2A-CFA7BB2E3D23}.Debug|Any CPU.ActiveCfg = Debug|Any CPU
		{4E68640B-3BD7-4986-8F2A-CFA7BB2E3D23}.Debug|Any CPU.Build.0 = Debug|Any CPU
		{4E68640B-3BD7-4986-8F2A-CFA7BB2E3D23}.Release|Any CPU.ActiveCfg = Release|Any CPU
		{4E68640B-3BD7-4986-8F2A-CFA7BB2E3D23}.Release|Any CPU.Build.0 = Release|Any CPU
		{17BE2FDE-49C8-4AA1-8A62-E7B94CA8FE91}.Debug|Any CPU.ActiveCfg = Debug|Any CPU
		{17BE2FDE-49C8-4AA1-8A62-E7B94CA8FE91}.Debug|Any CPU.Build.0 = Debug|Any CPU
		{17BE2FDE-49C8-4AA1-8A62-E7B94CA8FE91}.Release|Any CPU.ActiveCfg = Release|Any CPU
		{17BE2FDE-49C8-4AA1-8A62-E7B94CA8FE91}.Release|Any CPU.Build.0 = Release|Any CPU
		{7763979D-A30A-417B-BC26-5C40E2EC2403}.Debug|Any CPU.ActiveCfg = Debug|Any CPU
		{7763979D-A30A-417B-BC26-5C40E2EC2403}.Debug|Any CPU.Build.0 = Debug|Any CPU
		{7763979D-A30A-417B-BC26-5C40E2EC2403}.Release|Any CPU.ActiveCfg = Release|Any CPU
		{7763979D-A30A-417B-BC26-5C40E2EC2403}.Release|Any CPU.Build.0 = Release|Any CPU
		{7ECC33BC-6F5F-4333-942E-6835E6771927}.Debug|Any CPU.ActiveCfg = Debug|Any CPU
		{7ECC33BC-6F5F-4333-942E-6835E6771927}.Debug|Any CPU.Build.0 = Debug|Any CPU
		{7ECC33BC-6F5F-4333-942E-6835E6771927}.Release|Any CPU.ActiveCfg = Release|Any CPU
		{7ECC33BC-6F5F-4333-942E-6835E6771927}.Release|Any CPU.Build.0 = Release|Any CPU
		{A006ED3E-650B-4341-9926-1D81EF44C878}.Debug|Any CPU.ActiveCfg = Debug|Any CPU
		{A006ED3E-650B-4341-9926-1D81EF44C878}.Debug|Any CPU.Build.0 = Debug|Any CPU
		{A006ED3E-650B-4341-9926-1D81EF44C878}.Release|Any CPU.ActiveCfg = Release|Any CPU
		{A006ED3E-650B-4341-9926-1D81EF44C878}.Release|Any CPU.Build.0 = Release|Any CPU
	EndGlobalSection
	GlobalSection(SolutionProperties) = preSolution
		HideSolutionNode = FALSE
	EndGlobalSection
	GlobalSection(ExtensibilityGlobals) = postSolution
		SolutionGuid = {3B5D3596-CDDF-4998-83F5-95B23E7F54B5}
	EndGlobalSection
EndGlobal
