
Microsoft Visual Studio Solution File, Format Version 12.00
# Visual Studio Version 17
VisualStudioVersion = 17.0.31903.59
MinimumVisualStudioVersion = 10.0.40219.1
Project("{9A19103F-16F7-4668-BE54-9A1E7A4F7556}") = "Dt.Core", "Dt.Core\Dt.Core.csproj", "{E5CD70E4-C362-47D8-B061-67DEF04BCF46}"
EndProject
Project("{9A19103F-16F7-4668-BE54-9A1E7A4F7556}") = "Dt.Base", "Dt.Base\Dt.Base.csproj", "{4AA54354-CA46-4416-AC92-AB4D292DCA3A}"
EndProject
Project("{9A19103F-16F7-4668-BE54-9A1E7A4F7556}") = "Dt.App", "Dt.App\Dt.App.csproj", "{C4293849-A5D8-4BCB-ADDD-D9D7AF0F4876}"
EndProject
Project("{9A19103F-16F7-4668-BE54-9A1E7A4F7556}") = "Dt.Sample", "Dt.Sample\Dt.Sample.csproj", "{93969B47-F11C-42D6-9735-C41345F6803D}"
EndProject
Project("{FAE04EC0-301F-11D3-BF4B-00C04F79EFBC}") = "Dt.Shell.Droid", "Dt.Shell.Droid\Dt.Shell.Droid.csproj", "{CD97CCD6-E470-48F3-A69F-C6E434AB7333}"
EndProject
Project("{2150E333-8FDC-42A3-9474-1A3956D46DE8}") = "App", "App", "{48952DE9-ECAC-46DD-BE87-E2ADA575FF1E}"
EndProject
Project("{FAE04EC0-301F-11D3-BF4B-00C04F79EFBC}") = "Dt.Shell.Uwp", "Dt.Shell.Uwp\Dt.Shell.Uwp.csproj", "{88CAE12F-3D0B-4F4F-82D9-32126F2CB333}"
EndProject
Global
	GlobalSection(SolutionConfigurationPlatforms) = preSolution
		Debug|Any CPU = Debug|Any CPU
		Debug|ARM = Debug|ARM
		Debug|x64 = Debug|x64
		Debug|x86 = Debug|x86
		Release|Any CPU = Release|Any CPU
		Release|ARM = Release|ARM
		Release|x64 = Release|x64
		Release|x86 = Release|x86
	EndGlobalSection
	GlobalSection(ProjectConfigurationPlatforms) = postSolution
		{E5CD70E4-C362-47D8-B061-67DEF04BCF46}.Debug|Any CPU.ActiveCfg = Debug|Any CPU
		{E5CD70E4-C362-47D8-B061-67DEF04BCF46}.Debug|Any CPU.Build.0 = Debug|Any CPU
		{E5CD70E4-C362-47D8-B061-67DEF04BCF46}.Debug|ARM.ActiveCfg = Debug|Any CPU
		{E5CD70E4-C362-47D8-B061-67DEF04BCF46}.Debug|ARM.Build.0 = Debug|Any CPU
		{E5CD70E4-C362-47D8-B061-67DEF04BCF46}.Debug|x64.ActiveCfg = Debug|Any CPU
		{E5CD70E4-C362-47D8-B061-67DEF04BCF46}.Debug|x64.Build.0 = Debug|Any CPU
		{E5CD70E4-C362-47D8-B061-67DEF04BCF46}.Debug|x86.ActiveCfg = Debug|Any CPU
		{E5CD70E4-C362-47D8-B061-67DEF04BCF46}.Release|Any CPU.ActiveCfg = Release|Any CPU
		{E5CD70E4-C362-47D8-B061-67DEF04BCF46}.Release|Any CPU.Build.0 = Release|Any CPU
		{E5CD70E4-C362-47D8-B061-67DEF04BCF46}.Release|ARM.ActiveCfg = Release|Any CPU
		{E5CD70E4-C362-47D8-B061-67DEF04BCF46}.Release|ARM.Build.0 = Release|Any CPU
		{E5CD70E4-C362-47D8-B061-67DEF04BCF46}.Release|x64.ActiveCfg = Release|Any CPU
		{E5CD70E4-C362-47D8-B061-67DEF04BCF46}.Release|x64.Build.0 = Release|Any CPU
		{E5CD70E4-C362-47D8-B061-67DEF04BCF46}.Release|x86.ActiveCfg = Release|Any CPU
		{E5CD70E4-C362-47D8-B061-67DEF04BCF46}.Release|x86.Build.0 = Release|Any CPU
		{4AA54354-CA46-4416-AC92-AB4D292DCA3A}.Debug|Any CPU.ActiveCfg = Debug|Any CPU
		{4AA54354-CA46-4416-AC92-AB4D292DCA3A}.Debug|Any CPU.Build.0 = Debug|Any CPU
		{4AA54354-CA46-4416-AC92-AB4D292DCA3A}.Debug|ARM.ActiveCfg = Debug|Any CPU
		{4AA54354-CA46-4416-AC92-AB4D292DCA3A}.Debug|ARM.Build.0 = Debug|Any CPU
		{4AA54354-CA46-4416-AC92-AB4D292DCA3A}.Debug|x64.ActiveCfg = Debug|Any CPU
		{4AA54354-CA46-4416-AC92-AB4D292DCA3A}.Debug|x64.Build.0 = Debug|Any CPU
		{4AA54354-CA46-4416-AC92-AB4D292DCA3A}.Debug|x86.ActiveCfg = Debug|Any CPU
		{4AA54354-CA46-4416-AC92-AB4D292DCA3A}.Release|Any CPU.ActiveCfg = Release|Any CPU
		{4AA54354-CA46-4416-AC92-AB4D292DCA3A}.Release|Any CPU.Build.0 = Release|Any CPU
		{4AA54354-CA46-4416-AC92-AB4D292DCA3A}.Release|ARM.ActiveCfg = Release|Any CPU
		{4AA54354-CA46-4416-AC92-AB4D292DCA3A}.Release|ARM.Build.0 = Release|Any CPU
		{4AA54354-CA46-4416-AC92-AB4D292DCA3A}.Release|x64.ActiveCfg = Release|Any CPU
		{4AA54354-CA46-4416-AC92-AB4D292DCA3A}.Release|x64.Build.0 = Release|Any CPU
		{4AA54354-CA46-4416-AC92-AB4D292DCA3A}.Release|x86.ActiveCfg = Release|Any CPU
		{4AA54354-CA46-4416-AC92-AB4D292DCA3A}.Release|x86.Build.0 = Release|Any CPU
		{C4293849-A5D8-4BCB-ADDD-D9D7AF0F4876}.Debug|Any CPU.ActiveCfg = Debug|Any CPU
		{C4293849-A5D8-4BCB-ADDD-D9D7AF0F4876}.Debug|Any CPU.Build.0 = Debug|Any CPU
		{C4293849-A5D8-4BCB-ADDD-D9D7AF0F4876}.Debug|ARM.ActiveCfg = Debug|Any CPU
		{C4293849-A5D8-4BCB-ADDD-D9D7AF0F4876}.Debug|ARM.Build.0 = Debug|Any CPU
		{C4293849-A5D8-4BCB-ADDD-D9D7AF0F4876}.Debug|x64.ActiveCfg = Debug|Any CPU
		{C4293849-A5D8-4BCB-ADDD-D9D7AF0F4876}.Debug|x64.Build.0 = Debug|Any CPU
		{C4293849-A5D8-4BCB-ADDD-D9D7AF0F4876}.Debug|x86.ActiveCfg = Debug|Any CPU
		{C4293849-A5D8-4BCB-ADDD-D9D7AF0F4876}.Release|Any CPU.ActiveCfg = Release|Any CPU
		{C4293849-A5D8-4BCB-ADDD-D9D7AF0F4876}.Release|Any CPU.Build.0 = Release|Any CPU
		{C4293849-A5D8-4BCB-ADDD-D9D7AF0F4876}.Release|ARM.ActiveCfg = Release|Any CPU
		{C4293849-A5D8-4BCB-ADDD-D9D7AF0F4876}.Release|ARM.Build.0 = Release|Any CPU
		{C4293849-A5D8-4BCB-ADDD-D9D7AF0F4876}.Release|x64.ActiveCfg = Release|Any CPU
		{C4293849-A5D8-4BCB-ADDD-D9D7AF0F4876}.Release|x64.Build.0 = Release|Any CPU
		{C4293849-A5D8-4BCB-ADDD-D9D7AF0F4876}.Release|x86.ActiveCfg = Release|Any CPU
		{C4293849-A5D8-4BCB-ADDD-D9D7AF0F4876}.Release|x86.Build.0 = Release|Any CPU
		{93969B47-F11C-42D6-9735-C41345F6803D}.Debug|Any CPU.ActiveCfg = Debug|Any CPU
		{93969B47-F11C-42D6-9735-C41345F6803D}.Debug|Any CPU.Build.0 = Debug|Any CPU
		{93969B47-F11C-42D6-9735-C41345F6803D}.Debug|ARM.ActiveCfg = Debug|Any CPU
		{93969B47-F11C-42D6-9735-C41345F6803D}.Debug|ARM.Build.0 = Debug|Any CPU
		{93969B47-F11C-42D6-9735-C41345F6803D}.Debug|x64.ActiveCfg = Debug|Any CPU
		{93969B47-F11C-42D6-9735-C41345F6803D}.Debug|x64.Build.0 = Debug|Any CPU
		{93969B47-F11C-42D6-9735-C41345F6803D}.Debug|x86.ActiveCfg = Debug|Any CPU
		{93969B47-F11C-42D6-9735-C41345F6803D}.Release|Any CPU.ActiveCfg = Release|Any CPU
		{93969B47-F11C-42D6-9735-C41345F6803D}.Release|Any CPU.Build.0 = Release|Any CPU
		{93969B47-F11C-42D6-9735-C41345F6803D}.Release|ARM.ActiveCfg = Release|Any CPU
		{93969B47-F11C-42D6-9735-C41345F6803D}.Release|ARM.Build.0 = Release|Any CPU
		{93969B47-F11C-42D6-9735-C41345F6803D}.Release|x64.ActiveCfg = Release|Any CPU
		{93969B47-F11C-42D6-9735-C41345F6803D}.Release|x64.Build.0 = Release|Any CPU
		{93969B47-F11C-42D6-9735-C41345F6803D}.Release|x86.ActiveCfg = Release|Any CPU
		{93969B47-F11C-42D6-9735-C41345F6803D}.Release|x86.Build.0 = Release|Any CPU
		{CD97CCD6-E470-48F3-A69F-C6E434AB7333}.Debug|Any CPU.ActiveCfg = Debug|Any CPU
		{CD97CCD6-E470-48F3-A69F-C6E434AB7333}.Debug|Any CPU.Build.0 = Debug|Any CPU
		{CD97CCD6-E470-48F3-A69F-C6E434AB7333}.Debug|Any CPU.Deploy.0 = Debug|Any CPU
		{CD97CCD6-E470-48F3-A69F-C6E434AB7333}.Debug|ARM.ActiveCfg = Debug|Any CPU
		{CD97CCD6-E470-48F3-A69F-C6E434AB7333}.Debug|ARM.Build.0 = Debug|Any CPU
		{CD97CCD6-E470-48F3-A69F-C6E434AB7333}.Debug|ARM.Deploy.0 = Debug|Any CPU
		{CD97CCD6-E470-48F3-A69F-C6E434AB7333}.Debug|x64.ActiveCfg = Debug|Any CPU
		{CD97CCD6-E470-48F3-A69F-C6E434AB7333}.Debug|x64.Build.0 = Debug|Any CPU
		{CD97CCD6-E470-48F3-A69F-C6E434AB7333}.Debug|x64.Deploy.0 = Debug|Any CPU
		{CD97CCD6-E470-48F3-A69F-C6E434AB7333}.Debug|x86.ActiveCfg = Debug|Any CPU
		{CD97CCD6-E470-48F3-A69F-C6E434AB7333}.Debug|x86.Build.0 = Debug|Any CPU
		{CD97CCD6-E470-48F3-A69F-C6E434AB7333}.Debug|x86.Deploy.0 = Debug|Any CPU
		{CD97CCD6-E470-48F3-A69F-C6E434AB7333}.Release|Any CPU.ActiveCfg = Release|Any CPU
		{CD97CCD6-E470-48F3-A69F-C6E434AB7333}.Release|Any CPU.Build.0 = Release|Any CPU
		{CD97CCD6-E470-48F3-A69F-C6E434AB7333}.Release|Any CPU.Deploy.0 = Release|Any CPU
		{CD97CCD6-E470-48F3-A69F-C6E434AB7333}.Release|ARM.ActiveCfg = Release|Any CPU
		{CD97CCD6-E470-48F3-A69F-C6E434AB7333}.Release|ARM.Build.0 = Release|Any CPU
		{CD97CCD6-E470-48F3-A69F-C6E434AB7333}.Release|ARM.Deploy.0 = Release|Any CPU
		{CD97CCD6-E470-48F3-A69F-C6E434AB7333}.Release|x64.ActiveCfg = Release|Any CPU
		{CD97CCD6-E470-48F3-A69F-C6E434AB7333}.Release|x64.Build.0 = Release|Any CPU
		{CD97CCD6-E470-48F3-A69F-C6E434AB7333}.Release|x64.Deploy.0 = Release|Any CPU
		{CD97CCD6-E470-48F3-A69F-C6E434AB7333}.Release|x86.ActiveCfg = Release|Any CPU
		{CD97CCD6-E470-48F3-A69F-C6E434AB7333}.Release|x86.Build.0 = Release|Any CPU
		{CD97CCD6-E470-48F3-A69F-C6E434AB7333}.Release|x86.Deploy.0 = Release|Any CPU
		{88CAE12F-3D0B-4F4F-82D9-32126F2CB333}.Debug|Any CPU.ActiveCfg = Debug|x86
		{88CAE12F-3D0B-4F4F-82D9-32126F2CB333}.Debug|Any CPU.Build.0 = Debug|x86
		{88CAE12F-3D0B-4F4F-82D9-32126F2CB333}.Debug|Any CPU.Deploy.0 = Debug|x86
		{88CAE12F-3D0B-4F4F-82D9-32126F2CB333}.Debug|ARM.ActiveCfg = Debug|ARM
		{88CAE12F-3D0B-4F4F-82D9-32126F2CB333}.Debug|ARM.Build.0 = Debug|ARM
		{88CAE12F-3D0B-4F4F-82D9-32126F2CB333}.Debug|ARM.Deploy.0 = Debug|ARM
		{88CAE12F-3D0B-4F4F-82D9-32126F2CB333}.Debug|x64.ActiveCfg = Debug|x64
		{88CAE12F-3D0B-4F4F-82D9-32126F2CB333}.Debug|x64.Build.0 = Debug|x64
		{88CAE12F-3D0B-4F4F-82D9-32126F2CB333}.Debug|x64.Deploy.0 = Debug|x64
		{88CAE12F-3D0B-4F4F-82D9-32126F2CB333}.Debug|x86.ActiveCfg = Debug|x86
		{88CAE12F-3D0B-4F4F-82D9-32126F2CB333}.Debug|x86.Build.0 = Debug|x86
		{88CAE12F-3D0B-4F4F-82D9-32126F2CB333}.Debug|x86.Deploy.0 = Debug|x86
		{88CAE12F-3D0B-4F4F-82D9-32126F2CB333}.Release|Any CPU.ActiveCfg = Release|x86
		{88CAE12F-3D0B-4F4F-82D9-32126F2CB333}.Release|ARM.ActiveCfg = Release|ARM
		{88CAE12F-3D0B-4F4F-82D9-32126F2CB333}.Release|ARM.Build.0 = Release|ARM
		{88CAE12F-3D0B-4F4F-82D9-32126F2CB333}.Release|ARM.Deploy.0 = Release|ARM
		{88CAE12F-3D0B-4F4F-82D9-32126F2CB333}.Release|x64.ActiveCfg = Release|x64
		{88CAE12F-3D0B-4F4F-82D9-32126F2CB333}.Release|x64.Build.0 = Release|x64
		{88CAE12F-3D0B-4F4F-82D9-32126F2CB333}.Release|x64.Deploy.0 = Release|x64
		{88CAE12F-3D0B-4F4F-82D9-32126F2CB333}.Release|x86.ActiveCfg = Release|x86
		{88CAE12F-3D0B-4F4F-82D9-32126F2CB333}.Release|x86.Build.0 = Release|x86
		{88CAE12F-3D0B-4F4F-82D9-32126F2CB333}.Release|x86.Deploy.0 = Release|x86
	EndGlobalSection
	GlobalSection(SolutionProperties) = preSolution
		HideSolutionNode = FALSE
	EndGlobalSection
	GlobalSection(NestedProjects) = preSolution
		{CD97CCD6-E470-48F3-A69F-C6E434AB7333} = {48952DE9-ECAC-46DD-BE87-E2ADA575FF1E}
		{88CAE12F-3D0B-4F4F-82D9-32126F2CB333} = {48952DE9-ECAC-46DD-BE87-E2ADA575FF1E}
	EndGlobalSection
	GlobalSection(ExtensibilityGlobals) = postSolution
		SolutionGuid = {3B5D3596-CDDF-4998-83F5-95B23E7F5222}
	EndGlobalSection
EndGlobal
