
Microsoft Visual Studio Solution File, Format Version 12.00
# Visual Studio Version 17
VisualStudioVersion = 17.1.31903.286
MinimumVisualStudioVersion = 10.0.40219.1
Project("{9A19103F-16F7-4668-BE54-9A1E7A4F7556}") = "Dt.Core", "Dt.Core\Dt.Core.csproj", "{589A934E-FF5F-4FBF-B43D-86807AD179B5}"
EndProject
Project("{9A19103F-16F7-4668-BE54-9A1E7A4F7556}") = "Dt.Cm", "Dt.Cm\Dt.Cm.csproj", "{04A08479-2132-4210-9C3E-031C94F5E30F}"
EndProject
Project("{9A19103F-16F7-4668-BE54-9A1E7A4F7556}") = "Dt.Fsm", "Dt.Fsm\Dt.Fsm.csproj", "{356EBB5C-8AFF-47D3-8ED0-1906694B0DD1}"
EndProject
Project("{9A19103F-16F7-4668-BE54-9A1E7A4F7556}") = "Dt.Msg", "Dt.Msg\Dt.Msg.csproj", "{F057FB0E-7245-49A8-B97F-AA2E78E57BC8}"
EndProject
Project("{2150E333-8FDC-42A3-9474-1A3956D46DE8}") = "Web", "Web", "{41BE82A8-96F4-4CF5-87CE-28BBD0F9834A}"
EndProject
Project("{9A19103F-16F7-4668-BE54-9A1E7A4F7556}") = "Cm", "Cm\Cm.csproj", "{7521F73B-B855-44EA-81B9-9C6DCFFB236B}"
EndProject
Project("{9A19103F-16F7-4668-BE54-9A1E7A4F7556}") = "Msg", "Msg\Msg.csproj", "{E99BC147-CBA5-4188-BD7F-388A8AC1862F}"
EndProject
Project("{9A19103F-16F7-4668-BE54-9A1E7A4F7556}") = "Fsm", "Fsm\Fsm.csproj", "{8C002790-816D-4FA4-A2B2-9431967EB422}"
EndProject
Project("{9A19103F-16F7-4668-BE54-9A1E7A4F7556}") = "Boot", "Boot\Boot.csproj", "{10D1C53C-F8E4-4BF7-92B8-07FDD682D4F3}"
EndProject
Project("{9A19103F-16F7-4668-BE54-9A1E7A4F7556}") = "Cosm", "Cosm\Cosm.csproj", "{220B5BCC-99BC-45CF-9E25-EED8A22429B3}"
EndProject
Global
	GlobalSection(SolutionConfigurationPlatforms) = preSolution
		Debug|Any CPU = Debug|Any CPU
		Release|Any CPU = Release|Any CPU
	EndGlobalSection
	GlobalSection(ProjectConfigurationPlatforms) = postSolution
		{589A934E-FF5F-4FBF-B43D-86807AD179B5}.Debug|Any CPU.ActiveCfg = Debug|Any CPU
		{589A934E-FF5F-4FBF-B43D-86807AD179B5}.Debug|Any CPU.Build.0 = Debug|Any CPU
		{589A934E-FF5F-4FBF-B43D-86807AD179B5}.Release|Any CPU.ActiveCfg = Release|Any CPU
		{589A934E-FF5F-4FBF-B43D-86807AD179B5}.Release|Any CPU.Build.0 = Release|Any CPU
		{04A08479-2132-4210-9C3E-031C94F5E30F}.Debug|Any CPU.ActiveCfg = Debug|Any CPU
		{04A08479-2132-4210-9C3E-031C94F5E30F}.Debug|Any CPU.Build.0 = Debug|Any CPU
		{04A08479-2132-4210-9C3E-031C94F5E30F}.Release|Any CPU.ActiveCfg = Release|Any CPU
		{04A08479-2132-4210-9C3E-031C94F5E30F}.Release|Any CPU.Build.0 = Release|Any CPU
		{356EBB5C-8AFF-47D3-8ED0-1906694B0DD1}.Debug|Any CPU.ActiveCfg = Debug|Any CPU
		{356EBB5C-8AFF-47D3-8ED0-1906694B0DD1}.Debug|Any CPU.Build.0 = Debug|Any CPU
		{356EBB5C-8AFF-47D3-8ED0-1906694B0DD1}.Release|Any CPU.ActiveCfg = Release|Any CPU
		{356EBB5C-8AFF-47D3-8ED0-1906694B0DD1}.Release|Any CPU.Build.0 = Release|Any CPU
		{F057FB0E-7245-49A8-B97F-AA2E78E57BC8}.Debug|Any CPU.ActiveCfg = Debug|Any CPU
		{F057FB0E-7245-49A8-B97F-AA2E78E57BC8}.Debug|Any CPU.Build.0 = Debug|Any CPU
		{F057FB0E-7245-49A8-B97F-AA2E78E57BC8}.Release|Any CPU.ActiveCfg = Release|Any CPU
		{F057FB0E-7245-49A8-B97F-AA2E78E57BC8}.Release|Any CPU.Build.0 = Release|Any CPU
		{7521F73B-B855-44EA-81B9-9C6DCFFB236B}.Debug|Any CPU.ActiveCfg = Debug|Any CPU
		{7521F73B-B855-44EA-81B9-9C6DCFFB236B}.Debug|Any CPU.Build.0 = Debug|Any CPU
		{7521F73B-B855-44EA-81B9-9C6DCFFB236B}.Release|Any CPU.ActiveCfg = Release|Any CPU
		{7521F73B-B855-44EA-81B9-9C6DCFFB236B}.Release|Any CPU.Build.0 = Release|Any CPU
		{E99BC147-CBA5-4188-BD7F-388A8AC1862F}.Debug|Any CPU.ActiveCfg = Debug|Any CPU
		{E99BC147-CBA5-4188-BD7F-388A8AC1862F}.Debug|Any CPU.Build.0 = Debug|Any CPU
		{E99BC147-CBA5-4188-BD7F-388A8AC1862F}.Release|Any CPU.ActiveCfg = Release|Any CPU
		{E99BC147-CBA5-4188-BD7F-388A8AC1862F}.Release|Any CPU.Build.0 = Release|Any CPU
		{8C002790-816D-4FA4-A2B2-9431967EB422}.Debug|Any CPU.ActiveCfg = Debug|Any CPU
		{8C002790-816D-4FA4-A2B2-9431967EB422}.Debug|Any CPU.Build.0 = Debug|Any CPU
		{8C002790-816D-4FA4-A2B2-9431967EB422}.Release|Any CPU.ActiveCfg = Release|Any CPU
		{8C002790-816D-4FA4-A2B2-9431967EB422}.Release|Any CPU.Build.0 = Release|Any CPU
		{10D1C53C-F8E4-4BF7-92B8-07FDD682D4F3}.Debug|Any CPU.ActiveCfg = Debug|Any CPU
		{10D1C53C-F8E4-4BF7-92B8-07FDD682D4F3}.Debug|Any CPU.Build.0 = Debug|Any CPU
		{10D1C53C-F8E4-4BF7-92B8-07FDD682D4F3}.Release|Any CPU.ActiveCfg = Release|Any CPU
		{10D1C53C-F8E4-4BF7-92B8-07FDD682D4F3}.Release|Any CPU.Build.0 = Release|Any CPU
		{220B5BCC-99BC-45CF-9E25-EED8A22429B3}.Debug|Any CPU.ActiveCfg = Debug|Any CPU
		{220B5BCC-99BC-45CF-9E25-EED8A22429B3}.Debug|Any CPU.Build.0 = Debug|Any CPU
		{220B5BCC-99BC-45CF-9E25-EED8A22429B3}.Release|Any CPU.ActiveCfg = Release|Any CPU
		{220B5BCC-99BC-45CF-9E25-EED8A22429B3}.Release|Any CPU.Build.0 = Release|Any CPU
	EndGlobalSection
	GlobalSection(SolutionProperties) = preSolution
		HideSolutionNode = FALSE
	EndGlobalSection
	GlobalSection(NestedProjects) = preSolution
		{7521F73B-B855-44EA-81B9-9C6DCFFB236B} = {41BE82A8-96F4-4CF5-87CE-28BBD0F9834A}
		{E99BC147-CBA5-4188-BD7F-388A8AC1862F} = {41BE82A8-96F4-4CF5-87CE-28BBD0F9834A}
		{8C002790-816D-4FA4-A2B2-9431967EB422} = {41BE82A8-96F4-4CF5-87CE-28BBD0F9834A}
		{10D1C53C-F8E4-4BF7-92B8-07FDD682D4F3} = {41BE82A8-96F4-4CF5-87CE-28BBD0F9834A}
		{220B5BCC-99BC-45CF-9E25-EED8A22429B3} = {41BE82A8-96F4-4CF5-87CE-28BBD0F9834A}
	EndGlobalSection
	GlobalSection(ExtensibilityGlobals) = postSolution
		SolutionGuid = {9810668E-9B3E-46BD-8D8E-5089E1CFA338}
	EndGlobalSection
EndGlobal
