
Microsoft Visual Studio Solution File, Format Version 12.00
# Visual Studio Version 17
VisualStudioVersion = 17.1.31911.260
MinimumVisualStudioVersion = 10.0.40219.1
Project("{9A19103F-16F7-4668-BE54-9A1E7A4F7556}") = "Dt.CalcEngine", "Dt.CalcEngine\Dt.CalcEngine.csproj", "{AB4E1164-DF98-4747-AC93-3AC1D194E4A4}"
EndProject
Project("{9A19103F-16F7-4668-BE54-9A1E7A4F7556}") = "Dt.Xls", "Dt.Xls\Dt.Xls.csproj", "{C90A48D6-106F-414C-9001-F8AFE0AE569F}"
EndProject
Project("{9A19103F-16F7-4668-BE54-9A1E7A4F7556}") = "Dt.Pdf", "Dt.Pdf\Dt.Pdf.csproj", "{B189D8C4-9D14-4292-B96A-ECA8E111CA3D}"
EndProject
Project("{9A19103F-16F7-4668-BE54-9A1E7A4F7556}") = "Dt.Charts", "Dt.Charts\Dt.Charts.csproj", "{F053BB5B-77BC-4AC7-9158-164B903A3008}"
EndProject
Project("{9A19103F-16F7-4668-BE54-9A1E7A4F7556}") = "Dt.Cells.Data", "Dt.Cells.Data\Dt.Cells.Data.csproj", "{1AC652DF-70B0-4914-AB16-34BC6B55555C}"
EndProject
Project("{9A19103F-16F7-4668-BE54-9A1E7A4F7556}") = "Dt.Cells", "Dt.Cells\Dt.Cells.csproj", "{E1B55590-07BB-4523-957A-67969BD8B346}"
EndProject
Project("{9A19103F-16F7-4668-BE54-9A1E7A4F7556}") = "Dt.Stable.Win", "Dt.Stable.Win\Dt.Stable.Win.csproj", "{C29251B7-801C-4F2A-BAAA-67CA72BE68F4}"
EndProject
Project("{2150E333-8FDC-42A3-9474-1A3956D46DE8}") = "App", "App", "{C1FF7E0E-EA86-45A8-907D-40D321C8A100}"
EndProject
Project("{2150E333-8FDC-42A3-9474-1A3956D46DE8}") = "Lib", "Lib", "{8C0247A8-F080-461D-A928-06F2EB323E93}"
EndProject
Project("{9A19103F-16F7-4668-BE54-9A1E7A4F7556}") = "Dt.Stable.Droid", "Dt.Stable.Droid\Dt.Stable.Droid.csproj", "{1A7184F8-CEDC-4588-BF75-D04B0EE5DF5D}"
EndProject
Global
	GlobalSection(SolutionConfigurationPlatforms) = preSolution
		Debug|Any CPU = Debug|Any CPU
		Debug|x64 = Debug|x64
		Debug|x86 = Debug|x86
		Release|Any CPU = Release|Any CPU
		Release|x64 = Release|x64
		Release|x86 = Release|x86
	EndGlobalSection
	GlobalSection(ProjectConfigurationPlatforms) = postSolution
		{AB4E1164-DF98-4747-AC93-3AC1D194E4A4}.Debug|Any CPU.ActiveCfg = Debug|Any CPU
		{AB4E1164-DF98-4747-AC93-3AC1D194E4A4}.Debug|Any CPU.Build.0 = Debug|Any CPU
		{AB4E1164-DF98-4747-AC93-3AC1D194E4A4}.Debug|x64.ActiveCfg = Debug|Any CPU
		{AB4E1164-DF98-4747-AC93-3AC1D194E4A4}.Debug|x64.Build.0 = Debug|Any CPU
		{AB4E1164-DF98-4747-AC93-3AC1D194E4A4}.Debug|x86.ActiveCfg = Debug|Any CPU
		{AB4E1164-DF98-4747-AC93-3AC1D194E4A4}.Debug|x86.Build.0 = Debug|Any CPU
		{AB4E1164-DF98-4747-AC93-3AC1D194E4A4}.Release|Any CPU.ActiveCfg = Release|Any CPU
		{AB4E1164-DF98-4747-AC93-3AC1D194E4A4}.Release|Any CPU.Build.0 = Release|Any CPU
		{AB4E1164-DF98-4747-AC93-3AC1D194E4A4}.Release|x64.ActiveCfg = Release|Any CPU
		{AB4E1164-DF98-4747-AC93-3AC1D194E4A4}.Release|x64.Build.0 = Release|Any CPU
		{AB4E1164-DF98-4747-AC93-3AC1D194E4A4}.Release|x86.ActiveCfg = Release|Any CPU
		{AB4E1164-DF98-4747-AC93-3AC1D194E4A4}.Release|x86.Build.0 = Release|Any CPU
		{C90A48D6-106F-414C-9001-F8AFE0AE569F}.Debug|Any CPU.ActiveCfg = Debug|Any CPU
		{C90A48D6-106F-414C-9001-F8AFE0AE569F}.Debug|Any CPU.Build.0 = Debug|Any CPU
		{C90A48D6-106F-414C-9001-F8AFE0AE569F}.Debug|x64.ActiveCfg = Debug|Any CPU
		{C90A48D6-106F-414C-9001-F8AFE0AE569F}.Debug|x64.Build.0 = Debug|Any CPU
		{C90A48D6-106F-414C-9001-F8AFE0AE569F}.Debug|x86.ActiveCfg = Debug|Any CPU
		{C90A48D6-106F-414C-9001-F8AFE0AE569F}.Debug|x86.Build.0 = Debug|Any CPU
		{C90A48D6-106F-414C-9001-F8AFE0AE569F}.Release|Any CPU.ActiveCfg = Release|Any CPU
		{C90A48D6-106F-414C-9001-F8AFE0AE569F}.Release|Any CPU.Build.0 = Release|Any CPU
		{C90A48D6-106F-414C-9001-F8AFE0AE569F}.Release|x64.ActiveCfg = Release|Any CPU
		{C90A48D6-106F-414C-9001-F8AFE0AE569F}.Release|x64.Build.0 = Release|Any CPU
		{C90A48D6-106F-414C-9001-F8AFE0AE569F}.Release|x86.ActiveCfg = Release|Any CPU
		{C90A48D6-106F-414C-9001-F8AFE0AE569F}.Release|x86.Build.0 = Release|Any CPU
		{B189D8C4-9D14-4292-B96A-ECA8E111CA3D}.Debug|Any CPU.ActiveCfg = Debug|Any CPU
		{B189D8C4-9D14-4292-B96A-ECA8E111CA3D}.Debug|Any CPU.Build.0 = Debug|Any CPU
		{B189D8C4-9D14-4292-B96A-ECA8E111CA3D}.Debug|x64.ActiveCfg = Debug|Any CPU
		{B189D8C4-9D14-4292-B96A-ECA8E111CA3D}.Debug|x64.Build.0 = Debug|Any CPU
		{B189D8C4-9D14-4292-B96A-ECA8E111CA3D}.Debug|x86.ActiveCfg = Debug|Any CPU
		{B189D8C4-9D14-4292-B96A-ECA8E111CA3D}.Debug|x86.Build.0 = Debug|Any CPU
		{B189D8C4-9D14-4292-B96A-ECA8E111CA3D}.Release|Any CPU.ActiveCfg = Release|Any CPU
		{B189D8C4-9D14-4292-B96A-ECA8E111CA3D}.Release|Any CPU.Build.0 = Release|Any CPU
		{B189D8C4-9D14-4292-B96A-ECA8E111CA3D}.Release|x64.ActiveCfg = Release|Any CPU
		{B189D8C4-9D14-4292-B96A-ECA8E111CA3D}.Release|x64.Build.0 = Release|Any CPU
		{B189D8C4-9D14-4292-B96A-ECA8E111CA3D}.Release|x86.ActiveCfg = Release|Any CPU
		{B189D8C4-9D14-4292-B96A-ECA8E111CA3D}.Release|x86.Build.0 = Release|Any CPU
		{F053BB5B-77BC-4AC7-9158-164B903A3008}.Debug|Any CPU.ActiveCfg = Debug|Any CPU
		{F053BB5B-77BC-4AC7-9158-164B903A3008}.Debug|Any CPU.Build.0 = Debug|Any CPU
		{F053BB5B-77BC-4AC7-9158-164B903A3008}.Debug|x64.ActiveCfg = Debug|Any CPU
		{F053BB5B-77BC-4AC7-9158-164B903A3008}.Debug|x64.Build.0 = Debug|Any CPU
		{F053BB5B-77BC-4AC7-9158-164B903A3008}.Debug|x86.ActiveCfg = Debug|Any CPU
		{F053BB5B-77BC-4AC7-9158-164B903A3008}.Debug|x86.Build.0 = Debug|Any CPU
		{F053BB5B-77BC-4AC7-9158-164B903A3008}.Release|Any CPU.ActiveCfg = Release|Any CPU
		{F053BB5B-77BC-4AC7-9158-164B903A3008}.Release|Any CPU.Build.0 = Release|Any CPU
		{F053BB5B-77BC-4AC7-9158-164B903A3008}.Release|x64.ActiveCfg = Release|Any CPU
		{F053BB5B-77BC-4AC7-9158-164B903A3008}.Release|x64.Build.0 = Release|Any CPU
		{F053BB5B-77BC-4AC7-9158-164B903A3008}.Release|x86.ActiveCfg = Release|Any CPU
		{F053BB5B-77BC-4AC7-9158-164B903A3008}.Release|x86.Build.0 = Release|Any CPU
		{1AC652DF-70B0-4914-AB16-34BC6B55555C}.Debug|Any CPU.ActiveCfg = Debug|Any CPU
		{1AC652DF-70B0-4914-AB16-34BC6B55555C}.Debug|Any CPU.Build.0 = Debug|Any CPU
		{1AC652DF-70B0-4914-AB16-34BC6B55555C}.Debug|x64.ActiveCfg = Debug|Any CPU
		{1AC652DF-70B0-4914-AB16-34BC6B55555C}.Debug|x64.Build.0 = Debug|Any CPU
		{1AC652DF-70B0-4914-AB16-34BC6B55555C}.Debug|x86.ActiveCfg = Debug|Any CPU
		{1AC652DF-70B0-4914-AB16-34BC6B55555C}.Debug|x86.Build.0 = Debug|Any CPU
		{1AC652DF-70B0-4914-AB16-34BC6B55555C}.Release|Any CPU.ActiveCfg = Release|Any CPU
		{1AC652DF-70B0-4914-AB16-34BC6B55555C}.Release|Any CPU.Build.0 = Release|Any CPU
		{1AC652DF-70B0-4914-AB16-34BC6B55555C}.Release|x64.ActiveCfg = Release|Any CPU
		{1AC652DF-70B0-4914-AB16-34BC6B55555C}.Release|x64.Build.0 = Release|Any CPU
		{1AC652DF-70B0-4914-AB16-34BC6B55555C}.Release|x86.ActiveCfg = Release|Any CPU
		{1AC652DF-70B0-4914-AB16-34BC6B55555C}.Release|x86.Build.0 = Release|Any CPU
		{E1B55590-07BB-4523-957A-67969BD8B346}.Debug|Any CPU.ActiveCfg = Debug|Any CPU
		{E1B55590-07BB-4523-957A-67969BD8B346}.Debug|Any CPU.Build.0 = Debug|Any CPU
		{E1B55590-07BB-4523-957A-67969BD8B346}.Debug|x64.ActiveCfg = Debug|Any CPU
		{E1B55590-07BB-4523-957A-67969BD8B346}.Debug|x64.Build.0 = Debug|Any CPU
		{E1B55590-07BB-4523-957A-67969BD8B346}.Debug|x86.ActiveCfg = Debug|Any CPU
		{E1B55590-07BB-4523-957A-67969BD8B346}.Debug|x86.Build.0 = Debug|Any CPU
		{E1B55590-07BB-4523-957A-67969BD8B346}.Release|Any CPU.ActiveCfg = Release|Any CPU
		{E1B55590-07BB-4523-957A-67969BD8B346}.Release|Any CPU.Build.0 = Release|Any CPU
		{E1B55590-07BB-4523-957A-67969BD8B346}.Release|x64.ActiveCfg = Release|Any CPU
		{E1B55590-07BB-4523-957A-67969BD8B346}.Release|x64.Build.0 = Release|Any CPU
		{E1B55590-07BB-4523-957A-67969BD8B346}.Release|x86.ActiveCfg = Release|Any CPU
		{E1B55590-07BB-4523-957A-67969BD8B346}.Release|x86.Build.0 = Release|Any CPU
		{C29251B7-801C-4F2A-BAAA-67CA72BE68F4}.Debug|Any CPU.ActiveCfg = Debug|x64
		{C29251B7-801C-4F2A-BAAA-67CA72BE68F4}.Debug|Any CPU.Build.0 = Debug|x64
		{C29251B7-801C-4F2A-BAAA-67CA72BE68F4}.Debug|Any CPU.Deploy.0 = Debug|x64
		{C29251B7-801C-4F2A-BAAA-67CA72BE68F4}.Debug|x64.ActiveCfg = Debug|x64
		{C29251B7-801C-4F2A-BAAA-67CA72BE68F4}.Debug|x64.Build.0 = Debug|x64
		{C29251B7-801C-4F2A-BAAA-67CA72BE68F4}.Debug|x86.ActiveCfg = Debug|x86
		{C29251B7-801C-4F2A-BAAA-67CA72BE68F4}.Debug|x86.Build.0 = Debug|x86
		{C29251B7-801C-4F2A-BAAA-67CA72BE68F4}.Release|Any CPU.ActiveCfg = Release|x64
		{C29251B7-801C-4F2A-BAAA-67CA72BE68F4}.Release|Any CPU.Build.0 = Release|x64
		{C29251B7-801C-4F2A-BAAA-67CA72BE68F4}.Release|x64.ActiveCfg = Release|x64
		{C29251B7-801C-4F2A-BAAA-67CA72BE68F4}.Release|x64.Build.0 = Release|x64
		{C29251B7-801C-4F2A-BAAA-67CA72BE68F4}.Release|x86.ActiveCfg = Release|x86
		{C29251B7-801C-4F2A-BAAA-67CA72BE68F4}.Release|x86.Build.0 = Release|x86
		{1A7184F8-CEDC-4588-BF75-D04B0EE5DF5D}.Debug|Any CPU.ActiveCfg = Debug|Any CPU
		{1A7184F8-CEDC-4588-BF75-D04B0EE5DF5D}.Debug|Any CPU.Build.0 = Debug|Any CPU
		{1A7184F8-CEDC-4588-BF75-D04B0EE5DF5D}.Debug|Any CPU.Deploy.0 = Debug|Any CPU
		{1A7184F8-CEDC-4588-BF75-D04B0EE5DF5D}.Debug|x64.ActiveCfg = Debug|Any CPU
		{1A7184F8-CEDC-4588-BF75-D04B0EE5DF5D}.Debug|x64.Build.0 = Debug|Any CPU
		{1A7184F8-CEDC-4588-BF75-D04B0EE5DF5D}.Debug|x64.Deploy.0 = Debug|Any CPU
		{1A7184F8-CEDC-4588-BF75-D04B0EE5DF5D}.Debug|x86.ActiveCfg = Debug|Any CPU
		{1A7184F8-CEDC-4588-BF75-D04B0EE5DF5D}.Debug|x86.Build.0 = Debug|Any CPU
		{1A7184F8-CEDC-4588-BF75-D04B0EE5DF5D}.Debug|x86.Deploy.0 = Debug|Any CPU
		{1A7184F8-CEDC-4588-BF75-D04B0EE5DF5D}.Release|Any CPU.ActiveCfg = Release|Any CPU
		{1A7184F8-CEDC-4588-BF75-D04B0EE5DF5D}.Release|Any CPU.Build.0 = Release|Any CPU
		{1A7184F8-CEDC-4588-BF75-D04B0EE5DF5D}.Release|Any CPU.Deploy.0 = Release|Any CPU
		{1A7184F8-CEDC-4588-BF75-D04B0EE5DF5D}.Release|x64.ActiveCfg = Release|Any CPU
		{1A7184F8-CEDC-4588-BF75-D04B0EE5DF5D}.Release|x64.Build.0 = Release|Any CPU
		{1A7184F8-CEDC-4588-BF75-D04B0EE5DF5D}.Release|x64.Deploy.0 = Release|Any CPU
		{1A7184F8-CEDC-4588-BF75-D04B0EE5DF5D}.Release|x86.ActiveCfg = Release|Any CPU
		{1A7184F8-CEDC-4588-BF75-D04B0EE5DF5D}.Release|x86.Build.0 = Release|Any CPU
		{1A7184F8-CEDC-4588-BF75-D04B0EE5DF5D}.Release|x86.Deploy.0 = Release|Any CPU
	EndGlobalSection
	GlobalSection(SolutionProperties) = preSolution
		HideSolutionNode = FALSE
	EndGlobalSection
	GlobalSection(NestedProjects) = preSolution
		{AB4E1164-DF98-4747-AC93-3AC1D194E4A4} = {8C0247A8-F080-461D-A928-06F2EB323E93}
		{C90A48D6-106F-414C-9001-F8AFE0AE569F} = {8C0247A8-F080-461D-A928-06F2EB323E93}
		{B189D8C4-9D14-4292-B96A-ECA8E111CA3D} = {8C0247A8-F080-461D-A928-06F2EB323E93}
		{F053BB5B-77BC-4AC7-9158-164B903A3008} = {8C0247A8-F080-461D-A928-06F2EB323E93}
		{1AC652DF-70B0-4914-AB16-34BC6B55555C} = {8C0247A8-F080-461D-A928-06F2EB323E93}
		{C29251B7-801C-4F2A-BAAA-67CA72BE68F4} = {C1FF7E0E-EA86-45A8-907D-40D321C8A100}
		{1A7184F8-CEDC-4588-BF75-D04B0EE5DF5D} = {C1FF7E0E-EA86-45A8-907D-40D321C8A100}
	EndGlobalSection
	GlobalSection(ExtensibilityGlobals) = postSolution
		SolutionGuid = {59319F29-7C52-40C4-94A8-954FB69F6041}
	EndGlobalSection
EndGlobal
