
Microsoft Visual Studio Solution File, Format Version 12.00
# Visual Studio Version 17
VisualStudioVersion = 17.8.34330.188
MinimumVisualStudioVersion = 10.0.40219.1
Project("{9A19103F-16F7-4668-BE54-9A1E7A4F7556}") = "Dt.MgrDemo.Svc", "Dt.MgrDemo.Svc\Dt.MgrDemo.Svc.csproj", "{249C7789-CE80-44FA-A0F1-4E64EF227DBE}"
EndProject
Global
	GlobalSection(SolutionConfigurationPlatforms) = preSolution
		Debug|Any CPU = Debug|Any CPU
		Release|Any CPU = Release|Any CPU
	EndGlobalSection
	GlobalSection(ProjectConfigurationPlatforms) = postSolution
		{249C7789-CE80-44FA-A0F1-4E64EF227DBE}.Debug|Any CPU.ActiveCfg = Debug|Any CPU
		{249C7789-CE80-44FA-A0F1-4E64EF227DBE}.Debug|Any CPU.Build.0 = Debug|Any CPU
		{249C7789-CE80-44FA-A0F1-4E64EF227DBE}.Release|Any CPU.ActiveCfg = Release|Any CPU
		{249C7789-CE80-44FA-A0F1-4E64EF227DBE}.Release|Any CPU.Build.0 = Release|Any CPU
	EndGlobalSection
	GlobalSection(SolutionProperties) = preSolution
		HideSolutionNode = FALSE
	EndGlobalSection
	GlobalSection(ExtensibilityGlobals) = postSolution
		SolutionGuid = {8E029F11-4C0C-4381-A3E3-0E5E591D5FF4}
	EndGlobalSection
EndGlobal
