
Microsoft Visual Studio Solution File, Format Version 12.00
# Visual Studio Version 16
VisualStudioVersion = 16.0.29102.190
MinimumVisualStudioVersion = 10.0.40219.1
Project("{9A19103F-16F7-4668-BE54-9A1E7A4F7556}") = "Dt.Core", "src\Dt.Core\Dt.Core.csproj", "{7AB3F920-6378-4548-B495-FE9511555103}"
EndProject
Project("{9A19103F-16F7-4668-BE54-9A1E7A4F7556}") = "Dt.Cm", "src\Dt.Cm\Dt.Cm.csproj", "{5708D319-7C87-4DE7-A36F-C41DE2D0F625}"
EndProject
Project("{9A19103F-16F7-4668-BE54-9A1E7A4F7556}") = "Dt.Msg", "src\Dt.Msg\Dt.Msg.csproj", "{3F346BAC-2253-4E14-A95C-BE0AD5B3A417}"
EndProject
Project("{9A19103F-16F7-4668-BE54-9A1E7A4F7556}") = "Dt.Fsm", "src\Dt.Fsm\Dt.Fsm.csproj", "{1B59FDAD-3F73-4A6D-8A87-77890E79EEFE}"
EndProject
Project("{9A19103F-16F7-4668-BE54-9A1E7A4F7556}") = "Dt.Ws", "src\Dt.Ws\Dt.Ws.csproj", "{14BB3133-E88F-4CEF-B176-2F7119D1618F}"
EndProject
Global
	GlobalSection(SolutionConfigurationPlatforms) = preSolution
		Debug|Any CPU = Debug|Any CPU
		Release|Any CPU = Release|Any CPU
	EndGlobalSection
	GlobalSection(ProjectConfigurationPlatforms) = postSolution
		{7AB3F920-6378-4548-B495-FE9511555103}.Debug|Any CPU.ActiveCfg = Debug|Any CPU
		{7AB3F920-6378-4548-B495-FE9511555103}.Debug|Any CPU.Build.0 = Debug|Any CPU
		{7AB3F920-6378-4548-B495-FE9511555103}.Release|Any CPU.ActiveCfg = Release|Any CPU
		{7AB3F920-6378-4548-B495-FE9511555103}.Release|Any CPU.Build.0 = Release|Any CPU
		{5708D319-7C87-4DE7-A36F-C41DE2D0F625}.Debug|Any CPU.ActiveCfg = Debug|Any CPU
		{5708D319-7C87-4DE7-A36F-C41DE2D0F625}.Debug|Any CPU.Build.0 = Debug|Any CPU
		{5708D319-7C87-4DE7-A36F-C41DE2D0F625}.Release|Any CPU.ActiveCfg = Release|Any CPU
		{5708D319-7C87-4DE7-A36F-C41DE2D0F625}.Release|Any CPU.Build.0 = Release|Any CPU
		{3F346BAC-2253-4E14-A95C-BE0AD5B3A417}.Debug|Any CPU.ActiveCfg = Debug|Any CPU
		{3F346BAC-2253-4E14-A95C-BE0AD5B3A417}.Debug|Any CPU.Build.0 = Debug|Any CPU
		{3F346BAC-2253-4E14-A95C-BE0AD5B3A417}.Release|Any CPU.ActiveCfg = Release|Any CPU
		{3F346BAC-2253-4E14-A95C-BE0AD5B3A417}.Release|Any CPU.Build.0 = Release|Any CPU
		{1B59FDAD-3F73-4A6D-8A87-77890E79EEFE}.Debug|Any CPU.ActiveCfg = Debug|Any CPU
		{1B59FDAD-3F73-4A6D-8A87-77890E79EEFE}.Debug|Any CPU.Build.0 = Debug|Any CPU
		{1B59FDAD-3F73-4A6D-8A87-77890E79EEFE}.Release|Any CPU.ActiveCfg = Release|Any CPU
		{1B59FDAD-3F73-4A6D-8A87-77890E79EEFE}.Release|Any CPU.Build.0 = Release|Any CPU
		{14BB3133-E88F-4CEF-B176-2F7119D1618F}.Debug|Any CPU.ActiveCfg = Debug|Any CPU
		{14BB3133-E88F-4CEF-B176-2F7119D1618F}.Debug|Any CPU.Build.0 = Debug|Any CPU
		{14BB3133-E88F-4CEF-B176-2F7119D1618F}.Release|Any CPU.ActiveCfg = Release|Any CPU
		{14BB3133-E88F-4CEF-B176-2F7119D1618F}.Release|Any CPU.Build.0 = Release|Any CPU
	EndGlobalSection
	GlobalSection(SolutionProperties) = preSolution
		HideSolutionNode = FALSE
	EndGlobalSection
	GlobalSection(ExtensibilityGlobals) = postSolution
		SolutionGuid = {497464AB-9B30-4026-806A-021CAE99195C}
	EndGlobalSection
EndGlobal
