
Microsoft Visual Studio Solution File, Format Version 12.00
# Visual Studio Version 16
VisualStudioVersion = 16.0.30128.74
MinimumVisualStudioVersion = 10.0.40219.1
Project("{9A19103F-16F7-4668-BE54-9A1E7A4F7556}") = "Dt.Core", "Dt.Core\Dt.Core.csproj", "{81FBA652-6E94-47D7-B2B8-249744251E60}"
EndProject
Project("{9A19103F-16F7-4668-BE54-9A1E7A4F7556}") = "Dt.Base", "Dt.Base\Dt.Base.csproj", "{9ED4A65C-D47E-4F6A-AE2C-48DD2273EA68}"
EndProject
Project("{9A19103F-16F7-4668-BE54-9A1E7A4F7556}") = "Dt.App", "Dt.App\Dt.App.csproj", "{258800FC-762B-4353-8117-960AE0A77D14}"
EndProject
Project("{9A19103F-16F7-4668-BE54-9A1E7A4F7556}") = "Dt.Sample", "Dt.Sample\Dt.Sample.csproj", "{E26A62BD-AC8E-4F8C-A77A-5A3BF6ED23ED}"
EndProject
Project("{9A19103F-16F7-4668-BE54-9A1E7A4F7556}") = "Dt.Shell.Wasm", "Dt.Shell.Wasm\Dt.Shell.Wasm.csproj", "{49545EFE-7470-43AE-BBCC-BE6196B1B326}"
EndProject
Project("{2150E333-8FDC-42A3-9474-1A3956D46DE8}") = "App", "App", "{1CC1D9CA-AB06-4E44-8517-5B150D7E6ECB}"
EndProject
Project("{FAE04EC0-301F-11D3-BF4B-00C04F79EFBC}") = "Dt.Shell.Uwp", "Dt.Shell.Uwp\Dt.Shell.Uwp.csproj", "{88CAE12F-3D0B-4F4F-82D9-32126F2CB333}"
EndProject
Global
	GlobalSection(SolutionConfigurationPlatforms) = preSolution
		Debug|Any CPU = Debug|Any CPU
		Debug|ARM = Debug|ARM
		Debug|x64 = Debug|x64
		Debug|x86 = Debug|x86
		Release|Any CPU = Release|Any CPU
		Release|ARM = Release|ARM
		Release|x64 = Release|x64
		Release|x86 = Release|x86
	EndGlobalSection
	GlobalSection(ProjectConfigurationPlatforms) = postSolution
		{81FBA652-6E94-47D7-B2B8-249744251E60}.Debug|Any CPU.ActiveCfg = Debug|Any CPU
		{81FBA652-6E94-47D7-B2B8-249744251E60}.Debug|ARM.ActiveCfg = Debug|Any CPU
		{81FBA652-6E94-47D7-B2B8-249744251E60}.Debug|ARM.Build.0 = Debug|Any CPU
		{81FBA652-6E94-47D7-B2B8-249744251E60}.Debug|x64.ActiveCfg = Debug|Any CPU
		{81FBA652-6E94-47D7-B2B8-249744251E60}.Debug|x64.Build.0 = Debug|Any CPU
		{81FBA652-6E94-47D7-B2B8-249744251E60}.Debug|x86.ActiveCfg = Debug|Any CPU
		{81FBA652-6E94-47D7-B2B8-249744251E60}.Debug|x86.Build.0 = Debug|Any CPU
		{81FBA652-6E94-47D7-B2B8-249744251E60}.Release|Any CPU.ActiveCfg = Release|Any CPU
		{81FBA652-6E94-47D7-B2B8-249744251E60}.Release|Any CPU.Build.0 = Release|Any CPU
		{81FBA652-6E94-47D7-B2B8-249744251E60}.Release|ARM.ActiveCfg = Release|Any CPU
		{81FBA652-6E94-47D7-B2B8-249744251E60}.Release|ARM.Build.0 = Release|Any CPU
		{81FBA652-6E94-47D7-B2B8-249744251E60}.Release|x64.ActiveCfg = Release|Any CPU
		{81FBA652-6E94-47D7-B2B8-249744251E60}.Release|x64.Build.0 = Release|Any CPU
		{81FBA652-6E94-47D7-B2B8-249744251E60}.Release|x86.ActiveCfg = Release|Any CPU
		{81FBA652-6E94-47D7-B2B8-249744251E60}.Release|x86.Build.0 = Release|Any CPU
		{9ED4A65C-D47E-4F6A-AE2C-48DD2273EA68}.Debug|Any CPU.ActiveCfg = Debug|Any CPU
		{9ED4A65C-D47E-4F6A-AE2C-48DD2273EA68}.Debug|Any CPU.Build.0 = Debug|Any CPU
		{9ED4A65C-D47E-4F6A-AE2C-48DD2273EA68}.Debug|ARM.ActiveCfg = Debug|Any CPU
		{9ED4A65C-D47E-4F6A-AE2C-48DD2273EA68}.Debug|ARM.Build.0 = Debug|Any CPU
		{9ED4A65C-D47E-4F6A-AE2C-48DD2273EA68}.Debug|x64.ActiveCfg = Debug|Any CPU
		{9ED4A65C-D47E-4F6A-AE2C-48DD2273EA68}.Debug|x64.Build.0 = Debug|Any CPU
		{9ED4A65C-D47E-4F6A-AE2C-48DD2273EA68}.Debug|x86.ActiveCfg = Debug|Any CPU
		{9ED4A65C-D47E-4F6A-AE2C-48DD2273EA68}.Debug|x86.Build.0 = Debug|Any CPU
		{9ED4A65C-D47E-4F6A-AE2C-48DD2273EA68}.Release|Any CPU.ActiveCfg = Release|Any CPU
		{9ED4A65C-D47E-4F6A-AE2C-48DD2273EA68}.Release|Any CPU.Build.0 = Release|Any CPU
		{9ED4A65C-D47E-4F6A-AE2C-48DD2273EA68}.Release|ARM.ActiveCfg = Release|Any CPU
		{9ED4A65C-D47E-4F6A-AE2C-48DD2273EA68}.Release|ARM.Build.0 = Release|Any CPU
		{9ED4A65C-D47E-4F6A-AE2C-48DD2273EA68}.Release|x64.ActiveCfg = Release|Any CPU
		{9ED4A65C-D47E-4F6A-AE2C-48DD2273EA68}.Release|x64.Build.0 = Release|Any CPU
		{9ED4A65C-D47E-4F6A-AE2C-48DD2273EA68}.Release|x86.ActiveCfg = Release|Any CPU
		{9ED4A65C-D47E-4F6A-AE2C-48DD2273EA68}.Release|x86.Build.0 = Release|Any CPU
		{258800FC-762B-4353-8117-960AE0A77D14}.Debug|Any CPU.ActiveCfg = Debug|Any CPU
		{258800FC-762B-4353-8117-960AE0A77D14}.Debug|Any CPU.Build.0 = Debug|Any CPU
		{258800FC-762B-4353-8117-960AE0A77D14}.Debug|ARM.ActiveCfg = Debug|Any CPU
		{258800FC-762B-4353-8117-960AE0A77D14}.Debug|ARM.Build.0 = Debug|Any CPU
		{258800FC-762B-4353-8117-960AE0A77D14}.Debug|x64.ActiveCfg = Debug|Any CPU
		{258800FC-762B-4353-8117-960AE0A77D14}.Debug|x64.Build.0 = Debug|Any CPU
		{258800FC-762B-4353-8117-960AE0A77D14}.Debug|x86.ActiveCfg = Debug|Any CPU
		{258800FC-762B-4353-8117-960AE0A77D14}.Debug|x86.Build.0 = Debug|Any CPU
		{258800FC-762B-4353-8117-960AE0A77D14}.Release|Any CPU.ActiveCfg = Release|Any CPU
		{258800FC-762B-4353-8117-960AE0A77D14}.Release|Any CPU.Build.0 = Release|Any CPU
		{258800FC-762B-4353-8117-960AE0A77D14}.Release|ARM.ActiveCfg = Release|Any CPU
		{258800FC-762B-4353-8117-960AE0A77D14}.Release|ARM.Build.0 = Release|Any CPU
		{258800FC-762B-4353-8117-960AE0A77D14}.Release|x64.ActiveCfg = Release|Any CPU
		{258800FC-762B-4353-8117-960AE0A77D14}.Release|x64.Build.0 = Release|Any CPU
		{258800FC-762B-4353-8117-960AE0A77D14}.Release|x86.ActiveCfg = Release|Any CPU
		{258800FC-762B-4353-8117-960AE0A77D14}.Release|x86.Build.0 = Release|Any CPU
		{E26A62BD-AC8E-4F8C-A77A-5A3BF6ED23ED}.Debug|Any CPU.ActiveCfg = Debug|Any CPU
		{E26A62BD-AC8E-4F8C-A77A-5A3BF6ED23ED}.Debug|Any CPU.Build.0 = Debug|Any CPU
		{E26A62BD-AC8E-4F8C-A77A-5A3BF6ED23ED}.Debug|ARM.ActiveCfg = Debug|Any CPU
		{E26A62BD-AC8E-4F8C-A77A-5A3BF6ED23ED}.Debug|ARM.Build.0 = Debug|Any CPU
		{E26A62BD-AC8E-4F8C-A77A-5A3BF6ED23ED}.Debug|x64.ActiveCfg = Debug|Any CPU
		{E26A62BD-AC8E-4F8C-A77A-5A3BF6ED23ED}.Debug|x64.Build.0 = Debug|Any CPU
		{E26A62BD-AC8E-4F8C-A77A-5A3BF6ED23ED}.Debug|x86.ActiveCfg = Debug|Any CPU
		{E26A62BD-AC8E-4F8C-A77A-5A3BF6ED23ED}.Debug|x86.Build.0 = Debug|Any CPU
		{E26A62BD-AC8E-4F8C-A77A-5A3BF6ED23ED}.Release|Any CPU.ActiveCfg = Release|Any CPU
		{E26A62BD-AC8E-4F8C-A77A-5A3BF6ED23ED}.Release|Any CPU.Build.0 = Release|Any CPU
		{E26A62BD-AC8E-4F8C-A77A-5A3BF6ED23ED}.Release|ARM.ActiveCfg = Release|Any CPU
		{E26A62BD-AC8E-4F8C-A77A-5A3BF6ED23ED}.Release|ARM.Build.0 = Release|Any CPU
		{E26A62BD-AC8E-4F8C-A77A-5A3BF6ED23ED}.Release|x64.ActiveCfg = Release|Any CPU
		{E26A62BD-AC8E-4F8C-A77A-5A3BF6ED23ED}.Release|x64.Build.0 = Release|Any CPU
		{E26A62BD-AC8E-4F8C-A77A-5A3BF6ED23ED}.Release|x86.ActiveCfg = Release|Any CPU
		{E26A62BD-AC8E-4F8C-A77A-5A3BF6ED23ED}.Release|x86.Build.0 = Release|Any CPU
		{49545EFE-7470-43AE-BBCC-BE6196B1B326}.Debug|Any CPU.ActiveCfg = Debug|Any CPU
		{49545EFE-7470-43AE-BBCC-BE6196B1B326}.Debug|Any CPU.Build.0 = Debug|Any CPU
		{49545EFE-7470-43AE-BBCC-BE6196B1B326}.Debug|ARM.ActiveCfg = Debug|Any CPU
		{49545EFE-7470-43AE-BBCC-BE6196B1B326}.Debug|ARM.Build.0 = Debug|Any CPU
		{49545EFE-7470-43AE-BBCC-BE6196B1B326}.Debug|x64.ActiveCfg = Debug|Any CPU
		{49545EFE-7470-43AE-BBCC-BE6196B1B326}.Debug|x64.Build.0 = Debug|Any CPU
		{49545EFE-7470-43AE-BBCC-BE6196B1B326}.Debug|x86.ActiveCfg = Debug|Any CPU
		{49545EFE-7470-43AE-BBCC-BE6196B1B326}.Debug|x86.Build.0 = Debug|Any CPU
		{49545EFE-7470-43AE-BBCC-BE6196B1B326}.Release|Any CPU.ActiveCfg = Release|Any CPU
		{49545EFE-7470-43AE-BBCC-BE6196B1B326}.Release|Any CPU.Build.0 = Release|Any CPU
		{49545EFE-7470-43AE-BBCC-BE6196B1B326}.Release|ARM.ActiveCfg = Release|Any CPU
		{49545EFE-7470-43AE-BBCC-BE6196B1B326}.Release|ARM.Build.0 = Release|Any CPU
		{49545EFE-7470-43AE-BBCC-BE6196B1B326}.Release|x64.ActiveCfg = Release|Any CPU
		{49545EFE-7470-43AE-BBCC-BE6196B1B326}.Release|x64.Build.0 = Release|Any CPU
		{49545EFE-7470-43AE-BBCC-BE6196B1B326}.Release|x86.ActiveCfg = Release|Any CPU
		{49545EFE-7470-43AE-BBCC-BE6196B1B326}.Release|x86.Build.0 = Release|Any CPU
		{88CAE12F-3D0B-4F4F-82D9-32126F2CB333}.Debug|Any CPU.ActiveCfg = Debug|x86
		{88CAE12F-3D0B-4F4F-82D9-32126F2CB333}.Debug|Any CPU.Build.0 = Debug|x86
		{88CAE12F-3D0B-4F4F-82D9-32126F2CB333}.Debug|Any CPU.Deploy.0 = Debug|x86
		{88CAE12F-3D0B-4F4F-82D9-32126F2CB333}.Debug|ARM.ActiveCfg = Debug|ARM
		{88CAE12F-3D0B-4F4F-82D9-32126F2CB333}.Debug|ARM.Build.0 = Debug|ARM
		{88CAE12F-3D0B-4F4F-82D9-32126F2CB333}.Debug|ARM.Deploy.0 = Debug|ARM
		{88CAE12F-3D0B-4F4F-82D9-32126F2CB333}.Debug|x64.ActiveCfg = Debug|x64
		{88CAE12F-3D0B-4F4F-82D9-32126F2CB333}.Debug|x64.Build.0 = Debug|x64
		{88CAE12F-3D0B-4F4F-82D9-32126F2CB333}.Debug|x64.Deploy.0 = Debug|x64
		{88CAE12F-3D0B-4F4F-82D9-32126F2CB333}.Debug|x86.ActiveCfg = Debug|x86
		{88CAE12F-3D0B-4F4F-82D9-32126F2CB333}.Debug|x86.Build.0 = Debug|x86
		{88CAE12F-3D0B-4F4F-82D9-32126F2CB333}.Debug|x86.Deploy.0 = Debug|x86
		{88CAE12F-3D0B-4F4F-82D9-32126F2CB333}.Release|Any CPU.ActiveCfg = Release|x86
		{88CAE12F-3D0B-4F4F-82D9-32126F2CB333}.Release|ARM.ActiveCfg = Release|ARM
		{88CAE12F-3D0B-4F4F-82D9-32126F2CB333}.Release|ARM.Build.0 = Release|ARM
		{88CAE12F-3D0B-4F4F-82D9-32126F2CB333}.Release|ARM.Deploy.0 = Release|ARM
		{88CAE12F-3D0B-4F4F-82D9-32126F2CB333}.Release|x64.ActiveCfg = Release|x64
		{88CAE12F-3D0B-4F4F-82D9-32126F2CB333}.Release|x64.Build.0 = Release|x64
		{88CAE12F-3D0B-4F4F-82D9-32126F2CB333}.Release|x64.Deploy.0 = Release|x64
		{88CAE12F-3D0B-4F4F-82D9-32126F2CB333}.Release|x86.ActiveCfg = Release|x86
		{88CAE12F-3D0B-4F4F-82D9-32126F2CB333}.Release|x86.Build.0 = Release|x86
		{88CAE12F-3D0B-4F4F-82D9-32126F2CB333}.Release|x86.Deploy.0 = Release|x86
	EndGlobalSection
	GlobalSection(SolutionProperties) = preSolution
		HideSolutionNode = FALSE
	EndGlobalSection
	GlobalSection(NestedProjects) = preSolution
		{49545EFE-7470-43AE-BBCC-BE6196B1B326} = {1CC1D9CA-AB06-4E44-8517-5B150D7E6ECB}
		{88CAE12F-3D0B-4F4F-82D9-32126F2CB333} = {1CC1D9CA-AB06-4E44-8517-5B150D7E6ECB}
	EndGlobalSection
	GlobalSection(ExtensibilityGlobals) = postSolution
		SolutionGuid = {3B5D3596-CDDF-4998-83F5-95B23E7F5000}
	EndGlobalSection
EndGlobal
