
Microsoft Visual Studio Solution File, Format Version 12.00
# Visual Studio Version 16
VisualStudioVersion = 16.0.29102.190
MinimumVisualStudioVersion = 10.0.40219.1
Project("{9A19103F-16F7-4668-BE54-9A1E7A4F7556}") = "Dt.Core", "Dt.Core\Dt.Core.csproj", "{89B073F7-81DD-4E5D-A093-F73121B1F406}"
EndProject
Project("{9A19103F-16F7-4668-BE54-9A1E7A4F7556}") = "Dt.Base", "Dt.Base\Dt.Base.csproj", "{13A270FB-825A-4FB3-AE13-01DFD7C7A147}"
EndProject
Project("{9A19103F-16F7-4668-BE54-9A1E7A4F7556}") = "Dt.App", "Dt.App\Dt.App.csproj", "{0BBA6785-9986-4A2E-B8B3-961D143894E4}"
EndProject
Project("{9A19103F-16F7-4668-BE54-9A1E7A4F7556}") = "Dt.Sample", "Dt.Sample\Dt.Sample.csproj", "{25744EE1-B117-4141-B9A8-5CA1CBEBCD98}"
EndProject
Project("{2150E333-8FDC-42A3-9474-1A3956D46DE8}") = "App", "App", "{B19F6BD7-B91D-4AA8-8F7D-18C72C424B14}"
EndProject
Project("{FAE04EC0-301F-11D3-BF4B-00C04F79EFBC}") = "Dt.Shell.Uwp", "Dt.Shell.Uwp\Dt.Shell.Uwp.csproj", "{88CAE12F-3D0B-4F4F-82D9-32126F2CB333}"
EndProject
Project("{FAE04EC0-301F-11D3-BF4B-00C04F79EFBC}") = "Dt.Shell.Droid", "Dt.Shell.Droid\Dt.Shell.Droid.csproj", "{CD97CCD6-E470-48F3-A69F-C6E434AB7333}"
EndProject
Project("{2150E333-8FDC-42A3-9474-1A3956D46DE8}") = "Stable", "Stable", "{07528FC7-C468-4F9C-B5D3-45C2F47B3FD9}"
EndProject
Project("{9A19103F-16F7-4668-BE54-9A1E7A4F7556}") = "Dt.CalcEngine", "Dt.CalcEngine\Dt.CalcEngine.csproj", "{01BA1F1D-D66F-4792-99D5-0C071A783E2B}"
EndProject
Project("{9A19103F-16F7-4668-BE54-9A1E7A4F7556}") = "Dt.Pdf", "Dt.Pdf\Dt.Pdf.csproj", "{0DDC64A4-468D-4637-A3A2-58BEF90475E1}"
EndProject
Project("{9A19103F-16F7-4668-BE54-9A1E7A4F7556}") = "Dt.Xls", "Dt.Xls\Dt.Xls.csproj", "{03F34D58-DB50-44B0-83DE-142EF4C19DB7}"
EndProject
Project("{9A19103F-16F7-4668-BE54-9A1E7A4F7556}") = "Dt.Charts", "Dt.Charts\Dt.Charts.csproj", "{138BE732-7F56-4B27-83A3-CFDE63B7E7B0}"
EndProject
Project("{9A19103F-16F7-4668-BE54-9A1E7A4F7556}") = "Dt.Cells.Data", "Dt.Cells.Data\Dt.Cells.Data.csproj", "{2B8FDA51-98E6-4968-87EC-F878058FDFD4}"
EndProject
Project("{9A19103F-16F7-4668-BE54-9A1E7A4F7556}") = "Dt.Cells", "Dt.Cells\Dt.Cells.csproj", "{191D199E-F280-4F36-A929-2B17218CACC0}"
EndProject
Project("{FAE04EC0-301F-11D3-BF4B-00C04F79EFBC}") = "Dt.Shell.iOS", "Dt.Shell.iOS\Dt.Shell.iOS.csproj", "{80A96B52-6758-4BDB-B0B4-CEA4CA155333}"
EndProject
Project("{9A19103F-16F7-4668-BE54-9A1E7A4F7556}") = "Dt.Shell.Wasm", "Dt.Shell.Wasm\Dt.Shell.Wasm.csproj", "{748A0739-2E94-4438-97FE-10D2293E0678}"
EndProject
Global
	GlobalSection(SolutionConfigurationPlatforms) = preSolution
		Debug|Any CPU = Debug|Any CPU
		Debug|ARM = Debug|ARM
		Debug|ARM64 = Debug|ARM64
		Debug|iPhone = Debug|iPhone
		Debug|iPhoneSimulator = Debug|iPhoneSimulator
		Debug|x64 = Debug|x64
		Debug|x86 = Debug|x86
		Release|Any CPU = Release|Any CPU
		Release|ARM = Release|ARM
		Release|ARM64 = Release|ARM64
		Release|iPhone = Release|iPhone
		Release|iPhoneSimulator = Release|iPhoneSimulator
		Release|x64 = Release|x64
		Release|x86 = Release|x86
	EndGlobalSection
	GlobalSection(ProjectConfigurationPlatforms) = postSolution
		{89B073F7-81DD-4E5D-A093-F73121B1F406}.Debug|Any CPU.ActiveCfg = Debug|Any CPU
		{89B073F7-81DD-4E5D-A093-F73121B1F406}.Debug|Any CPU.Build.0 = Debug|Any CPU
		{89B073F7-81DD-4E5D-A093-F73121B1F406}.Debug|ARM.ActiveCfg = Debug|Any CPU
		{89B073F7-81DD-4E5D-A093-F73121B1F406}.Debug|ARM.Build.0 = Debug|Any CPU
		{89B073F7-81DD-4E5D-A093-F73121B1F406}.Debug|ARM64.ActiveCfg = Debug|Any CPU
		{89B073F7-81DD-4E5D-A093-F73121B1F406}.Debug|ARM64.Build.0 = Debug|Any CPU
		{89B073F7-81DD-4E5D-A093-F73121B1F406}.Debug|iPhone.ActiveCfg = Debug|Any CPU
		{89B073F7-81DD-4E5D-A093-F73121B1F406}.Debug|iPhoneSimulator.ActiveCfg = Debug|Any CPU
		{89B073F7-81DD-4E5D-A093-F73121B1F406}.Debug|iPhoneSimulator.Build.0 = Debug|Any CPU
		{89B073F7-81DD-4E5D-A093-F73121B1F406}.Debug|x64.ActiveCfg = Debug|Any CPU
		{89B073F7-81DD-4E5D-A093-F73121B1F406}.Debug|x64.Build.0 = Debug|Any CPU
		{89B073F7-81DD-4E5D-A093-F73121B1F406}.Debug|x86.ActiveCfg = Debug|Any CPU
		{89B073F7-81DD-4E5D-A093-F73121B1F406}.Debug|x86.Build.0 = Debug|Any CPU
		{89B073F7-81DD-4E5D-A093-F73121B1F406}.Release|Any CPU.ActiveCfg = Release|Any CPU
		{89B073F7-81DD-4E5D-A093-F73121B1F406}.Release|ARM.ActiveCfg = Release|Any CPU
		{89B073F7-81DD-4E5D-A093-F73121B1F406}.Release|ARM.Build.0 = Release|Any CPU
		{89B073F7-81DD-4E5D-A093-F73121B1F406}.Release|ARM64.ActiveCfg = Release|Any CPU
		{89B073F7-81DD-4E5D-A093-F73121B1F406}.Release|ARM64.Build.0 = Release|Any CPU
		{89B073F7-81DD-4E5D-A093-F73121B1F406}.Release|iPhone.ActiveCfg = Release|Any CPU
		{89B073F7-81DD-4E5D-A093-F73121B1F406}.Release|iPhone.Build.0 = Release|Any CPU
		{89B073F7-81DD-4E5D-A093-F73121B1F406}.Release|iPhoneSimulator.ActiveCfg = Release|Any CPU
		{89B073F7-81DD-4E5D-A093-F73121B1F406}.Release|iPhoneSimulator.Build.0 = Release|Any CPU
		{89B073F7-81DD-4E5D-A093-F73121B1F406}.Release|x64.ActiveCfg = Release|Any CPU
		{89B073F7-81DD-4E5D-A093-F73121B1F406}.Release|x64.Build.0 = Release|Any CPU
		{89B073F7-81DD-4E5D-A093-F73121B1F406}.Release|x86.ActiveCfg = Release|Any CPU
		{89B073F7-81DD-4E5D-A093-F73121B1F406}.Release|x86.Build.0 = Release|Any CPU
		{13A270FB-825A-4FB3-AE13-01DFD7C7A147}.Debug|Any CPU.ActiveCfg = Debug|Any CPU
		{13A270FB-825A-4FB3-AE13-01DFD7C7A147}.Debug|Any CPU.Build.0 = Debug|Any CPU
		{13A270FB-825A-4FB3-AE13-01DFD7C7A147}.Debug|ARM.ActiveCfg = Debug|Any CPU
		{13A270FB-825A-4FB3-AE13-01DFD7C7A147}.Debug|ARM.Build.0 = Debug|Any CPU
		{13A270FB-825A-4FB3-AE13-01DFD7C7A147}.Debug|ARM64.ActiveCfg = Debug|Any CPU
		{13A270FB-825A-4FB3-AE13-01DFD7C7A147}.Debug|ARM64.Build.0 = Debug|Any CPU
		{13A270FB-825A-4FB3-AE13-01DFD7C7A147}.Debug|iPhone.ActiveCfg = Debug|Any CPU
		{13A270FB-825A-4FB3-AE13-01DFD7C7A147}.Debug|iPhone.Build.0 = Debug|Any CPU
		{13A270FB-825A-4FB3-AE13-01DFD7C7A147}.Debug|iPhoneSimulator.ActiveCfg = Debug|Any CPU
		{13A270FB-825A-4FB3-AE13-01DFD7C7A147}.Debug|iPhoneSimulator.Build.0 = Debug|Any CPU
		{13A270FB-825A-4FB3-AE13-01DFD7C7A147}.Debug|x64.ActiveCfg = Debug|Any CPU
		{13A270FB-825A-4FB3-AE13-01DFD7C7A147}.Debug|x64.Build.0 = Debug|Any CPU
		{13A270FB-825A-4FB3-AE13-01DFD7C7A147}.Debug|x86.ActiveCfg = Debug|Any CPU
		{13A270FB-825A-4FB3-AE13-01DFD7C7A147}.Debug|x86.Build.0 = Debug|Any CPU
		{13A270FB-825A-4FB3-AE13-01DFD7C7A147}.Release|Any CPU.ActiveCfg = Release|Any CPU
		{13A270FB-825A-4FB3-AE13-01DFD7C7A147}.Release|ARM.ActiveCfg = Release|Any CPU
		{13A270FB-825A-4FB3-AE13-01DFD7C7A147}.Release|ARM.Build.0 = Release|Any CPU
		{13A270FB-825A-4FB3-AE13-01DFD7C7A147}.Release|ARM64.ActiveCfg = Release|Any CPU
		{13A270FB-825A-4FB3-AE13-01DFD7C7A147}.Release|ARM64.Build.0 = Release|Any CPU
		{13A270FB-825A-4FB3-AE13-01DFD7C7A147}.Release|iPhone.ActiveCfg = Release|Any CPU
		{13A270FB-825A-4FB3-AE13-01DFD7C7A147}.Release|iPhone.Build.0 = Release|Any CPU
		{13A270FB-825A-4FB3-AE13-01DFD7C7A147}.Release|iPhoneSimulator.ActiveCfg = Release|Any CPU
		{13A270FB-825A-4FB3-AE13-01DFD7C7A147}.Release|iPhoneSimulator.Build.0 = Release|Any CPU
		{13A270FB-825A-4FB3-AE13-01DFD7C7A147}.Release|x64.ActiveCfg = Release|Any CPU
		{13A270FB-825A-4FB3-AE13-01DFD7C7A147}.Release|x64.Build.0 = Release|Any CPU
		{13A270FB-825A-4FB3-AE13-01DFD7C7A147}.Release|x86.ActiveCfg = Release|Any CPU
		{13A270FB-825A-4FB3-AE13-01DFD7C7A147}.Release|x86.Build.0 = Release|Any CPU
		{0BBA6785-9986-4A2E-B8B3-961D143894E4}.Debug|Any CPU.ActiveCfg = Debug|Any CPU
		{0BBA6785-9986-4A2E-B8B3-961D143894E4}.Debug|Any CPU.Build.0 = Debug|Any CPU
		{0BBA6785-9986-4A2E-B8B3-961D143894E4}.Debug|ARM.ActiveCfg = Debug|Any CPU
		{0BBA6785-9986-4A2E-B8B3-961D143894E4}.Debug|ARM.Build.0 = Debug|Any CPU
		{0BBA6785-9986-4A2E-B8B3-961D143894E4}.Debug|ARM64.ActiveCfg = Debug|Any CPU
		{0BBA6785-9986-4A2E-B8B3-961D143894E4}.Debug|ARM64.Build.0 = Debug|Any CPU
		{0BBA6785-9986-4A2E-B8B3-961D143894E4}.Debug|iPhone.ActiveCfg = Debug|Any CPU
		{0BBA6785-9986-4A2E-B8B3-961D143894E4}.Debug|iPhone.Build.0 = Debug|Any CPU
		{0BBA6785-9986-4A2E-B8B3-961D143894E4}.Debug|iPhoneSimulator.ActiveCfg = Debug|Any CPU
		{0BBA6785-9986-4A2E-B8B3-961D143894E4}.Debug|iPhoneSimulator.Build.0 = Debug|Any CPU
		{0BBA6785-9986-4A2E-B8B3-961D143894E4}.Debug|x64.ActiveCfg = Debug|Any CPU
		{0BBA6785-9986-4A2E-B8B3-961D143894E4}.Debug|x64.Build.0 = Debug|Any CPU
		{0BBA6785-9986-4A2E-B8B3-961D143894E4}.Debug|x86.ActiveCfg = Debug|Any CPU
		{0BBA6785-9986-4A2E-B8B3-961D143894E4}.Debug|x86.Build.0 = Debug|Any CPU
		{0BBA6785-9986-4A2E-B8B3-961D143894E4}.Release|Any CPU.ActiveCfg = Release|Any CPU
		{0BBA6785-9986-4A2E-B8B3-961D143894E4}.Release|ARM.ActiveCfg = Release|Any CPU
		{0BBA6785-9986-4A2E-B8B3-961D143894E4}.Release|ARM.Build.0 = Release|Any CPU
		{0BBA6785-9986-4A2E-B8B3-961D143894E4}.Release|ARM64.ActiveCfg = Release|Any CPU
		{0BBA6785-9986-4A2E-B8B3-961D143894E4}.Release|ARM64.Build.0 = Release|Any CPU
		{0BBA6785-9986-4A2E-B8B3-961D143894E4}.Release|iPhone.ActiveCfg = Release|Any CPU
		{0BBA6785-9986-4A2E-B8B3-961D143894E4}.Release|iPhone.Build.0 = Release|Any CPU
		{0BBA6785-9986-4A2E-B8B3-961D143894E4}.Release|iPhoneSimulator.ActiveCfg = Release|Any CPU
		{0BBA6785-9986-4A2E-B8B3-961D143894E4}.Release|iPhoneSimulator.Build.0 = Release|Any CPU
		{0BBA6785-9986-4A2E-B8B3-961D143894E4}.Release|x64.ActiveCfg = Release|Any CPU
		{0BBA6785-9986-4A2E-B8B3-961D143894E4}.Release|x64.Build.0 = Release|Any CPU
		{0BBA6785-9986-4A2E-B8B3-961D143894E4}.Release|x86.ActiveCfg = Release|Any CPU
		{0BBA6785-9986-4A2E-B8B3-961D143894E4}.Release|x86.Build.0 = Release|Any CPU
		{25744EE1-B117-4141-B9A8-5CA1CBEBCD98}.Debug|Any CPU.ActiveCfg = Debug|Any CPU
		{25744EE1-B117-4141-B9A8-5CA1CBEBCD98}.Debug|Any CPU.Build.0 = Debug|Any CPU
		{25744EE1-B117-4141-B9A8-5CA1CBEBCD98}.Debug|ARM.ActiveCfg = Debug|Any CPU
		{25744EE1-B117-4141-B9A8-5CA1CBEBCD98}.Debug|ARM.Build.0 = Debug|Any CPU
		{25744EE1-B117-4141-B9A8-5CA1CBEBCD98}.Debug|ARM64.ActiveCfg = Debug|Any CPU
		{25744EE1-B117-4141-B9A8-5CA1CBEBCD98}.Debug|ARM64.Build.0 = Debug|Any CPU
		{25744EE1-B117-4141-B9A8-5CA1CBEBCD98}.Debug|iPhone.ActiveCfg = Debug|Any CPU
		{25744EE1-B117-4141-B9A8-5CA1CBEBCD98}.Debug|iPhone.Build.0 = Debug|Any CPU
		{25744EE1-B117-4141-B9A8-5CA1CBEBCD98}.Debug|iPhoneSimulator.ActiveCfg = Debug|Any CPU
		{25744EE1-B117-4141-B9A8-5CA1CBEBCD98}.Debug|iPhoneSimulator.Build.0 = Debug|Any CPU
		{25744EE1-B117-4141-B9A8-5CA1CBEBCD98}.Debug|x64.ActiveCfg = Debug|Any CPU
		{25744EE1-B117-4141-B9A8-5CA1CBEBCD98}.Debug|x64.Build.0 = Debug|Any CPU
		{25744EE1-B117-4141-B9A8-5CA1CBEBCD98}.Debug|x86.ActiveCfg = Debug|Any CPU
		{25744EE1-B117-4141-B9A8-5CA1CBEBCD98}.Debug|x86.Build.0 = Debug|Any CPU
		{25744EE1-B117-4141-B9A8-5CA1CBEBCD98}.Release|Any CPU.ActiveCfg = Release|Any CPU
		{25744EE1-B117-4141-B9A8-5CA1CBEBCD98}.Release|ARM.ActiveCfg = Release|Any CPU
		{25744EE1-B117-4141-B9A8-5CA1CBEBCD98}.Release|ARM.Build.0 = Release|Any CPU
		{25744EE1-B117-4141-B9A8-5CA1CBEBCD98}.Release|ARM64.ActiveCfg = Release|Any CPU
		{25744EE1-B117-4141-B9A8-5CA1CBEBCD98}.Release|ARM64.Build.0 = Release|Any CPU
		{25744EE1-B117-4141-B9A8-5CA1CBEBCD98}.Release|iPhone.ActiveCfg = Release|Any CPU
		{25744EE1-B117-4141-B9A8-5CA1CBEBCD98}.Release|iPhone.Build.0 = Release|Any CPU
		{25744EE1-B117-4141-B9A8-5CA1CBEBCD98}.Release|iPhoneSimulator.ActiveCfg = Release|Any CPU
		{25744EE1-B117-4141-B9A8-5CA1CBEBCD98}.Release|iPhoneSimulator.Build.0 = Release|Any CPU
		{25744EE1-B117-4141-B9A8-5CA1CBEBCD98}.Release|x64.ActiveCfg = Release|Any CPU
		{25744EE1-B117-4141-B9A8-5CA1CBEBCD98}.Release|x64.Build.0 = Release|Any CPU
		{25744EE1-B117-4141-B9A8-5CA1CBEBCD98}.Release|x86.ActiveCfg = Release|Any CPU
		{25744EE1-B117-4141-B9A8-5CA1CBEBCD98}.Release|x86.Build.0 = Release|Any CPU
		{88CAE12F-3D0B-4F4F-82D9-32126F2CB333}.Debug|Any CPU.ActiveCfg = Debug|x86
		{88CAE12F-3D0B-4F4F-82D9-32126F2CB333}.Debug|Any CPU.Build.0 = Debug|x86
		{88CAE12F-3D0B-4F4F-82D9-32126F2CB333}.Debug|Any CPU.Deploy.0 = Debug|x86
		{88CAE12F-3D0B-4F4F-82D9-32126F2CB333}.Debug|ARM.ActiveCfg = Debug|ARM
		{88CAE12F-3D0B-4F4F-82D9-32126F2CB333}.Debug|ARM.Build.0 = Debug|ARM
		{88CAE12F-3D0B-4F4F-82D9-32126F2CB333}.Debug|ARM.Deploy.0 = Debug|ARM
		{88CAE12F-3D0B-4F4F-82D9-32126F2CB333}.Debug|ARM64.ActiveCfg = Debug|x86
		{88CAE12F-3D0B-4F4F-82D9-32126F2CB333}.Debug|iPhone.ActiveCfg = Debug|x86
		{88CAE12F-3D0B-4F4F-82D9-32126F2CB333}.Debug|iPhoneSimulator.ActiveCfg = Debug|x86
		{88CAE12F-3D0B-4F4F-82D9-32126F2CB333}.Debug|iPhoneSimulator.Build.0 = Debug|x86
		{88CAE12F-3D0B-4F4F-82D9-32126F2CB333}.Debug|iPhoneSimulator.Deploy.0 = Debug|x86
		{88CAE12F-3D0B-4F4F-82D9-32126F2CB333}.Debug|x64.ActiveCfg = Debug|x64
		{88CAE12F-3D0B-4F4F-82D9-32126F2CB333}.Debug|x64.Build.0 = Debug|x64
		{88CAE12F-3D0B-4F4F-82D9-32126F2CB333}.Debug|x64.Deploy.0 = Debug|x64
		{88CAE12F-3D0B-4F4F-82D9-32126F2CB333}.Debug|x86.ActiveCfg = Debug|x86
		{88CAE12F-3D0B-4F4F-82D9-32126F2CB333}.Debug|x86.Build.0 = Debug|x86
		{88CAE12F-3D0B-4F4F-82D9-32126F2CB333}.Debug|x86.Deploy.0 = Debug|x86
		{88CAE12F-3D0B-4F4F-82D9-32126F2CB333}.Release|Any CPU.ActiveCfg = Release|x86
		{88CAE12F-3D0B-4F4F-82D9-32126F2CB333}.Release|ARM.ActiveCfg = Release|ARM
		{88CAE12F-3D0B-4F4F-82D9-32126F2CB333}.Release|ARM.Build.0 = Release|ARM
		{88CAE12F-3D0B-4F4F-82D9-32126F2CB333}.Release|ARM.Deploy.0 = Release|ARM
		{88CAE12F-3D0B-4F4F-82D9-32126F2CB333}.Release|ARM64.ActiveCfg = Release|x86
		{88CAE12F-3D0B-4F4F-82D9-32126F2CB333}.Release|iPhone.ActiveCfg = Release|x86
		{88CAE12F-3D0B-4F4F-82D9-32126F2CB333}.Release|iPhoneSimulator.ActiveCfg = Release|x86
		{88CAE12F-3D0B-4F4F-82D9-32126F2CB333}.Release|x64.ActiveCfg = Release|x64
		{88CAE12F-3D0B-4F4F-82D9-32126F2CB333}.Release|x64.Build.0 = Release|x64
		{88CAE12F-3D0B-4F4F-82D9-32126F2CB333}.Release|x64.Deploy.0 = Release|x64
		{88CAE12F-3D0B-4F4F-82D9-32126F2CB333}.Release|x86.ActiveCfg = Release|x86
		{88CAE12F-3D0B-4F4F-82D9-32126F2CB333}.Release|x86.Build.0 = Release|x86
		{88CAE12F-3D0B-4F4F-82D9-32126F2CB333}.Release|x86.Deploy.0 = Release|x86
		{CD97CCD6-E470-48F3-A69F-C6E434AB7333}.Debug|Any CPU.ActiveCfg = Debug|Any CPU
		{CD97CCD6-E470-48F3-A69F-C6E434AB7333}.Debug|Any CPU.Build.0 = Debug|Any CPU
		{CD97CCD6-E470-48F3-A69F-C6E434AB7333}.Debug|Any CPU.Deploy.0 = Debug|Any CPU
		{CD97CCD6-E470-48F3-A69F-C6E434AB7333}.Debug|ARM.ActiveCfg = Debug|Any CPU
		{CD97CCD6-E470-48F3-A69F-C6E434AB7333}.Debug|ARM.Build.0 = Debug|Any CPU
		{CD97CCD6-E470-48F3-A69F-C6E434AB7333}.Debug|ARM.Deploy.0 = Debug|Any CPU
		{CD97CCD6-E470-48F3-A69F-C6E434AB7333}.Debug|ARM64.ActiveCfg = Debug|Any CPU
		{CD97CCD6-E470-48F3-A69F-C6E434AB7333}.Debug|ARM64.Build.0 = Debug|Any CPU
		{CD97CCD6-E470-48F3-A69F-C6E434AB7333}.Debug|ARM64.Deploy.0 = Debug|Any CPU
		{CD97CCD6-E470-48F3-A69F-C6E434AB7333}.Debug|iPhone.ActiveCfg = Debug|Any CPU
		{CD97CCD6-E470-48F3-A69F-C6E434AB7333}.Debug|iPhone.Build.0 = Debug|Any CPU
		{CD97CCD6-E470-48F3-A69F-C6E434AB7333}.Debug|iPhone.Deploy.0 = Debug|Any CPU
		{CD97CCD6-E470-48F3-A69F-C6E434AB7333}.Debug|iPhoneSimulator.ActiveCfg = Debug|Any CPU
		{CD97CCD6-E470-48F3-A69F-C6E434AB7333}.Debug|iPhoneSimulator.Build.0 = Debug|Any CPU
		{CD97CCD6-E470-48F3-A69F-C6E434AB7333}.Debug|iPhoneSimulator.Deploy.0 = Debug|Any CPU
		{CD97CCD6-E470-48F3-A69F-C6E434AB7333}.Debug|x64.ActiveCfg = Debug|Any CPU
		{CD97CCD6-E470-48F3-A69F-C6E434AB7333}.Debug|x64.Build.0 = Debug|Any CPU
		{CD97CCD6-E470-48F3-A69F-C6E434AB7333}.Debug|x64.Deploy.0 = Debug|Any CPU
		{CD97CCD6-E470-48F3-A69F-C6E434AB7333}.Debug|x86.ActiveCfg = Debug|Any CPU
		{CD97CCD6-E470-48F3-A69F-C6E434AB7333}.Debug|x86.Build.0 = Debug|Any CPU
		{CD97CCD6-E470-48F3-A69F-C6E434AB7333}.Debug|x86.Deploy.0 = Debug|Any CPU
		{CD97CCD6-E470-48F3-A69F-C6E434AB7333}.Release|Any CPU.ActiveCfg = Release|Any CPU
		{CD97CCD6-E470-48F3-A69F-C6E434AB7333}.Release|Any CPU.Build.0 = Release|Any CPU
		{CD97CCD6-E470-48F3-A69F-C6E434AB7333}.Release|Any CPU.Deploy.0 = Release|Any CPU
		{CD97CCD6-E470-48F3-A69F-C6E434AB7333}.Release|ARM.ActiveCfg = Release|Any CPU
		{CD97CCD6-E470-48F3-A69F-C6E434AB7333}.Release|ARM.Build.0 = Release|Any CPU
		{CD97CCD6-E470-48F3-A69F-C6E434AB7333}.Release|ARM.Deploy.0 = Release|Any CPU
		{CD97CCD6-E470-48F3-A69F-C6E434AB7333}.Release|ARM64.ActiveCfg = Release|Any CPU
		{CD97CCD6-E470-48F3-A69F-C6E434AB7333}.Release|ARM64.Build.0 = Release|Any CPU
		{CD97CCD6-E470-48F3-A69F-C6E434AB7333}.Release|ARM64.Deploy.0 = Release|Any CPU
		{CD97CCD6-E470-48F3-A69F-C6E434AB7333}.Release|iPhone.ActiveCfg = Release|Any CPU
		{CD97CCD6-E470-48F3-A69F-C6E434AB7333}.Release|iPhone.Build.0 = Release|Any CPU
		{CD97CCD6-E470-48F3-A69F-C6E434AB7333}.Release|iPhone.Deploy.0 = Release|Any CPU
		{CD97CCD6-E470-48F3-A69F-C6E434AB7333}.Release|iPhoneSimulator.ActiveCfg = Release|Any CPU
		{CD97CCD6-E470-48F3-A69F-C6E434AB7333}.Release|iPhoneSimulator.Build.0 = Release|Any CPU
		{CD97CCD6-E470-48F3-A69F-C6E434AB7333}.Release|iPhoneSimulator.Deploy.0 = Release|Any CPU
		{CD97CCD6-E470-48F3-A69F-C6E434AB7333}.Release|x64.ActiveCfg = Release|Any CPU
		{CD97CCD6-E470-48F3-A69F-C6E434AB7333}.Release|x64.Build.0 = Release|Any CPU
		{CD97CCD6-E470-48F3-A69F-C6E434AB7333}.Release|x64.Deploy.0 = Release|Any CPU
		{CD97CCD6-E470-48F3-A69F-C6E434AB7333}.Release|x86.ActiveCfg = Release|Any CPU
		{CD97CCD6-E470-48F3-A69F-C6E434AB7333}.Release|x86.Build.0 = Release|Any CPU
		{CD97CCD6-E470-48F3-A69F-C6E434AB7333}.Release|x86.Deploy.0 = Release|Any CPU
		{01BA1F1D-D66F-4792-99D5-0C071A783E2B}.Debug|Any CPU.ActiveCfg = Debug|Any CPU
		{01BA1F1D-D66F-4792-99D5-0C071A783E2B}.Debug|ARM.ActiveCfg = Debug|Any CPU
		{01BA1F1D-D66F-4792-99D5-0C071A783E2B}.Debug|ARM.Build.0 = Debug|Any CPU
		{01BA1F1D-D66F-4792-99D5-0C071A783E2B}.Debug|ARM64.ActiveCfg = Debug|Any CPU
		{01BA1F1D-D66F-4792-99D5-0C071A783E2B}.Debug|ARM64.Build.0 = Debug|Any CPU
		{01BA1F1D-D66F-4792-99D5-0C071A783E2B}.Debug|iPhone.ActiveCfg = Debug|Any CPU
		{01BA1F1D-D66F-4792-99D5-0C071A783E2B}.Debug|iPhone.Build.0 = Debug|Any CPU
		{01BA1F1D-D66F-4792-99D5-0C071A783E2B}.Debug|iPhoneSimulator.ActiveCfg = Debug|Any CPU
		{01BA1F1D-D66F-4792-99D5-0C071A783E2B}.Debug|x64.ActiveCfg = Debug|Any CPU
		{01BA1F1D-D66F-4792-99D5-0C071A783E2B}.Debug|x64.Build.0 = Debug|Any CPU
		{01BA1F1D-D66F-4792-99D5-0C071A783E2B}.Debug|x86.ActiveCfg = Debug|Any CPU
		{01BA1F1D-D66F-4792-99D5-0C071A783E2B}.Release|Any CPU.ActiveCfg = Release|Any CPU
		{01BA1F1D-D66F-4792-99D5-0C071A783E2B}.Release|Any CPU.Build.0 = Release|Any CPU
		{01BA1F1D-D66F-4792-99D5-0C071A783E2B}.Release|ARM.ActiveCfg = Release|Any CPU
		{01BA1F1D-D66F-4792-99D5-0C071A783E2B}.Release|ARM.Build.0 = Release|Any CPU
		{01BA1F1D-D66F-4792-99D5-0C071A783E2B}.Release|ARM64.ActiveCfg = Release|Any CPU
		{01BA1F1D-D66F-4792-99D5-0C071A783E2B}.Release|ARM64.Build.0 = Release|Any CPU
		{01BA1F1D-D66F-4792-99D5-0C071A783E2B}.Release|iPhone.ActiveCfg = Release|Any CPU
		{01BA1F1D-D66F-4792-99D5-0C071A783E2B}.Release|iPhone.Build.0 = Release|Any CPU
		{01BA1F1D-D66F-4792-99D5-0C071A783E2B}.Release|iPhoneSimulator.ActiveCfg = Release|Any CPU
		{01BA1F1D-D66F-4792-99D5-0C071A783E2B}.Release|iPhoneSimulator.Build.0 = Release|Any CPU
		{01BA1F1D-D66F-4792-99D5-0C071A783E2B}.Release|x64.ActiveCfg = Release|Any CPU
		{01BA1F1D-D66F-4792-99D5-0C071A783E2B}.Release|x64.Build.0 = Release|Any CPU
		{01BA1F1D-D66F-4792-99D5-0C071A783E2B}.Release|x86.ActiveCfg = Release|Any CPU
		{01BA1F1D-D66F-4792-99D5-0C071A783E2B}.Release|x86.Build.0 = Release|Any CPU
		{0DDC64A4-468D-4637-A3A2-58BEF90475E1}.Debug|Any CPU.ActiveCfg = Debug|Any CPU
		{0DDC64A4-468D-4637-A3A2-58BEF90475E1}.Debug|ARM.ActiveCfg = Debug|Any CPU
		{0DDC64A4-468D-4637-A3A2-58BEF90475E1}.Debug|ARM.Build.0 = Debug|Any CPU
		{0DDC64A4-468D-4637-A3A2-58BEF90475E1}.Debug|ARM64.ActiveCfg = Debug|Any CPU
		{0DDC64A4-468D-4637-A3A2-58BEF90475E1}.Debug|ARM64.Build.0 = Debug|Any CPU
		{0DDC64A4-468D-4637-A3A2-58BEF90475E1}.Debug|iPhone.ActiveCfg = Debug|Any CPU
		{0DDC64A4-468D-4637-A3A2-58BEF90475E1}.Debug|iPhone.Build.0 = Debug|Any CPU
		{0DDC64A4-468D-4637-A3A2-58BEF90475E1}.Debug|iPhoneSimulator.ActiveCfg = Debug|Any CPU
		{0DDC64A4-468D-4637-A3A2-58BEF90475E1}.Debug|x64.ActiveCfg = Debug|Any CPU
		{0DDC64A4-468D-4637-A3A2-58BEF90475E1}.Debug|x64.Build.0 = Debug|Any CPU
		{0DDC64A4-468D-4637-A3A2-58BEF90475E1}.Debug|x86.ActiveCfg = Debug|Any CPU
		{0DDC64A4-468D-4637-A3A2-58BEF90475E1}.Release|Any CPU.ActiveCfg = Release|Any CPU
		{0DDC64A4-468D-4637-A3A2-58BEF90475E1}.Release|Any CPU.Build.0 = Release|Any CPU
		{0DDC64A4-468D-4637-A3A2-58BEF90475E1}.Release|ARM.ActiveCfg = Release|Any CPU
		{0DDC64A4-468D-4637-A3A2-58BEF90475E1}.Release|ARM.Build.0 = Release|Any CPU
		{0DDC64A4-468D-4637-A3A2-58BEF90475E1}.Release|ARM64.ActiveCfg = Release|Any CPU
		{0DDC64A4-468D-4637-A3A2-58BEF90475E1}.Release|ARM64.Build.0 = Release|Any CPU
		{0DDC64A4-468D-4637-A3A2-58BEF90475E1}.Release|iPhone.ActiveCfg = Release|Any CPU
		{0DDC64A4-468D-4637-A3A2-58BEF90475E1}.Release|iPhone.Build.0 = Release|Any CPU
		{0DDC64A4-468D-4637-A3A2-58BEF90475E1}.Release|iPhoneSimulator.ActiveCfg = Release|Any CPU
		{0DDC64A4-468D-4637-A3A2-58BEF90475E1}.Release|iPhoneSimulator.Build.0 = Release|Any CPU
		{0DDC64A4-468D-4637-A3A2-58BEF90475E1}.Release|x64.ActiveCfg = Release|Any CPU
		{0DDC64A4-468D-4637-A3A2-58BEF90475E1}.Release|x64.Build.0 = Release|Any CPU
		{0DDC64A4-468D-4637-A3A2-58BEF90475E1}.Release|x86.ActiveCfg = Release|Any CPU
		{0DDC64A4-468D-4637-A3A2-58BEF90475E1}.Release|x86.Build.0 = Release|Any CPU
		{03F34D58-DB50-44B0-83DE-142EF4C19DB7}.Debug|Any CPU.ActiveCfg = Debug|Any CPU
		{03F34D58-DB50-44B0-83DE-142EF4C19DB7}.Debug|ARM.ActiveCfg = Debug|Any CPU
		{03F34D58-DB50-44B0-83DE-142EF4C19DB7}.Debug|ARM.Build.0 = Debug|Any CPU
		{03F34D58-DB50-44B0-83DE-142EF4C19DB7}.Debug|ARM64.ActiveCfg = Debug|Any CPU
		{03F34D58-DB50-44B0-83DE-142EF4C19DB7}.Debug|ARM64.Build.0 = Debug|Any CPU
		{03F34D58-DB50-44B0-83DE-142EF4C19DB7}.Debug|iPhone.ActiveCfg = Debug|Any CPU
		{03F34D58-DB50-44B0-83DE-142EF4C19DB7}.Debug|iPhone.Build.0 = Debug|Any CPU
		{03F34D58-DB50-44B0-83DE-142EF4C19DB7}.Debug|iPhoneSimulator.ActiveCfg = Debug|Any CPU
		{03F34D58-DB50-44B0-83DE-142EF4C19DB7}.Debug|x64.ActiveCfg = Debug|Any CPU
		{03F34D58-DB50-44B0-83DE-142EF4C19DB7}.Debug|x64.Build.0 = Debug|Any CPU
		{03F34D58-DB50-44B0-83DE-142EF4C19DB7}.Debug|x86.ActiveCfg = Debug|Any CPU
		{03F34D58-DB50-44B0-83DE-142EF4C19DB7}.Release|Any CPU.ActiveCfg = Release|Any CPU
		{03F34D58-DB50-44B0-83DE-142EF4C19DB7}.Release|Any CPU.Build.0 = Release|Any CPU
		{03F34D58-DB50-44B0-83DE-142EF4C19DB7}.Release|ARM.ActiveCfg = Release|Any CPU
		{03F34D58-DB50-44B0-83DE-142EF4C19DB7}.Release|ARM.Build.0 = Release|Any CPU
		{03F34D58-DB50-44B0-83DE-142EF4C19DB7}.Release|ARM64.ActiveCfg = Release|Any CPU
		{03F34D58-DB50-44B0-83DE-142EF4C19DB7}.Release|ARM64.Build.0 = Release|Any CPU
		{03F34D58-DB50-44B0-83DE-142EF4C19DB7}.Release|iPhone.ActiveCfg = Release|Any CPU
		{03F34D58-DB50-44B0-83DE-142EF4C19DB7}.Release|iPhone.Build.0 = Release|Any CPU
		{03F34D58-DB50-44B0-83DE-142EF4C19DB7}.Release|iPhoneSimulator.ActiveCfg = Release|Any CPU
		{03F34D58-DB50-44B0-83DE-142EF4C19DB7}.Release|iPhoneSimulator.Build.0 = Release|Any CPU
		{03F34D58-DB50-44B0-83DE-142EF4C19DB7}.Release|x64.ActiveCfg = Release|Any CPU
		{03F34D58-DB50-44B0-83DE-142EF4C19DB7}.Release|x64.Build.0 = Release|Any CPU
		{03F34D58-DB50-44B0-83DE-142EF4C19DB7}.Release|x86.ActiveCfg = Release|Any CPU
		{03F34D58-DB50-44B0-83DE-142EF4C19DB7}.Release|x86.Build.0 = Release|Any CPU
		{138BE732-7F56-4B27-83A3-CFDE63B7E7B0}.Debug|Any CPU.ActiveCfg = Debug|Any CPU
		{138BE732-7F56-4B27-83A3-CFDE63B7E7B0}.Debug|ARM.ActiveCfg = Debug|Any CPU
		{138BE732-7F56-4B27-83A3-CFDE63B7E7B0}.Debug|ARM.Build.0 = Debug|Any CPU
		{138BE732-7F56-4B27-83A3-CFDE63B7E7B0}.Debug|ARM64.ActiveCfg = Debug|Any CPU
		{138BE732-7F56-4B27-83A3-CFDE63B7E7B0}.Debug|ARM64.Build.0 = Debug|Any CPU
		{138BE732-7F56-4B27-83A3-CFDE63B7E7B0}.Debug|iPhone.ActiveCfg = Debug|Any CPU
		{138BE732-7F56-4B27-83A3-CFDE63B7E7B0}.Debug|iPhone.Build.0 = Debug|Any CPU
		{138BE732-7F56-4B27-83A3-CFDE63B7E7B0}.Debug|iPhoneSimulator.ActiveCfg = Debug|Any CPU
		{138BE732-7F56-4B27-83A3-CFDE63B7E7B0}.Debug|x64.ActiveCfg = Debug|Any CPU
		{138BE732-7F56-4B27-83A3-CFDE63B7E7B0}.Debug|x64.Build.0 = Debug|Any CPU
		{138BE732-7F56-4B27-83A3-CFDE63B7E7B0}.Debug|x86.ActiveCfg = Debug|Any CPU
		{138BE732-7F56-4B27-83A3-CFDE63B7E7B0}.Release|Any CPU.ActiveCfg = Release|Any CPU
		{138BE732-7F56-4B27-83A3-CFDE63B7E7B0}.Release|Any CPU.Build.0 = Release|Any CPU
		{138BE732-7F56-4B27-83A3-CFDE63B7E7B0}.Release|ARM.ActiveCfg = Release|Any CPU
		{138BE732-7F56-4B27-83A3-CFDE63B7E7B0}.Release|ARM.Build.0 = Release|Any CPU
		{138BE732-7F56-4B27-83A3-CFDE63B7E7B0}.Release|ARM64.ActiveCfg = Release|Any CPU
		{138BE732-7F56-4B27-83A3-CFDE63B7E7B0}.Release|ARM64.Build.0 = Release|Any CPU
		{138BE732-7F56-4B27-83A3-CFDE63B7E7B0}.Release|iPhone.ActiveCfg = Release|Any CPU
		{138BE732-7F56-4B27-83A3-CFDE63B7E7B0}.Release|iPhone.Build.0 = Release|Any CPU
		{138BE732-7F56-4B27-83A3-CFDE63B7E7B0}.Release|iPhoneSimulator.ActiveCfg = Release|Any CPU
		{138BE732-7F56-4B27-83A3-CFDE63B7E7B0}.Release|iPhoneSimulator.Build.0 = Release|Any CPU
		{138BE732-7F56-4B27-83A3-CFDE63B7E7B0}.Release|x64.ActiveCfg = Release|Any CPU
		{138BE732-7F56-4B27-83A3-CFDE63B7E7B0}.Release|x64.Build.0 = Release|Any CPU
		{138BE732-7F56-4B27-83A3-CFDE63B7E7B0}.Release|x86.ActiveCfg = Release|Any CPU
		{138BE732-7F56-4B27-83A3-CFDE63B7E7B0}.Release|x86.Build.0 = Release|Any CPU
		{2B8FDA51-98E6-4968-87EC-F878058FDFD4}.Debug|Any CPU.ActiveCfg = Debug|Any CPU
		{2B8FDA51-98E6-4968-87EC-F878058FDFD4}.Debug|ARM.ActiveCfg = Debug|Any CPU
		{2B8FDA51-98E6-4968-87EC-F878058FDFD4}.Debug|ARM.Build.0 = Debug|Any CPU
		{2B8FDA51-98E6-4968-87EC-F878058FDFD4}.Debug|ARM64.ActiveCfg = Debug|Any CPU
		{2B8FDA51-98E6-4968-87EC-F878058FDFD4}.Debug|ARM64.Build.0 = Debug|Any CPU
		{2B8FDA51-98E6-4968-87EC-F878058FDFD4}.Debug|iPhone.ActiveCfg = Debug|Any CPU
		{2B8FDA51-98E6-4968-87EC-F878058FDFD4}.Debug|iPhone.Build.0 = Debug|Any CPU
		{2B8FDA51-98E6-4968-87EC-F878058FDFD4}.Debug|iPhoneSimulator.ActiveCfg = Debug|Any CPU
		{2B8FDA51-98E6-4968-87EC-F878058FDFD4}.Debug|x64.ActiveCfg = Debug|Any CPU
		{2B8FDA51-98E6-4968-87EC-F878058FDFD4}.Debug|x64.Build.0 = Debug|Any CPU
		{2B8FDA51-98E6-4968-87EC-F878058FDFD4}.Debug|x86.ActiveCfg = Debug|Any CPU
		{2B8FDA51-98E6-4968-87EC-F878058FDFD4}.Release|Any CPU.ActiveCfg = Release|Any CPU
		{2B8FDA51-98E6-4968-87EC-F878058FDFD4}.Release|Any CPU.Build.0 = Release|Any CPU
		{2B8FDA51-98E6-4968-87EC-F878058FDFD4}.Release|ARM.ActiveCfg = Release|Any CPU
		{2B8FDA51-98E6-4968-87EC-F878058FDFD4}.Release|ARM.Build.0 = Release|Any CPU
		{2B8FDA51-98E6-4968-87EC-F878058FDFD4}.Release|ARM64.ActiveCfg = Release|Any CPU
		{2B8FDA51-98E6-4968-87EC-F878058FDFD4}.Release|ARM64.Build.0 = Release|Any CPU
		{2B8FDA51-98E6-4968-87EC-F878058FDFD4}.Release|iPhone.ActiveCfg = Release|Any CPU
		{2B8FDA51-98E6-4968-87EC-F878058FDFD4}.Release|iPhone.Build.0 = Release|Any CPU
		{2B8FDA51-98E6-4968-87EC-F878058FDFD4}.Release|iPhoneSimulator.ActiveCfg = Release|Any CPU
		{2B8FDA51-98E6-4968-87EC-F878058FDFD4}.Release|iPhoneSimulator.Build.0 = Release|Any CPU
		{2B8FDA51-98E6-4968-87EC-F878058FDFD4}.Release|x64.ActiveCfg = Release|Any CPU
		{2B8FDA51-98E6-4968-87EC-F878058FDFD4}.Release|x64.Build.0 = Release|Any CPU
		{2B8FDA51-98E6-4968-87EC-F878058FDFD4}.Release|x86.ActiveCfg = Release|Any CPU
		{2B8FDA51-98E6-4968-87EC-F878058FDFD4}.Release|x86.Build.0 = Release|Any CPU
		{191D199E-F280-4F36-A929-2B17218CACC0}.Debug|Any CPU.ActiveCfg = Debug|Any CPU
		{191D199E-F280-4F36-A929-2B17218CACC0}.Debug|Any CPU.Build.0 = Debug|Any CPU
		{191D199E-F280-4F36-A929-2B17218CACC0}.Debug|ARM.ActiveCfg = Debug|Any CPU
		{191D199E-F280-4F36-A929-2B17218CACC0}.Debug|ARM.Build.0 = Debug|Any CPU
		{191D199E-F280-4F36-A929-2B17218CACC0}.Debug|ARM64.ActiveCfg = Debug|Any CPU
		{191D199E-F280-4F36-A929-2B17218CACC0}.Debug|ARM64.Build.0 = Debug|Any CPU
		{191D199E-F280-4F36-A929-2B17218CACC0}.Debug|iPhone.ActiveCfg = Debug|Any CPU
		{191D199E-F280-4F36-A929-2B17218CACC0}.Debug|iPhone.Build.0 = Debug|Any CPU
		{191D199E-F280-4F36-A929-2B17218CACC0}.Debug|iPhoneSimulator.ActiveCfg = Debug|Any CPU
		{191D199E-F280-4F36-A929-2B17218CACC0}.Debug|iPhoneSimulator.Build.0 = Debug|Any CPU
		{191D199E-F280-4F36-A929-2B17218CACC0}.Debug|x64.ActiveCfg = Debug|Any CPU
		{191D199E-F280-4F36-A929-2B17218CACC0}.Debug|x64.Build.0 = Debug|Any CPU
		{191D199E-F280-4F36-A929-2B17218CACC0}.Debug|x86.ActiveCfg = Debug|Any CPU
		{191D199E-F280-4F36-A929-2B17218CACC0}.Debug|x86.Build.0 = Debug|Any CPU
		{191D199E-F280-4F36-A929-2B17218CACC0}.Release|Any CPU.ActiveCfg = Release|Any CPU
		{191D199E-F280-4F36-A929-2B17218CACC0}.Release|Any CPU.Build.0 = Release|Any CPU
		{191D199E-F280-4F36-A929-2B17218CACC0}.Release|ARM.ActiveCfg = Release|Any CPU
		{191D199E-F280-4F36-A929-2B17218CACC0}.Release|ARM.Build.0 = Release|Any CPU
		{191D199E-F280-4F36-A929-2B17218CACC0}.Release|ARM64.ActiveCfg = Release|Any CPU
		{191D199E-F280-4F36-A929-2B17218CACC0}.Release|ARM64.Build.0 = Release|Any CPU
		{191D199E-F280-4F36-A929-2B17218CACC0}.Release|iPhone.ActiveCfg = Release|Any CPU
		{191D199E-F280-4F36-A929-2B17218CACC0}.Release|iPhone.Build.0 = Release|Any CPU
		{191D199E-F280-4F36-A929-2B17218CACC0}.Release|iPhoneSimulator.ActiveCfg = Release|Any CPU
		{191D199E-F280-4F36-A929-2B17218CACC0}.Release|iPhoneSimulator.Build.0 = Release|Any CPU
		{191D199E-F280-4F36-A929-2B17218CACC0}.Release|x64.ActiveCfg = Release|Any CPU
		{191D199E-F280-4F36-A929-2B17218CACC0}.Release|x64.Build.0 = Release|Any CPU
		{191D199E-F280-4F36-A929-2B17218CACC0}.Release|x86.ActiveCfg = Release|Any CPU
		{191D199E-F280-4F36-A929-2B17218CACC0}.Release|x86.Build.0 = Release|Any CPU
		{80A96B52-6758-4BDB-B0B4-CEA4CA155333}.Debug|Any CPU.ActiveCfg = Debug|iPhone
		{80A96B52-6758-4BDB-B0B4-CEA4CA155333}.Debug|ARM.ActiveCfg = Debug|iPhone
		{80A96B52-6758-4BDB-B0B4-CEA4CA155333}.Debug|ARM64.ActiveCfg = Debug|iPhoneSimulator
		{80A96B52-6758-4BDB-B0B4-CEA4CA155333}.Debug|iPhone.ActiveCfg = Debug|iPhone
		{80A96B52-6758-4BDB-B0B4-CEA4CA155333}.Debug|iPhone.Build.0 = Debug|iPhone
		{80A96B52-6758-4BDB-B0B4-CEA4CA155333}.Debug|iPhoneSimulator.ActiveCfg = Debug|iPhoneSimulator
		{80A96B52-6758-4BDB-B0B4-CEA4CA155333}.Debug|iPhoneSimulator.Build.0 = Debug|iPhoneSimulator
		{80A96B52-6758-4BDB-B0B4-CEA4CA155333}.Debug|x64.ActiveCfg = Debug|iPhone
		{80A96B52-6758-4BDB-B0B4-CEA4CA155333}.Debug|x86.ActiveCfg = Debug|iPhone
		{80A96B52-6758-4BDB-B0B4-CEA4CA155333}.Release|Any CPU.ActiveCfg = Release|iPhone
		{80A96B52-6758-4BDB-B0B4-CEA4CA155333}.Release|ARM.ActiveCfg = Release|iPhone
		{80A96B52-6758-4BDB-B0B4-CEA4CA155333}.Release|ARM64.ActiveCfg = Release|iPhoneSimulator
		{80A96B52-6758-4BDB-B0B4-CEA4CA155333}.Release|iPhone.ActiveCfg = Release|iPhone
		{80A96B52-6758-4BDB-B0B4-CEA4CA155333}.Release|iPhone.Build.0 = Release|iPhone
		{80A96B52-6758-4BDB-B0B4-CEA4CA155333}.Release|iPhoneSimulator.ActiveCfg = Release|iPhoneSimulator
		{80A96B52-6758-4BDB-B0B4-CEA4CA155333}.Release|iPhoneSimulator.Build.0 = Release|iPhoneSimulator
		{80A96B52-6758-4BDB-B0B4-CEA4CA155333}.Release|x64.ActiveCfg = Release|iPhone
		{80A96B52-6758-4BDB-B0B4-CEA4CA155333}.Release|x86.ActiveCfg = Release|iPhone
		{748A0739-2E94-4438-97FE-10D2293E0678}.Debug|Any CPU.ActiveCfg = Debug|Any CPU
		{748A0739-2E94-4438-97FE-10D2293E0678}.Debug|Any CPU.Build.0 = Debug|Any CPU
		{748A0739-2E94-4438-97FE-10D2293E0678}.Debug|ARM.ActiveCfg = Debug|Any CPU
		{748A0739-2E94-4438-97FE-10D2293E0678}.Debug|ARM.Build.0 = Debug|Any CPU
		{748A0739-2E94-4438-97FE-10D2293E0678}.Debug|ARM64.ActiveCfg = Debug|Any CPU
		{748A0739-2E94-4438-97FE-10D2293E0678}.Debug|iPhone.ActiveCfg = Debug|Any CPU
		{748A0739-2E94-4438-97FE-10D2293E0678}.Debug|iPhone.Build.0 = Debug|Any CPU
		{748A0739-2E94-4438-97FE-10D2293E0678}.Debug|iPhoneSimulator.ActiveCfg = Debug|Any CPU
		{748A0739-2E94-4438-97FE-10D2293E0678}.Debug|iPhoneSimulator.Build.0 = Debug|Any CPU
		{748A0739-2E94-4438-97FE-10D2293E0678}.Debug|x64.ActiveCfg = Debug|Any CPU
		{748A0739-2E94-4438-97FE-10D2293E0678}.Debug|x64.Build.0 = Debug|Any CPU
		{748A0739-2E94-4438-97FE-10D2293E0678}.Debug|x86.ActiveCfg = Debug|Any CPU
		{748A0739-2E94-4438-97FE-10D2293E0678}.Debug|x86.Build.0 = Debug|Any CPU
		{748A0739-2E94-4438-97FE-10D2293E0678}.Release|Any CPU.ActiveCfg = Release|Any CPU
		{748A0739-2E94-4438-97FE-10D2293E0678}.Release|Any CPU.Build.0 = Release|Any CPU
		{748A0739-2E94-4438-97FE-10D2293E0678}.Release|ARM.ActiveCfg = Release|Any CPU
		{748A0739-2E94-4438-97FE-10D2293E0678}.Release|ARM.Build.0 = Release|Any CPU
		{748A0739-2E94-4438-97FE-10D2293E0678}.Release|ARM64.ActiveCfg = Release|Any CPU
		{748A0739-2E94-4438-97FE-10D2293E0678}.Release|iPhone.ActiveCfg = Release|Any CPU
		{748A0739-2E94-4438-97FE-10D2293E0678}.Release|iPhone.Build.0 = Release|Any CPU
		{748A0739-2E94-4438-97FE-10D2293E0678}.Release|iPhoneSimulator.ActiveCfg = Release|Any CPU
		{748A0739-2E94-4438-97FE-10D2293E0678}.Release|iPhoneSimulator.Build.0 = Release|Any CPU
		{748A0739-2E94-4438-97FE-10D2293E0678}.Release|x64.ActiveCfg = Release|Any CPU
		{748A0739-2E94-4438-97FE-10D2293E0678}.Release|x64.Build.0 = Release|Any CPU
		{748A0739-2E94-4438-97FE-10D2293E0678}.Release|x86.ActiveCfg = Release|Any CPU
		{748A0739-2E94-4438-97FE-10D2293E0678}.Release|x86.Build.0 = Release|Any CPU
	EndGlobalSection
	GlobalSection(SolutionProperties) = preSolution
		HideSolutionNode = FALSE
	EndGlobalSection
	GlobalSection(NestedProjects) = preSolution
		{88CAE12F-3D0B-4F4F-82D9-32126F2CB333} = {B19F6BD7-B91D-4AA8-8F7D-18C72C424B14}
		{CD97CCD6-E470-48F3-A69F-C6E434AB7333} = {B19F6BD7-B91D-4AA8-8F7D-18C72C424B14}
		{01BA1F1D-D66F-4792-99D5-0C071A783E2B} = {07528FC7-C468-4F9C-B5D3-45C2F47B3FD9}
		{0DDC64A4-468D-4637-A3A2-58BEF90475E1} = {07528FC7-C468-4F9C-B5D3-45C2F47B3FD9}
		{03F34D58-DB50-44B0-83DE-142EF4C19DB7} = {07528FC7-C468-4F9C-B5D3-45C2F47B3FD9}
		{138BE732-7F56-4B27-83A3-CFDE63B7E7B0} = {07528FC7-C468-4F9C-B5D3-45C2F47B3FD9}
		{2B8FDA51-98E6-4968-87EC-F878058FDFD4} = {07528FC7-C468-4F9C-B5D3-45C2F47B3FD9}
		{191D199E-F280-4F36-A929-2B17218CACC0} = {07528FC7-C468-4F9C-B5D3-45C2F47B3FD9}
		{80A96B52-6758-4BDB-B0B4-CEA4CA155333} = {B19F6BD7-B91D-4AA8-8F7D-18C72C424B14}
		{748A0739-2E94-4438-97FE-10D2293E0678} = {B19F6BD7-B91D-4AA8-8F7D-18C72C424B14}
	EndGlobalSection
	GlobalSection(ExtensibilityGlobals) = postSolution
		SolutionGuid = {47020CFE-84B2-49A5-B8E8-7AE1543EEA35}
	EndGlobalSection
EndGlobal
