
Microsoft Visual Studio Solution File, Format Version 12.00
# Visual Studio Version 16
VisualStudioVersion = 16.0.30128.74
MinimumVisualStudioVersion = 10.0.40219.1
Project("{9A19103F-16F7-4668-BE54-9A1E7A4F7556}") = "Dt.Core", "Dt.Core\Dt.Core.csproj", "{2E39C9DD-5E38-422A-B142-131C02571682}"
EndProject
Project("{9A19103F-16F7-4668-BE54-9A1E7A4F7556}") = "Dt.Base", "Dt.Base\Dt.Base.csproj", "{22C94FC4-E2C4-4E6B-A1B3-A0BC485EDE71}"
EndProject
Project("{9A19103F-16F7-4668-BE54-9A1E7A4F7556}") = "Dt.App", "Dt.App\Dt.App.csproj", "{84092310-F8F8-4F40-A466-282674483A2A}"
EndProject
Project("{9A19103F-16F7-4668-BE54-9A1E7A4F7556}") = "Dt.Sample", "Dt.Sample\Dt.Sample.csproj", "{2C3E161F-F2DD-4FBD-83C0-18E758F3A9EA}"
EndProject
Project("{FAE04EC0-301F-11D3-BF4B-00C04F79EFBC}") = "Dt.Shell.Uwp", "Dt.Shell.Uwp\Dt.Shell.Uwp.csproj", "{88CAE12F-3D0B-4F4F-82D9-32126F2CB333}"
EndProject
Global
	GlobalSection(SolutionConfigurationPlatforms) = preSolution
		Debug|Any CPU = Debug|Any CPU
		Debug|ARM = Debug|ARM
		Debug|ARM64 = Debug|ARM64
		Debug|x64 = Debug|x64
		Debug|x86 = Debug|x86
		Release|Any CPU = Release|Any CPU
		Release|ARM = Release|ARM
		Release|ARM64 = Release|ARM64
		Release|x64 = Release|x64
		Release|x86 = Release|x86
	EndGlobalSection
	GlobalSection(ProjectConfigurationPlatforms) = postSolution
		{2E39C9DD-5E38-422A-B142-131C02571682}.Debug|Any CPU.ActiveCfg = Debug|Any CPU
		{2E39C9DD-5E38-422A-B142-131C02571682}.Debug|ARM.ActiveCfg = Debug|Any CPU
		{2E39C9DD-5E38-422A-B142-131C02571682}.Debug|ARM.Build.0 = Debug|Any CPU
		{2E39C9DD-5E38-422A-B142-131C02571682}.Debug|ARM64.ActiveCfg = Debug|Any CPU
		{2E39C9DD-5E38-422A-B142-131C02571682}.Debug|ARM64.Build.0 = Debug|Any CPU
		{2E39C9DD-5E38-422A-B142-131C02571682}.Debug|x64.ActiveCfg = Debug|Any CPU
		{2E39C9DD-5E38-422A-B142-131C02571682}.Debug|x64.Build.0 = Debug|Any CPU
		{2E39C9DD-5E38-422A-B142-131C02571682}.Debug|x86.ActiveCfg = Debug|Any CPU
		{2E39C9DD-5E38-422A-B142-131C02571682}.Release|Any CPU.ActiveCfg = Release|Any CPU
		{2E39C9DD-5E38-422A-B142-131C02571682}.Release|Any CPU.Build.0 = Release|Any CPU
		{2E39C9DD-5E38-422A-B142-131C02571682}.Release|ARM.ActiveCfg = Release|Any CPU
		{2E39C9DD-5E38-422A-B142-131C02571682}.Release|ARM.Build.0 = Release|Any CPU
		{2E39C9DD-5E38-422A-B142-131C02571682}.Release|ARM64.ActiveCfg = Release|Any CPU
		{2E39C9DD-5E38-422A-B142-131C02571682}.Release|ARM64.Build.0 = Release|Any CPU
		{2E39C9DD-5E38-422A-B142-131C02571682}.Release|x64.ActiveCfg = Release|Any CPU
		{2E39C9DD-5E38-422A-B142-131C02571682}.Release|x64.Build.0 = Release|Any CPU
		{2E39C9DD-5E38-422A-B142-131C02571682}.Release|x86.ActiveCfg = Release|Any CPU
		{2E39C9DD-5E38-422A-B142-131C02571682}.Release|x86.Build.0 = Release|Any CPU
		{22C94FC4-E2C4-4E6B-A1B3-A0BC485EDE71}.Debug|Any CPU.ActiveCfg = Debug|Any CPU
		{22C94FC4-E2C4-4E6B-A1B3-A0BC485EDE71}.Debug|Any CPU.Build.0 = Debug|Any CPU
		{22C94FC4-E2C4-4E6B-A1B3-A0BC485EDE71}.Debug|ARM.ActiveCfg = Debug|Any CPU
		{22C94FC4-E2C4-4E6B-A1B3-A0BC485EDE71}.Debug|ARM.Build.0 = Debug|Any CPU
		{22C94FC4-E2C4-4E6B-A1B3-A0BC485EDE71}.Debug|ARM64.ActiveCfg = Debug|Any CPU
		{22C94FC4-E2C4-4E6B-A1B3-A0BC485EDE71}.Debug|ARM64.Build.0 = Debug|Any CPU
		{22C94FC4-E2C4-4E6B-A1B3-A0BC485EDE71}.Debug|x64.ActiveCfg = Debug|Any CPU
		{22C94FC4-E2C4-4E6B-A1B3-A0BC485EDE71}.Debug|x64.Build.0 = Debug|Any CPU
		{22C94FC4-E2C4-4E6B-A1B3-A0BC485EDE71}.Debug|x86.ActiveCfg = Debug|Any CPU
		{22C94FC4-E2C4-4E6B-A1B3-A0BC485EDE71}.Debug|x86.Build.0 = Debug|Any CPU
		{22C94FC4-E2C4-4E6B-A1B3-A0BC485EDE71}.Release|Any CPU.ActiveCfg = Release|Any CPU
		{22C94FC4-E2C4-4E6B-A1B3-A0BC485EDE71}.Release|Any CPU.Build.0 = Release|Any CPU
		{22C94FC4-E2C4-4E6B-A1B3-A0BC485EDE71}.Release|ARM.ActiveCfg = Release|Any CPU
		{22C94FC4-E2C4-4E6B-A1B3-A0BC485EDE71}.Release|ARM.Build.0 = Release|Any CPU
		{22C94FC4-E2C4-4E6B-A1B3-A0BC485EDE71}.Release|ARM64.ActiveCfg = Release|Any CPU
		{22C94FC4-E2C4-4E6B-A1B3-A0BC485EDE71}.Release|ARM64.Build.0 = Release|Any CPU
		{22C94FC4-E2C4-4E6B-A1B3-A0BC485EDE71}.Release|x64.ActiveCfg = Release|Any CPU
		{22C94FC4-E2C4-4E6B-A1B3-A0BC485EDE71}.Release|x64.Build.0 = Release|Any CPU
		{22C94FC4-E2C4-4E6B-A1B3-A0BC485EDE71}.Release|x86.ActiveCfg = Release|Any CPU
		{22C94FC4-E2C4-4E6B-A1B3-A0BC485EDE71}.Release|x86.Build.0 = Release|Any CPU
		{84092310-F8F8-4F40-A466-282674483A2A}.Debug|Any CPU.ActiveCfg = Debug|Any CPU
		{84092310-F8F8-4F40-A466-282674483A2A}.Debug|Any CPU.Build.0 = Debug|Any CPU
		{84092310-F8F8-4F40-A466-282674483A2A}.Debug|ARM.ActiveCfg = Debug|Any CPU
		{84092310-F8F8-4F40-A466-282674483A2A}.Debug|ARM.Build.0 = Debug|Any CPU
		{84092310-F8F8-4F40-A466-282674483A2A}.Debug|ARM64.ActiveCfg = Debug|Any CPU
		{84092310-F8F8-4F40-A466-282674483A2A}.Debug|ARM64.Build.0 = Debug|Any CPU
		{84092310-F8F8-4F40-A466-282674483A2A}.Debug|x64.ActiveCfg = Debug|Any CPU
		{84092310-F8F8-4F40-A466-282674483A2A}.Debug|x64.Build.0 = Debug|Any CPU
		{84092310-F8F8-4F40-A466-282674483A2A}.Debug|x86.ActiveCfg = Debug|Any CPU
		{84092310-F8F8-4F40-A466-282674483A2A}.Debug|x86.Build.0 = Debug|Any CPU
		{84092310-F8F8-4F40-A466-282674483A2A}.Release|Any CPU.ActiveCfg = Release|Any CPU
		{84092310-F8F8-4F40-A466-282674483A2A}.Release|Any CPU.Build.0 = Release|Any CPU
		{84092310-F8F8-4F40-A466-282674483A2A}.Release|ARM.ActiveCfg = Release|Any CPU
		{84092310-F8F8-4F40-A466-282674483A2A}.Release|ARM.Build.0 = Release|Any CPU
		{84092310-F8F8-4F40-A466-282674483A2A}.Release|ARM64.ActiveCfg = Release|Any CPU
		{84092310-F8F8-4F40-A466-282674483A2A}.Release|ARM64.Build.0 = Release|Any CPU
		{84092310-F8F8-4F40-A466-282674483A2A}.Release|x64.ActiveCfg = Release|Any CPU
		{84092310-F8F8-4F40-A466-282674483A2A}.Release|x64.Build.0 = Release|Any CPU
		{84092310-F8F8-4F40-A466-282674483A2A}.Release|x86.ActiveCfg = Release|Any CPU
		{84092310-F8F8-4F40-A466-282674483A2A}.Release|x86.Build.0 = Release|Any CPU
		{2C3E161F-F2DD-4FBD-83C0-18E758F3A9EA}.Debug|Any CPU.ActiveCfg = Debug|Any CPU
		{2C3E161F-F2DD-4FBD-83C0-18E758F3A9EA}.Debug|Any CPU.Build.0 = Debug|Any CPU
		{2C3E161F-F2DD-4FBD-83C0-18E758F3A9EA}.Debug|ARM.ActiveCfg = Debug|Any CPU
		{2C3E161F-F2DD-4FBD-83C0-18E758F3A9EA}.Debug|ARM.Build.0 = Debug|Any CPU
		{2C3E161F-F2DD-4FBD-83C0-18E758F3A9EA}.Debug|ARM64.ActiveCfg = Debug|Any CPU
		{2C3E161F-F2DD-4FBD-83C0-18E758F3A9EA}.Debug|ARM64.Build.0 = Debug|Any CPU
		{2C3E161F-F2DD-4FBD-83C0-18E758F3A9EA}.Debug|x64.ActiveCfg = Debug|Any CPU
		{2C3E161F-F2DD-4FBD-83C0-18E758F3A9EA}.Debug|x64.Build.0 = Debug|Any CPU
		{2C3E161F-F2DD-4FBD-83C0-18E758F3A9EA}.Debug|x86.ActiveCfg = Debug|Any CPU
		{2C3E161F-F2DD-4FBD-83C0-18E758F3A9EA}.Debug|x86.Build.0 = Debug|Any CPU
		{2C3E161F-F2DD-4FBD-83C0-18E758F3A9EA}.Release|Any CPU.ActiveCfg = Release|Any CPU
		{2C3E161F-F2DD-4FBD-83C0-18E758F3A9EA}.Release|Any CPU.Build.0 = Release|Any CPU
		{2C3E161F-F2DD-4FBD-83C0-18E758F3A9EA}.Release|ARM.ActiveCfg = Release|Any CPU
		{2C3E161F-F2DD-4FBD-83C0-18E758F3A9EA}.Release|ARM.Build.0 = Release|Any CPU
		{2C3E161F-F2DD-4FBD-83C0-18E758F3A9EA}.Release|ARM64.ActiveCfg = Release|Any CPU
		{2C3E161F-F2DD-4FBD-83C0-18E758F3A9EA}.Release|ARM64.Build.0 = Release|Any CPU
		{2C3E161F-F2DD-4FBD-83C0-18E758F3A9EA}.Release|x64.ActiveCfg = Release|Any CPU
		{2C3E161F-F2DD-4FBD-83C0-18E758F3A9EA}.Release|x64.Build.0 = Release|Any CPU
		{2C3E161F-F2DD-4FBD-83C0-18E758F3A9EA}.Release|x86.ActiveCfg = Release|Any CPU
		{2C3E161F-F2DD-4FBD-83C0-18E758F3A9EA}.Release|x86.Build.0 = Release|Any CPU
		{88CAE12F-3D0B-4F4F-82D9-32126F2CB333}.Debug|Any CPU.ActiveCfg = Debug|x86
		{88CAE12F-3D0B-4F4F-82D9-32126F2CB333}.Debug|Any CPU.Build.0 = Debug|x86
		{88CAE12F-3D0B-4F4F-82D9-32126F2CB333}.Debug|Any CPU.Deploy.0 = Debug|x86
		{88CAE12F-3D0B-4F4F-82D9-32126F2CB333}.Debug|ARM.ActiveCfg = Debug|ARM
		{88CAE12F-3D0B-4F4F-82D9-32126F2CB333}.Debug|ARM.Build.0 = Debug|ARM
		{88CAE12F-3D0B-4F4F-82D9-32126F2CB333}.Debug|ARM.Deploy.0 = Debug|ARM
		{88CAE12F-3D0B-4F4F-82D9-32126F2CB333}.Debug|ARM64.ActiveCfg = Debug|x86
		{88CAE12F-3D0B-4F4F-82D9-32126F2CB333}.Debug|x64.ActiveCfg = Debug|x64
		{88CAE12F-3D0B-4F4F-82D9-32126F2CB333}.Debug|x64.Build.0 = Debug|x64
		{88CAE12F-3D0B-4F4F-82D9-32126F2CB333}.Debug|x64.Deploy.0 = Debug|x64
		{88CAE12F-3D0B-4F4F-82D9-32126F2CB333}.Debug|x86.ActiveCfg = Debug|x86
		{88CAE12F-3D0B-4F4F-82D9-32126F2CB333}.Debug|x86.Build.0 = Debug|x86
		{88CAE12F-3D0B-4F4F-82D9-32126F2CB333}.Debug|x86.Deploy.0 = Debug|x86
		{88CAE12F-3D0B-4F4F-82D9-32126F2CB333}.Release|Any CPU.ActiveCfg = Release|x86
		{88CAE12F-3D0B-4F4F-82D9-32126F2CB333}.Release|ARM.ActiveCfg = Release|ARM
		{88CAE12F-3D0B-4F4F-82D9-32126F2CB333}.Release|ARM.Build.0 = Release|ARM
		{88CAE12F-3D0B-4F4F-82D9-32126F2CB333}.Release|ARM.Deploy.0 = Release|ARM
		{88CAE12F-3D0B-4F4F-82D9-32126F2CB333}.Release|ARM64.ActiveCfg = Release|x86
		{88CAE12F-3D0B-4F4F-82D9-32126F2CB333}.Release|x64.ActiveCfg = Release|x64
		{88CAE12F-3D0B-4F4F-82D9-32126F2CB333}.Release|x64.Build.0 = Release|x64
		{88CAE12F-3D0B-4F4F-82D9-32126F2CB333}.Release|x64.Deploy.0 = Release|x64
		{88CAE12F-3D0B-4F4F-82D9-32126F2CB333}.Release|x86.ActiveCfg = Release|x86
		{88CAE12F-3D0B-4F4F-82D9-32126F2CB333}.Release|x86.Build.0 = Release|x86
		{88CAE12F-3D0B-4F4F-82D9-32126F2CB333}.Release|x86.Deploy.0 = Release|x86
	EndGlobalSection
	GlobalSection(SolutionProperties) = preSolution
		HideSolutionNode = FALSE
	EndGlobalSection
	GlobalSection(ExtensibilityGlobals) = postSolution
		SolutionGuid = {3B5D3596-CDDF-4998-83F5-95B23E7F5111}
	EndGlobalSection
EndGlobal
