
Microsoft Visual Studio Solution File, Format Version 12.00
# Visual Studio Version 17
VisualStudioVersion = 17.8.34330.188
MinimumVisualStudioVersion = 10.0.40219.1
Project("{9A19103F-16F7-4668-BE54-9A1E7A4F7556}") = "Demo.Svc", "Demo.Svc\Demo.Svc.csproj", "{DE1C7845-FEF7-471F-9A5F-F0676DA74E33}"
EndProject
Global
	GlobalSection(SolutionConfigurationPlatforms) = preSolution
		Debug|Any CPU = Debug|Any CPU
		Release|Any CPU = Release|Any CPU
	EndGlobalSection
	GlobalSection(ProjectConfigurationPlatforms) = postSolution
		{DE1C7845-FEF7-471F-9A5F-F0676DA74E33}.Debug|Any CPU.ActiveCfg = Debug|Any CPU
		{DE1C7845-FEF7-471F-9A5F-F0676DA74E33}.Debug|Any CPU.Build.0 = Debug|Any CPU
		{DE1C7845-FEF7-471F-9A5F-F0676DA74E33}.Release|Any CPU.ActiveCfg = Release|Any CPU
		{DE1C7845-FEF7-471F-9A5F-F0676DA74E33}.Release|Any CPU.Build.0 = Release|Any CPU
	EndGlobalSection
	GlobalSection(SolutionProperties) = preSolution
		HideSolutionNode = FALSE
	EndGlobalSection
	GlobalSection(ExtensibilityGlobals) = postSolution
		SolutionGuid = {8E029F11-4C0C-4381-A3E3-0E5E591D5FF4}
	EndGlobalSection
EndGlobal
