
Microsoft Visual Studio Solution File, Format Version 12.00
# Visual Studio Version 17
VisualStudioVersion = 17.13.35931.197
MinimumVisualStudioVersion = 10.0.40219.1
Project("{2150E333-8FDC-42A3-9474-1A3956D46DE8}") = "Build", "Build", "{02EA681E-C7D8-13C7-8484-4AC65E1B71E8}"
	ProjectSection(SolutionItems) = preProject
		Directory.Build.props = Directory.Build.props
	EndProjectSection
EndProject
Project("{FAE04EC0-301F-11D3-BF4B-00C04F79EFBC}") = "Demo.Base", "Demo.Base\Demo.Base.csproj", "{1C2117E1-08A4-8188-D3A4-2F223171656E}"
EndProject
Project("{2150E333-8FDC-42A3-9474-1A3956D46DE8}") = "InitSql", "InitSql", "{B75A2E04-445E-4B12-B7BF-EC02C1435ECF}"
	ProjectSection(SolutionItems) = preProject
		InitSql\mysql-demo.sql = InitSql\mysql-demo.sql
		InitSql\oracle-demo.sql = InitSql\oracle-demo.sql
		InitSql\postgresql-demo.sql = InitSql\postgresql-demo.sql
		InitSql\sqlserver-demo.sql = InitSql\sqlserver-demo.sql
	EndProjectSection
EndProject
Project("{FAE04EC0-301F-11D3-BF4B-00C04F79EFBC}") = "Demo.Crud", "Demo.Crud\Demo.Crud.csproj", "{98D8CEC9-AF87-6B2F-EB06-F8292D4A5C55}"
EndProject
Project("{FAE04EC0-301F-11D3-BF4B-00C04F79EFBC}") = "Demo.Lob", "Demo.Lob\Demo.Lob.csproj", "{EB190FDC-690B-7E96-4C83-9AC7A5948981}"
EndProject
Project("{FAE04EC0-301F-11D3-BF4B-00C04F79EFBC}") = "Demo.UI", "Demo.UI\Demo.UI.csproj", "{257731DA-DE82-E3FE-EC26-0139FB0CBB4B}"
EndProject
Project("{FAE04EC0-301F-11D3-BF4B-00C04F79EFBC}") = "Demo", "Demo\Demo.csproj", "{D1CCB24F-A868-F185-9228-8CC249247C79}"
EndProject
Global
	GlobalSection(SolutionConfigurationPlatforms) = preSolution
		Debug|Any CPU = Debug|Any CPU
		Release|Any CPU = Release|Any CPU
	EndGlobalSection
	GlobalSection(ProjectConfigurationPlatforms) = postSolution
		{1C2117E1-08A4-8188-D3A4-2F223171656E}.Debug|Any CPU.ActiveCfg = Debug|Any CPU
		{1C2117E1-08A4-8188-D3A4-2F223171656E}.Debug|Any CPU.Build.0 = Debug|Any CPU
		{1C2117E1-08A4-8188-D3A4-2F223171656E}.Release|Any CPU.ActiveCfg = Release|Any CPU
		{1C2117E1-08A4-8188-D3A4-2F223171656E}.Release|Any CPU.Build.0 = Release|Any CPU
		{98D8CEC9-AF87-6B2F-EB06-F8292D4A5C55}.Debug|Any CPU.ActiveCfg = Debug|Any CPU
		{98D8CEC9-AF87-6B2F-EB06-F8292D4A5C55}.Debug|Any CPU.Build.0 = Debug|Any CPU
		{98D8CEC9-AF87-6B2F-EB06-F8292D4A5C55}.Release|Any CPU.ActiveCfg = Release|Any CPU
		{98D8CEC9-AF87-6B2F-EB06-F8292D4A5C55}.Release|Any CPU.Build.0 = Release|Any CPU
		{EB190FDC-690B-7E96-4C83-9AC7A5948981}.Debug|Any CPU.ActiveCfg = Debug|Any CPU
		{EB190FDC-690B-7E96-4C83-9AC7A5948981}.Debug|Any CPU.Build.0 = Debug|Any CPU
		{EB190FDC-690B-7E96-4C83-9AC7A5948981}.Release|Any CPU.ActiveCfg = Release|Any CPU
		{EB190FDC-690B-7E96-4C83-9AC7A5948981}.Release|Any CPU.Build.0 = Release|Any CPU
		{257731DA-DE82-E3FE-EC26-0139FB0CBB4B}.Debug|Any CPU.ActiveCfg = Debug|Any CPU
		{257731DA-DE82-E3FE-EC26-0139FB0CBB4B}.Debug|Any CPU.Build.0 = Debug|Any CPU
		{257731DA-DE82-E3FE-EC26-0139FB0CBB4B}.Release|Any CPU.ActiveCfg = Release|Any CPU
		{257731DA-DE82-E3FE-EC26-0139FB0CBB4B}.Release|Any CPU.Build.0 = Release|Any CPU
		{D1CCB24F-A868-F185-9228-8CC249247C79}.Debug|Any CPU.ActiveCfg = Debug|Any CPU
		{D1CCB24F-A868-F185-9228-8CC249247C79}.Debug|Any CPU.Build.0 = Debug|Any CPU
		{D1CCB24F-A868-F185-9228-8CC249247C79}.Debug|Any CPU.Deploy.0 = Debug|Any CPU
		{D1CCB24F-A868-F185-9228-8CC249247C79}.Release|Any CPU.ActiveCfg = Release|Any CPU
		{D1CCB24F-A868-F185-9228-8CC249247C79}.Release|Any CPU.Build.0 = Release|Any CPU
	EndGlobalSection
	GlobalSection(SolutionProperties) = preSolution
		HideSolutionNode = FALSE
	EndGlobalSection
	GlobalSection(NestedProjects) = preSolution
		{B75A2E04-445E-4B12-B7BF-EC02C1435ECF} = {02EA681E-C7D8-13C7-8484-4AC65E1B71E8}
	EndGlobalSection
	GlobalSection(ExtensibilityGlobals) = postSolution
		SolutionGuid = {B934049F-FC54-4BB3-BECB-5A29C997E4C2}
	EndGlobalSection
EndGlobal
