
Microsoft Visual Studio Solution File, Format Version 12.00
# Visual Studio Version 17
VisualStudioVersion = 17.8.34330.188
MinimumVisualStudioVersion = 10.0.40219.1
Project("{2150E333-8FDC-42A3-9474-1A3956D46DE8}") = "Build", "Build", "{57D664E3-3619-41E2-9F69-1BF2CD584BEF}"
	ProjectSection(SolutionItems) = preProject
		Directory.Build.props = Directory.Build.props
		RefAll.props = RefAll.props
		References.props = References.props
	EndProjectSection
EndProject
Project("{2150E333-8FDC-42A3-9474-1A3956D46DE8}") = "App", "App", "{1510E98D-AF83-4684-ACC7-980698B83C44}"
EndProject
Project("{9A19103F-16F7-4668-BE54-9A1E7A4F7556}") = "Demo.UI", "Demo.UI\Demo.UI.csproj", "{52249B6E-63F8-4CE8-87CC-FBA6410F548B}"
EndProject
Project("{9A19103F-16F7-4668-BE54-9A1E7A4F7556}") = "Demo.Entry", "Demo.Entry\Demo.Entry.csproj", "{1BF9E4C0-E251-41CF-82DF-32EF48353C78}"
EndProject
Project("{9A19103F-16F7-4668-BE54-9A1E7A4F7556}") = "Demo.Shared", "Demo.Shared\Demo.Shared.csproj", "{58E134A3-C954-4E25-9867-D0748FDD49FC}"
EndProject
Project("{9A19103F-16F7-4668-BE54-9A1E7A4F7556}") = "Demo.Win", "Demo.Win\Demo.Win.csproj", "{1C447DEA-1AD1-4246-A075-2D5FC1A8E5AD}"
EndProject
Project("{9A19103F-16F7-4668-BE54-9A1E7A4F7556}") = "Demo.Base", "Demo.Base\Demo.Base.csproj", "{A56D40C4-E72C-4A1F-AA53-63FE6F2458FF}"
EndProject
Project("{9A19103F-16F7-4668-BE54-9A1E7A4F7556}") = "Demo.Crud", "Demo.Crud\Demo.Crud.csproj", "{3D2D7F11-D6B8-4227-A121-B6CCF3499859}"
EndProject
Project("{9A19103F-16F7-4668-BE54-9A1E7A4F7556}") = "Demo.Lob", "Demo.Lob\Demo.Lob.csproj", "{8662A1B8-17BD-47B6-B083-835607F7AAE2}"
EndProject
Global
	GlobalSection(SolutionConfigurationPlatforms) = preSolution
		Debug|Any CPU = Debug|Any CPU
		Debug|ARM64 = Debug|ARM64
		Debug|x64 = Debug|x64
		Debug|x86 = Debug|x86
		Release|Any CPU = Release|Any CPU
		Release|ARM64 = Release|ARM64
		Release|x64 = Release|x64
		Release|x86 = Release|x86
	EndGlobalSection
	GlobalSection(ProjectConfigurationPlatforms) = postSolution
		{52249B6E-63F8-4CE8-87CC-FBA6410F548B}.Debug|Any CPU.ActiveCfg = Debug|Any CPU
		{52249B6E-63F8-4CE8-87CC-FBA6410F548B}.Debug|Any CPU.Build.0 = Debug|Any CPU
		{52249B6E-63F8-4CE8-87CC-FBA6410F548B}.Debug|ARM64.ActiveCfg = Debug|Any CPU
		{52249B6E-63F8-4CE8-87CC-FBA6410F548B}.Debug|ARM64.Build.0 = Debug|Any CPU
		{52249B6E-63F8-4CE8-87CC-FBA6410F548B}.Debug|x64.ActiveCfg = Debug|Any CPU
		{52249B6E-63F8-4CE8-87CC-FBA6410F548B}.Debug|x64.Build.0 = Debug|Any CPU
		{52249B6E-63F8-4CE8-87CC-FBA6410F548B}.Debug|x86.ActiveCfg = Debug|Any CPU
		{52249B6E-63F8-4CE8-87CC-FBA6410F548B}.Debug|x86.Build.0 = Debug|Any CPU
		{52249B6E-63F8-4CE8-87CC-FBA6410F548B}.Release|Any CPU.ActiveCfg = Release|Any CPU
		{52249B6E-63F8-4CE8-87CC-FBA6410F548B}.Release|Any CPU.Build.0 = Release|Any CPU
		{52249B6E-63F8-4CE8-87CC-FBA6410F548B}.Release|ARM64.ActiveCfg = Release|Any CPU
		{52249B6E-63F8-4CE8-87CC-FBA6410F548B}.Release|ARM64.Build.0 = Release|Any CPU
		{52249B6E-63F8-4CE8-87CC-FBA6410F548B}.Release|x64.ActiveCfg = Release|Any CPU
		{52249B6E-63F8-4CE8-87CC-FBA6410F548B}.Release|x64.Build.0 = Release|Any CPU
		{52249B6E-63F8-4CE8-87CC-FBA6410F548B}.Release|x86.ActiveCfg = Release|Any CPU
		{52249B6E-63F8-4CE8-87CC-FBA6410F548B}.Release|x86.Build.0 = Release|Any CPU
		{1BF9E4C0-E251-41CF-82DF-32EF48353C78}.Debug|Any CPU.ActiveCfg = Debug|Any CPU
		{1BF9E4C0-E251-41CF-82DF-32EF48353C78}.Debug|Any CPU.Build.0 = Debug|Any CPU
		{1BF9E4C0-E251-41CF-82DF-32EF48353C78}.Debug|ARM64.ActiveCfg = Debug|Any CPU
		{1BF9E4C0-E251-41CF-82DF-32EF48353C78}.Debug|ARM64.Build.0 = Debug|Any CPU
		{1BF9E4C0-E251-41CF-82DF-32EF48353C78}.Debug|x64.ActiveCfg = Debug|Any CPU
		{1BF9E4C0-E251-41CF-82DF-32EF48353C78}.Debug|x64.Build.0 = Debug|Any CPU
		{1BF9E4C0-E251-41CF-82DF-32EF48353C78}.Debug|x86.ActiveCfg = Debug|Any CPU
		{1BF9E4C0-E251-41CF-82DF-32EF48353C78}.Debug|x86.Build.0 = Debug|Any CPU
		{1BF9E4C0-E251-41CF-82DF-32EF48353C78}.Release|Any CPU.ActiveCfg = Release|Any CPU
		{1BF9E4C0-E251-41CF-82DF-32EF48353C78}.Release|Any CPU.Build.0 = Release|Any CPU
		{1BF9E4C0-E251-41CF-82DF-32EF48353C78}.Release|ARM64.ActiveCfg = Release|Any CPU
		{1BF9E4C0-E251-41CF-82DF-32EF48353C78}.Release|ARM64.Build.0 = Release|Any CPU
		{1BF9E4C0-E251-41CF-82DF-32EF48353C78}.Release|x64.ActiveCfg = Release|Any CPU
		{1BF9E4C0-E251-41CF-82DF-32EF48353C78}.Release|x64.Build.0 = Release|Any CPU
		{1BF9E4C0-E251-41CF-82DF-32EF48353C78}.Release|x86.ActiveCfg = Release|Any CPU
		{1BF9E4C0-E251-41CF-82DF-32EF48353C78}.Release|x86.Build.0 = Release|Any CPU
		{58E134A3-C954-4E25-9867-D0748FDD49FC}.Debug|Any CPU.ActiveCfg = Debug|Any CPU
		{58E134A3-C954-4E25-9867-D0748FDD49FC}.Debug|Any CPU.Build.0 = Debug|Any CPU
		{58E134A3-C954-4E25-9867-D0748FDD49FC}.Debug|ARM64.ActiveCfg = Debug|Any CPU
		{58E134A3-C954-4E25-9867-D0748FDD49FC}.Debug|ARM64.Build.0 = Debug|Any CPU
		{58E134A3-C954-4E25-9867-D0748FDD49FC}.Debug|x64.ActiveCfg = Debug|Any CPU
		{58E134A3-C954-4E25-9867-D0748FDD49FC}.Debug|x64.Build.0 = Debug|Any CPU
		{58E134A3-C954-4E25-9867-D0748FDD49FC}.Debug|x86.ActiveCfg = Debug|Any CPU
		{58E134A3-C954-4E25-9867-D0748FDD49FC}.Debug|x86.Build.0 = Debug|Any CPU
		{58E134A3-C954-4E25-9867-D0748FDD49FC}.Release|Any CPU.ActiveCfg = Release|Any CPU
		{58E134A3-C954-4E25-9867-D0748FDD49FC}.Release|Any CPU.Build.0 = Release|Any CPU
		{58E134A3-C954-4E25-9867-D0748FDD49FC}.Release|ARM64.ActiveCfg = Release|Any CPU
		{58E134A3-C954-4E25-9867-D0748FDD49FC}.Release|ARM64.Build.0 = Release|Any CPU
		{58E134A3-C954-4E25-9867-D0748FDD49FC}.Release|x64.ActiveCfg = Release|Any CPU
		{58E134A3-C954-4E25-9867-D0748FDD49FC}.Release|x64.Build.0 = Release|Any CPU
		{58E134A3-C954-4E25-9867-D0748FDD49FC}.Release|x86.ActiveCfg = Release|Any CPU
		{58E134A3-C954-4E25-9867-D0748FDD49FC}.Release|x86.Build.0 = Release|Any CPU
		{1C447DEA-1AD1-4246-A075-2D5FC1A8E5AD}.Debug|Any CPU.ActiveCfg = Debug|x64
		{1C447DEA-1AD1-4246-A075-2D5FC1A8E5AD}.Debug|Any CPU.Build.0 = Debug|x64
		{1C447DEA-1AD1-4246-A075-2D5FC1A8E5AD}.Debug|Any CPU.Deploy.0 = Debug|x64
		{1C447DEA-1AD1-4246-A075-2D5FC1A8E5AD}.Debug|ARM64.ActiveCfg = Debug|ARM64
		{1C447DEA-1AD1-4246-A075-2D5FC1A8E5AD}.Debug|ARM64.Build.0 = Debug|ARM64
		{1C447DEA-1AD1-4246-A075-2D5FC1A8E5AD}.Debug|ARM64.Deploy.0 = Debug|ARM64
		{1C447DEA-1AD1-4246-A075-2D5FC1A8E5AD}.Debug|x64.ActiveCfg = Debug|x64
		{1C447DEA-1AD1-4246-A075-2D5FC1A8E5AD}.Debug|x64.Build.0 = Debug|x64
		{1C447DEA-1AD1-4246-A075-2D5FC1A8E5AD}.Debug|x64.Deploy.0 = Debug|x64
		{1C447DEA-1AD1-4246-A075-2D5FC1A8E5AD}.Debug|x86.ActiveCfg = Debug|x86
		{1C447DEA-1AD1-4246-A075-2D5FC1A8E5AD}.Debug|x86.Build.0 = Debug|x86
		{1C447DEA-1AD1-4246-A075-2D5FC1A8E5AD}.Debug|x86.Deploy.0 = Debug|x86
		{1C447DEA-1AD1-4246-A075-2D5FC1A8E5AD}.Release|Any CPU.ActiveCfg = Release|x64
		{1C447DEA-1AD1-4246-A075-2D5FC1A8E5AD}.Release|Any CPU.Build.0 = Release|x64
		{1C447DEA-1AD1-4246-A075-2D5FC1A8E5AD}.Release|Any CPU.Deploy.0 = Release|x64
		{1C447DEA-1AD1-4246-A075-2D5FC1A8E5AD}.Release|ARM64.ActiveCfg = Release|ARM64
		{1C447DEA-1AD1-4246-A075-2D5FC1A8E5AD}.Release|ARM64.Build.0 = Release|ARM64
		{1C447DEA-1AD1-4246-A075-2D5FC1A8E5AD}.Release|ARM64.Deploy.0 = Release|ARM64
		{1C447DEA-1AD1-4246-A075-2D5FC1A8E5AD}.Release|x64.ActiveCfg = Release|x64
		{1C447DEA-1AD1-4246-A075-2D5FC1A8E5AD}.Release|x64.Build.0 = Release|x64
		{1C447DEA-1AD1-4246-A075-2D5FC1A8E5AD}.Release|x64.Deploy.0 = Release|x64
		{1C447DEA-1AD1-4246-A075-2D5FC1A8E5AD}.Release|x86.ActiveCfg = Release|x86
		{1C447DEA-1AD1-4246-A075-2D5FC1A8E5AD}.Release|x86.Build.0 = Release|x86
		{1C447DEA-1AD1-4246-A075-2D5FC1A8E5AD}.Release|x86.Deploy.0 = Release|x86
		{A56D40C4-E72C-4A1F-AA53-63FE6F2458FF}.Debug|Any CPU.ActiveCfg = Debug|Any CPU
		{A56D40C4-E72C-4A1F-AA53-63FE6F2458FF}.Debug|Any CPU.Build.0 = Debug|Any CPU
		{A56D40C4-E72C-4A1F-AA53-63FE6F2458FF}.Debug|ARM64.ActiveCfg = Debug|Any CPU
		{A56D40C4-E72C-4A1F-AA53-63FE6F2458FF}.Debug|ARM64.Build.0 = Debug|Any CPU
		{A56D40C4-E72C-4A1F-AA53-63FE6F2458FF}.Debug|x64.ActiveCfg = Debug|Any CPU
		{A56D40C4-E72C-4A1F-AA53-63FE6F2458FF}.Debug|x64.Build.0 = Debug|Any CPU
		{A56D40C4-E72C-4A1F-AA53-63FE6F2458FF}.Debug|x86.ActiveCfg = Debug|Any CPU
		{A56D40C4-E72C-4A1F-AA53-63FE6F2458FF}.Debug|x86.Build.0 = Debug|Any CPU
		{A56D40C4-E72C-4A1F-AA53-63FE6F2458FF}.Release|Any CPU.ActiveCfg = Release|Any CPU
		{A56D40C4-E72C-4A1F-AA53-63FE6F2458FF}.Release|Any CPU.Build.0 = Release|Any CPU
		{A56D40C4-E72C-4A1F-AA53-63FE6F2458FF}.Release|ARM64.ActiveCfg = Release|Any CPU
		{A56D40C4-E72C-4A1F-AA53-63FE6F2458FF}.Release|ARM64.Build.0 = Release|Any CPU
		{A56D40C4-E72C-4A1F-AA53-63FE6F2458FF}.Release|x64.ActiveCfg = Release|Any CPU
		{A56D40C4-E72C-4A1F-AA53-63FE6F2458FF}.Release|x64.Build.0 = Release|Any CPU
		{A56D40C4-E72C-4A1F-AA53-63FE6F2458FF}.Release|x86.ActiveCfg = Release|Any CPU
		{A56D40C4-E72C-4A1F-AA53-63FE6F2458FF}.Release|x86.Build.0 = Release|Any CPU
		{3D2D7F11-D6B8-4227-A121-B6CCF3499859}.Debug|Any CPU.ActiveCfg = Debug|Any CPU
		{3D2D7F11-D6B8-4227-A121-B6CCF3499859}.Debug|Any CPU.Build.0 = Debug|Any CPU
		{3D2D7F11-D6B8-4227-A121-B6CCF3499859}.Debug|ARM64.ActiveCfg = Debug|Any CPU
		{3D2D7F11-D6B8-4227-A121-B6CCF3499859}.Debug|ARM64.Build.0 = Debug|Any CPU
		{3D2D7F11-D6B8-4227-A121-B6CCF3499859}.Debug|x64.ActiveCfg = Debug|Any CPU
		{3D2D7F11-D6B8-4227-A121-B6CCF3499859}.Debug|x64.Build.0 = Debug|Any CPU
		{3D2D7F11-D6B8-4227-A121-B6CCF3499859}.Debug|x86.ActiveCfg = Debug|Any CPU
		{3D2D7F11-D6B8-4227-A121-B6CCF3499859}.Debug|x86.Build.0 = Debug|Any CPU
		{3D2D7F11-D6B8-4227-A121-B6CCF3499859}.Release|Any CPU.ActiveCfg = Release|Any CPU
		{3D2D7F11-D6B8-4227-A121-B6CCF3499859}.Release|Any CPU.Build.0 = Release|Any CPU
		{3D2D7F11-D6B8-4227-A121-B6CCF3499859}.Release|ARM64.ActiveCfg = Release|Any CPU
		{3D2D7F11-D6B8-4227-A121-B6CCF3499859}.Release|ARM64.Build.0 = Release|Any CPU
		{3D2D7F11-D6B8-4227-A121-B6CCF3499859}.Release|x64.ActiveCfg = Release|Any CPU
		{3D2D7F11-D6B8-4227-A121-B6CCF3499859}.Release|x64.Build.0 = Release|Any CPU
		{3D2D7F11-D6B8-4227-A121-B6CCF3499859}.Release|x86.ActiveCfg = Release|Any CPU
		{3D2D7F11-D6B8-4227-A121-B6CCF3499859}.Release|x86.Build.0 = Release|Any CPU
		{8662A1B8-17BD-47B6-B083-835607F7AAE2}.Debug|Any CPU.ActiveCfg = Debug|Any CPU
		{8662A1B8-17BD-47B6-B083-835607F7AAE2}.Debug|Any CPU.Build.0 = Debug|Any CPU
		{8662A1B8-17BD-47B6-B083-835607F7AAE2}.Debug|ARM64.ActiveCfg = Debug|Any CPU
		{8662A1B8-17BD-47B6-B083-835607F7AAE2}.Debug|ARM64.Build.0 = Debug|Any CPU
		{8662A1B8-17BD-47B6-B083-835607F7AAE2}.Debug|x64.ActiveCfg = Debug|Any CPU
		{8662A1B8-17BD-47B6-B083-835607F7AAE2}.Debug|x64.Build.0 = Debug|Any CPU
		{8662A1B8-17BD-47B6-B083-835607F7AAE2}.Debug|x86.ActiveCfg = Debug|Any CPU
		{8662A1B8-17BD-47B6-B083-835607F7AAE2}.Debug|x86.Build.0 = Debug|Any CPU
		{8662A1B8-17BD-47B6-B083-835607F7AAE2}.Release|Any CPU.ActiveCfg = Release|Any CPU
		{8662A1B8-17BD-47B6-B083-835607F7AAE2}.Release|Any CPU.Build.0 = Release|Any CPU
		{8662A1B8-17BD-47B6-B083-835607F7AAE2}.Release|ARM64.ActiveCfg = Release|Any CPU
		{8662A1B8-17BD-47B6-B083-835607F7AAE2}.Release|ARM64.Build.0 = Release|Any CPU
		{8662A1B8-17BD-47B6-B083-835607F7AAE2}.Release|x64.ActiveCfg = Release|Any CPU
		{8662A1B8-17BD-47B6-B083-835607F7AAE2}.Release|x64.Build.0 = Release|Any CPU
		{8662A1B8-17BD-47B6-B083-835607F7AAE2}.Release|x86.ActiveCfg = Release|Any CPU
		{8662A1B8-17BD-47B6-B083-835607F7AAE2}.Release|x86.Build.0 = Release|Any CPU
	EndGlobalSection
	GlobalSection(SolutionProperties) = preSolution
		HideSolutionNode = FALSE
	EndGlobalSection
	GlobalSection(NestedProjects) = preSolution
		{58E134A3-C954-4E25-9867-D0748FDD49FC} = {1510E98D-AF83-4684-ACC7-980698B83C44}
		{1C447DEA-1AD1-4246-A075-2D5FC1A8E5AD} = {1510E98D-AF83-4684-ACC7-980698B83C44}
	EndGlobalSection
	GlobalSection(ExtensibilityGlobals) = postSolution
		SolutionGuid = {8E029F11-4C0C-4381-A3E3-0E5E591D5FF4}
	EndGlobalSection
EndGlobal
